// !$*UTF8*$!
{
	archiveVersion = 1;
	classes = {
	};
	objectVersion = 46;
	objects = {

/* Begin PBXAggregateTarget section */
		45958614328142A1835AEF91 /* ALL_BUILD */ = {
			isa = PBXAggregateTarget;
			buildConfigurationList = 34B84D22EF994EDB9E2E159E /* Build configuration list for PBXAggregateTarget "ALL_BUILD" */;
			buildPhases = (
				3F411D5EB2AA43539CD559D0 /* CMake Rules */,
			);
			dependencies = (
				3D9D0B25B1264DB3927F5177 /* PBXTargetDependency */,
				81E5FDE021E54465A1517B65 /* PBXTargetDependency */,
				38D9BBCEEDAA430C9EA38750 /* PBXTargetDependency */,
				9B7CACF5A58F4263AF778509 /* PBXTargetDependency */,
			);
			name = ALL_BUILD;
			productName = ALL_BUILD;
		};
		460B01D9AD9A4563B71DF6FA /* defconfig */ = {
			isa = PBXAggregateTarget;
			buildConfigurationList = 933B80C329614506936697E2 /* Build configuration list for PBXAggregateTarget "defconfig" */;
			buildPhases = (
				452735AEE22D46039257FFF8 /* CMake Rules */,
			);
			dependencies = (
				17A48FE1A1AF481C88E823E9 /* PBXTargetDependency */,
			);
			name = defconfig;
			productName = defconfig;
		};
		4BA252A0BF8B4A9193136435 /* convertconf */ = {
			isa = PBXAggregateTarget;
			buildConfigurationList = 8AAE3D33F4F345CF9DFC707D /* Build configuration list for PBXAggregateTarget "convertconf" */;
			buildPhases = (
				3656A881F33244B1A86ACF54 /* CMake Rules */,
			);
			dependencies = (
				B86EA8D3FE8948C3AE5633CE /* PBXTargetDependency */,
			);
			name = convertconf;
			productName = convertconf;
		};
		7D81DDB61A2446E8BE7AD31C /* install */ = {
			isa = PBXAggregateTarget;
			buildConfigurationList = 43DFD91588B4442988CF44B6 /* Build configuration list for PBXAggregateTarget "install" */;
			buildPhases = (
				03438DF38B7F43A1B73DFFDA /* CMake PostBuild Rules */,
			);
			dependencies = (
				D3316DB7DA3842B6BA61C5E8 /* PBXTargetDependency */,
			);
			name = install;
			productName = install;
		};
		998E857F2D324248BB941DAE /* ZERO_CHECK */ = {
			isa = PBXAggregateTarget;
			buildConfigurationList = 4BE3CFAF47CF41378F7B0496 /* Build configuration list for PBXAggregateTarget "ZERO_CHECK" */;
			buildPhases = (
				9948DA3CB00B44028D6A37B7 /* CMake Rules */,
			);
			dependencies = (
			);
			name = ZERO_CHECK;
			productName = ZERO_CHECK;
		};
		CE47D3F178EC49EA96BA4280 /* package */ = {
			isa = PBXAggregateTarget;
			buildConfigurationList = 64CA88168C3D4A509C1C7B7D /* Build configuration list for PBXAggregateTarget "package" */;
			buildPhases = (
				1800B305328C4D2B9661C91C /* CMake PostBuild Rules */,
			);
			dependencies = (
				394EEE1B542B4CCEBF94A142 /* PBXTargetDependency */,
			);
			name = package;
			productName = package;
		};
/* End PBXAggregateTarget section */

/* Begin PBXBuildFile section */
		0610199F392547358F319F60 /* cpu.cc in Sources */ = {isa = PBXBuildFile; fileRef = DBAB7E21BC7D49F8B7E9DD37 /* cpu.cc */; };
		0720A95DF4844F918EAFD553 /* timeinfo.cc in Sources */ = {isa = PBXBuildFile; fileRef = 63D263BAD6B048C7A4979B65 /* timeinfo.cc */; };
		0816A9BBF0EA481FBD955716 /* fs.cc in Sources */ = {isa = PBXBuildFile; fileRef = 460CF5DC98F444E594229C27 /* fs.cc */; };
		0F2B245B4F8A4851ABB2E1B6 /* weather.cc in Sources */ = {isa = PBXBuildFile; fileRef = 35AF1AA0961C4879BCDBA15C /* weather.cc */; };
		137F2EAA85DD41FAA99EDD6E /* mail.cc in Sources */ = {isa = PBXBuildFile; fileRef = 17792D044E3742AD834908B1 /* mail.cc */; };
		1651A22E568F4CA0A1279B56 /* combine.cc in Sources */ = {isa = PBXBuildFile; fileRef = 7A274C81F66D4022AF7FE1E6 /* combine.cc */; };
		1CDDA26A606D4691A5BC4C91 /* llua.cc in Sources */ = {isa = PBXBuildFile; fileRef = 4F2A58FD2F0544FCB4B8B1E4 /* llua.cc */; };
		1DEF11C75FCC4414AAFC9D41 /* libmpdclient.cc in Sources */ = {isa = PBXBuildFile; fileRef = 185789FBE86F48F39DAE5EBD /* libmpdclient.cc */; };
		26EDAB26E4194DD7906D6B0F /* colours.cc in Sources */ = {isa = PBXBuildFile; fileRef = 1A7EBA24D1C14125B15B4298 /* colours.cc */; };
		2A4EB8F474D543439E645469 /* text_object.cc in Sources */ = {isa = PBXBuildFile; fileRef = 48F5C29BB7A9495E8B74970C /* text_object.cc */; };
		2BAF7434446445D092CFDEA5 /* tailhead.cc in Sources */ = {isa = PBXBuildFile; fileRef = 4F143ACDE99C4233B2C858C9 /* tailhead.cc */; };
		2D1C1CE9C3234229854926F8 /* lua-config.cc in Sources */ = {isa = PBXBuildFile; fileRef = 9E041A3FC272495BBC51ECE2 /* lua-config.cc */; };
		3A7428095BE640A7BBC9BF95 /* proc.cc in Sources */ = {isa = PBXBuildFile; fileRef = 4B5F221364AA4DCAB6654583 /* proc.cc */; };
		3A80CB0647054E8AAF0BFA2A /* read_tcpip.cc in Sources */ = {isa = PBXBuildFile; fileRef = 5EC9BC13B0EF4A1D8770933A /* read_tcpip.cc */; };
		3B3F03E2CE3E47A8ADA27E68 /* entropy.cc in Sources */ = {isa = PBXBuildFile; fileRef = 3A1574F8CB66459C8F333FD6 /* entropy.cc */; };
		3BD8FA7548494E5A85CE1A1E /* data-source.cc in Sources */ = {isa = PBXBuildFile; fileRef = B6885F29513045D389A35008 /* data-source.cc */; };
		41645BAF2A2C4D8DB0F92F6A /* darwin.mm in Sources */ = {isa = PBXBuildFile; fileRef = 58530B10E7F8452594FF7476 /* darwin.mm */; };
		4422CE8FC5884C34AE7EC9F4 /* temphelper.cc in Sources */ = {isa = PBXBuildFile; fileRef = 4545BE648FB447509332ADC9 /* temphelper.cc */; };
		4DE074AD199E444B8BC23E41 /* scroll.cc in Sources */ = {isa = PBXBuildFile; fileRef = 1E21FEB436454127A970F233 /* scroll.cc */; };
		5097278DEDFC47138816A434 /* imlib2.cc in Sources */ = {isa = PBXBuildFile; fileRef = 844C79A088EF4C3D9CC6B5B7 /* imlib2.cc */; };
		6217CAB38A794D8AAF6CCC44 /* mboxscan.cc in Sources */ = {isa = PBXBuildFile; fileRef = 524C91043E5A418AA93026A7 /* mboxscan.cc */; };
		8172FE16D489458A877A755D /* update-cb.cc in Sources */ = {isa = PBXBuildFile; fileRef = 1881FF4D57724D678346A266 /* update-cb.cc */; };
		81E41FDC002948A7954D04D6 /* fonts.cc in Sources */ = {isa = PBXBuildFile; fileRef = 0D0236378FB1486A83D53074 /* fonts.cc */; };
		8305A0EF918445E1A7449EA7 /* conky.cc in Sources */ = {isa = PBXBuildFile; fileRef = BE4D31EB960A48888E4AADB3 /* conky.cc */; };
		861C450852B34834827372A4 /* top.cc in Sources */ = {isa = PBXBuildFile; fileRef = E1E0465925E445779BF22706 /* top.cc */; };
		89262CC1E87147549DCFF3F3 /* algebra.cc in Sources */ = {isa = PBXBuildFile; fileRef = 20502BCF9F6546E59796AD26 /* algebra.cc */; };
		89DA168ACFE3477AA782D78C /* x11.cc in Sources */ = {isa = PBXBuildFile; fileRef = 6A5918227C5F43D08135A139 /* x11.cc */; };
		8E4DB44444B948758B904672 /* core.cc in Sources */ = {isa = PBXBuildFile; fileRef = E34F35F89F194F479E02DBDD /* core.cc */; };
		9B7CC46CAE394157975DB99D /* eve.cc in Sources */ = {isa = PBXBuildFile; fileRef = 379DFE9E27534577B89F075E /* eve.cc */; };
		9F521A4735C74D3B833064D9 /* c++wrap.cc in Sources */ = {isa = PBXBuildFile; fileRef = 66BE5E4E5F5947EAABBB0B34 /* c++wrap.cc */; };
		A814447F53094F10981D4EF2 /* mpd.cc in Sources */ = {isa = PBXBuildFile; fileRef = A14FB18C8E544048B2DA62F5 /* mpd.cc */; };
		AA296C3B6C614008A39775F2 /* user.cc in Sources */ = {isa = PBXBuildFile; fileRef = F08357F623B74590A6A64940 /* user.cc */; };
		B6690074B6F3408CA7658C6A /* ccurl_thread.cc in Sources */ = {isa = PBXBuildFile; fileRef = 3419DF2CEF3D42108DF78C3A /* ccurl_thread.cc */; };
		C004156DC2BB4D5CB5543E5C /* misc.cc in Sources */ = {isa = PBXBuildFile; fileRef = F1B0033F02554425925667D5 /* misc.cc */; };
		C1B2FB33D8F6422CA94D1C1A /* exec.cc in Sources */ = {isa = PBXBuildFile; fileRef = FA458CE152754251B4DFF880 /* exec.cc */; };
		CAAC1E3CC95C45298774573A /* nc.cc in Sources */ = {isa = PBXBuildFile; fileRef = 87600B6F60D9493DB912A37D /* nc.cc */; };
		CCCC422962EC43D58BBA2BDC /* moc.cc in Sources */ = {isa = PBXBuildFile; fileRef = 3850E966D62A4C4A843D0288 /* moc.cc */; };
		CDAF7FF8A6724682BC4D5E40 /* diskio.cc in Sources */ = {isa = PBXBuildFile; fileRef = 688C5B14441F4658A1444DF4 /* diskio.cc */; };
		CDC27FC0083B413796B6B211 /* apcupsd.cc in Sources */ = {isa = PBXBuildFile; fileRef = 10147CE6CB5F4738A9E99C62 /* apcupsd.cc */; };
		D08126B5B6224311B10165CB /* template.cc in Sources */ = {isa = PBXBuildFile; fileRef = C9D0F0D7F15F4C5FA44C4F13 /* template.cc */; };
		D4D2D98F58854C01A085E8AA /* cmus.cc in Sources */ = {isa = PBXBuildFile; fileRef = 6C7875848EC849688A03B073 /* cmus.cc */; };
		DD526D94104B46189FDDF9C5 /* net_stat.cc in Sources */ = {isa = PBXBuildFile; fileRef = 1DB5607B95544A899E00714D /* net_stat.cc */; };
		DE12260A36AD41C197F4555C /* prioqueue.cc in Sources */ = {isa = PBXBuildFile; fileRef = 948E95BF48A34FFBA3340B13 /* prioqueue.cc */; };
		E52E1A70B778443298E81293 /* common.cc in Sources */ = {isa = PBXBuildFile; fileRef = E41EF2DB0AE94FDB8F72458D /* common.cc */; };
		EBF3F097DE024607B495389A /* setting.cc in Sources */ = {isa = PBXBuildFile; fileRef = A1603445E16E4ABC8CBA7EE2 /* setting.cc */; };
		FBC1B7F86A554FDCB6709969 /* luamm.cc in Sources */ = {isa = PBXBuildFile; fileRef = F20A3EB2B9CB46E6ADB04A44 /* luamm.cc */; };
		FE2200EEA72048F483381FDE /* specials.cc in Sources */ = {isa = PBXBuildFile; fileRef = B85B4B2C756D41A0933063ED /* specials.cc */; };
/* End PBXBuildFile section */

/* Begin PBXContainerItemProxy section */
		27D4BB3EF6844725840DB0EB /* PBXContainerItemProxy */ = {
			isa = PBXContainerItemProxy;
			containerPortal = 53D4E4EDDA7540C791938FF3 /* Project object */;
			proxyType = 1;
			remoteGlobalIDString = 998E857F2D324248BB941DAE;
			remoteInfo = ZERO_CHECK;
		};
		313DDA4F2F9444D5B19BA70F /* PBXContainerItemProxy */ = {
			isa = PBXContainerItemProxy;
			containerPortal = 53D4E4EDDA7540C791938FF3 /* Project object */;
			proxyType = 1;
			remoteGlobalIDString = 998E857F2D324248BB941DAE;
			remoteInfo = ZERO_CHECK;
		};
		891D11BB77854D7386A41487 /* PBXContainerItemProxy */ = {
			isa = PBXContainerItemProxy;
			containerPortal = 53D4E4EDDA7540C791938FF3 /* Project object */;
			proxyType = 1;
			remoteGlobalIDString = 998E857F2D324248BB941DAE;
			remoteInfo = ZERO_CHECK;
		};
		9708C0D4BFFE4AE6924636BE /* PBXContainerItemProxy */ = {
			isa = PBXContainerItemProxy;
			containerPortal = 53D4E4EDDA7540C791938FF3 /* Project object */;
			proxyType = 1;
			remoteGlobalIDString = BC32BD7DCC88436CBB5047AC;
			remoteInfo = conky;
		};
		99DE4D9C97CA47A7BC4525F1 /* PBXContainerItemProxy */ = {
			isa = PBXContainerItemProxy;
			containerPortal = 53D4E4EDDA7540C791938FF3 /* Project object */;
			proxyType = 1;
			remoteGlobalIDString = 460B01D9AD9A4563B71DF6FA;
			remoteInfo = defconfig;
		};
		B2D1EAA08B8040BD885DBAB0 /* PBXContainerItemProxy */ = {
			isa = PBXContainerItemProxy;
			containerPortal = 53D4E4EDDA7540C791938FF3 /* Project object */;
			proxyType = 1;
			remoteGlobalIDString = 4BA252A0BF8B4A9193136435;
			remoteInfo = convertconf;
		};
		C47BF73A3838475AA102D197 /* PBXContainerItemProxy */ = {
			isa = PBXContainerItemProxy;
			containerPortal = 53D4E4EDDA7540C791938FF3 /* Project object */;
			proxyType = 1;
			remoteGlobalIDString = 45958614328142A1835AEF91;
			remoteInfo = ALL_BUILD;
		};
		CB119B8C2C1B457D97DF84DC /* PBXContainerItemProxy */ = {
			isa = PBXContainerItemProxy;
			containerPortal = 53D4E4EDDA7540C791938FF3 /* Project object */;
			proxyType = 1;
			remoteGlobalIDString = 45958614328142A1835AEF91;
			remoteInfo = ALL_BUILD;
		};
		E73A249FCA864221A23DA940 /* PBXContainerItemProxy */ = {
			isa = PBXContainerItemProxy;
			containerPortal = 53D4E4EDDA7540C791938FF3 /* Project object */;
			proxyType = 1;
			remoteGlobalIDString = 998E857F2D324248BB941DAE;
			remoteInfo = ZERO_CHECK;
		};
/* End PBXContainerItemProxy section */

/* Begin PBXFileReference section */
		08DAB83720B24683B6A4CB6E /* exec.h */ = {isa = PBXFileReference; explicitFileType = sourcecode.c.h; fileEncoding = 4; name = exec.h; path = src/exec.h; sourceTree = SOURCE_ROOT; };
		0B70AC28891B44A7984BC846 /* fonts.h */ = {isa = PBXFileReference; explicitFileType = sourcecode.c.h; fileEncoding = 4; name = fonts.h; path = src/fonts.h; sourceTree = SOURCE_ROOT; };
		0D0236378FB1486A83D53074 /* fonts.cc */ = {isa = PBXFileReference; explicitFileType = sourcecode.cpp.cpp; fileEncoding = 4; name = fonts.cc; path = src/fonts.cc; sourceTree = SOURCE_ROOT; };
		0D102AAC76534C18B12734DA /* apcupsd.h */ = {isa = PBXFileReference; explicitFileType = sourcecode.c.h; fileEncoding = 4; name = apcupsd.h; path = src/apcupsd.h; sourceTree = SOURCE_ROOT; };
		10147CE6CB5F4738A9E99C62 /* apcupsd.cc */ = {isa = PBXFileReference; explicitFileType = sourcecode.cpp.cpp; fileEncoding = 4; name = apcupsd.cc; path = src/apcupsd.cc; sourceTree = SOURCE_ROOT; };
		1132DECDF67542F0820CF71F /* mpd.h */ = {isa = PBXFileReference; explicitFileType = sourcecode.c.h; fileEncoding = 4; name = mpd.h; path = src/mpd.h; sourceTree = SOURCE_ROOT; };
		1237B5E12BA9416D80395E56 /* entropy.h */ = {isa = PBXFileReference; explicitFileType = sourcecode.c.h; fileEncoding = 4; name = entropy.h; path = src/entropy.h; sourceTree = SOURCE_ROOT; };
		1670F06B73A0482F83F4AD71 /* misc.h */ = {isa = PBXFileReference; explicitFileType = sourcecode.c.h; fileEncoding = 4; name = misc.h; path = src/misc.h; sourceTree = SOURCE_ROOT; };
		17792D044E3742AD834908B1 /* mail.cc */ = {isa = PBXFileReference; explicitFileType = sourcecode.cpp.cpp; fileEncoding = 4; name = mail.cc; path = src/mail.cc; sourceTree = SOURCE_ROOT; };
		185789FBE86F48F39DAE5EBD /* libmpdclient.cc */ = {isa = PBXFileReference; explicitFileType = sourcecode.cpp.cpp; fileEncoding = 4; name = libmpdclient.cc; path = src/libmpdclient.cc; sourceTree = SOURCE_ROOT; };
		1881FF4D57724D678346A266 /* update-cb.cc */ = {isa = PBXFileReference; explicitFileType = sourcecode.cpp.cpp; fileEncoding = 4; name = "update-cb.cc"; path = "src/update-cb.cc"; sourceTree = SOURCE_ROOT; };
		19C9897903E7495CA304B86B /* CMakeLists.txt */ = {isa = PBXFileReference; explicitFileType = sourcecode.text; fileEncoding = 4; lastKnownFileType = text; name = CMakeLists.txt; path = data/CMakeLists.txt; sourceTree = SOURCE_ROOT; };
		1A7EBA24D1C14125B15B4298 /* colours.cc */ = {isa = PBXFileReference; explicitFileType = sourcecode.cpp.cpp; fileEncoding = 4; name = colours.cc; path = src/colours.cc; sourceTree = SOURCE_ROOT; };
		1C3F063D24464340A33045DC /* imlib2.h */ = {isa = PBXFileReference; explicitFileType = sourcecode.c.h; fileEncoding = 4; name = imlib2.h; path = src/imlib2.h; sourceTree = SOURCE_ROOT; };
		1D1464CBACE54D54835FC606 /* eve.h */ = {isa = PBXFileReference; explicitFileType = sourcecode.c.h; fileEncoding = 4; name = eve.h; path = src/eve.h; sourceTree = SOURCE_ROOT; };
		1DB5607B95544A899E00714D /* net_stat.cc */ = {isa = PBXFileReference; explicitFileType = sourcecode.cpp.cpp; fileEncoding = 4; name = net_stat.cc; path = src/net_stat.cc; sourceTree = SOURCE_ROOT; };
		1E21FEB436454127A970F233 /* scroll.cc */ = {isa = PBXFileReference; explicitFileType = sourcecode.cpp.cpp; fileEncoding = 4; name = scroll.cc; path = src/scroll.cc; sourceTree = SOURCE_ROOT; };
		20502BCF9F6546E59796AD26 /* algebra.cc */ = {isa = PBXFileReference; explicitFileType = sourcecode.cpp.cpp; fileEncoding = 4; name = algebra.cc; path = src/algebra.cc; sourceTree = SOURCE_ROOT; };
		28D12A69A73C41F497D7EA30 /* lua-config.hh */ = {isa = PBXFileReference; explicitFileType = sourcecode.cpp.h; fileEncoding = 4; name = "lua-config.hh"; path = "src/lua-config.hh"; sourceTree = SOURCE_ROOT; };
		32CFD7A2B5B44ED5A509C43D /* c++wrap.hh */ = {isa = PBXFileReference; explicitFileType = sourcecode.cpp.h; fileEncoding = 4; name = "c++wrap.hh"; path = "src/c++wrap.hh"; sourceTree = SOURCE_ROOT; };
		3419DF2CEF3D42108DF78C3A /* ccurl_thread.cc */ = {isa = PBXFileReference; explicitFileType = sourcecode.cpp.cpp; fileEncoding = 4; name = ccurl_thread.cc; path = src/ccurl_thread.cc; sourceTree = SOURCE_ROOT; };
		35AF1AA0961C4879BCDBA15C /* weather.cc */ = {isa = PBXFileReference; explicitFileType = sourcecode.cpp.cpp; fileEncoding = 4; name = weather.cc; path = src/weather.cc; sourceTree = SOURCE_ROOT; };
		379DFE9E27534577B89F075E /* eve.cc */ = {isa = PBXFileReference; explicitFileType = sourcecode.cpp.cpp; fileEncoding = 4; name = eve.cc; path = src/eve.cc; sourceTree = SOURCE_ROOT; };
		3850E966D62A4C4A843D0288 /* moc.cc */ = {isa = PBXFileReference; explicitFileType = sourcecode.cpp.cpp; fileEncoding = 4; name = moc.cc; path = src/moc.cc; sourceTree = SOURCE_ROOT; };
		3A1574F8CB66459C8F333FD6 /* entropy.cc */ = {isa = PBXFileReference; explicitFileType = sourcecode.cpp.cpp; fileEncoding = 4; name = entropy.cc; path = src/entropy.cc; sourceTree = SOURCE_ROOT; };
		3C7F55A555144FBBA9B7BA4B /* config.h */ = {isa = PBXFileReference; explicitFileType = sourcecode.c.h; fileEncoding = 4; name = config.h; path = forConkyX/config.h; sourceTree = SOURCE_ROOT; };
		3D33CBA35DB64C26970A084C /* algebra.h */ = {isa = PBXFileReference; explicitFileType = sourcecode.c.h; fileEncoding = 4; name = algebra.h; path = src/algebra.h; sourceTree = SOURCE_ROOT; };
		4545BE648FB447509332ADC9 /* temphelper.cc */ = {isa = PBXFileReference; explicitFileType = sourcecode.cpp.cpp; fileEncoding = 4; name = temphelper.cc; path = src/temphelper.cc; sourceTree = SOURCE_ROOT; };
		4580526153C4491EA72F8960 /* luamm.hh */ = {isa = PBXFileReference; explicitFileType = sourcecode.cpp.h; fileEncoding = 4; name = luamm.hh; path = src/luamm.hh; sourceTree = SOURCE_ROOT; };
		460CF5DC98F444E594229C27 /* fs.cc */ = {isa = PBXFileReference; explicitFileType = sourcecode.cpp.cpp; fileEncoding = 4; name = fs.cc; path = src/fs.cc; sourceTree = SOURCE_ROOT; };
		48F5C29BB7A9495E8B74970C /* text_object.cc */ = {isa = PBXFileReference; explicitFileType = sourcecode.cpp.cpp; fileEncoding = 4; name = text_object.cc; path = src/text_object.cc; sourceTree = SOURCE_ROOT; };
		4998589C1ED348F5808783A2 /* conky.h */ = {isa = PBXFileReference; explicitFileType = sourcecode.c.h; fileEncoding = 4; name = conky.h; path = src/conky.h; sourceTree = SOURCE_ROOT; };
		4B5F221364AA4DCAB6654583 /* proc.cc */ = {isa = PBXFileReference; explicitFileType = sourcecode.cpp.cpp; fileEncoding = 4; name = proc.cc; path = src/proc.cc; sourceTree = SOURCE_ROOT; };
		4F143ACDE99C4233B2C858C9 /* tailhead.cc */ = {isa = PBXFileReference; explicitFileType = sourcecode.cpp.cpp; fileEncoding = 4; name = tailhead.cc; path = src/tailhead.cc; sourceTree = SOURCE_ROOT; };
		4F2A58FD2F0544FCB4B8B1E4 /* llua.cc */ = {isa = PBXFileReference; explicitFileType = sourcecode.cpp.cpp; fileEncoding = 4; name = llua.cc; path = src/llua.cc; sourceTree = SOURCE_ROOT; };
		524C91043E5A418AA93026A7 /* mboxscan.cc */ = {isa = PBXFileReference; explicitFileType = sourcecode.cpp.cpp; fileEncoding = 4; name = mboxscan.cc; path = src/mboxscan.cc; sourceTree = SOURCE_ROOT; };
		53F5DE1975EA48BE867FBBB7 /* diskio.h */ = {isa = PBXFileReference; explicitFileType = sourcecode.c.h; fileEncoding = 4; name = diskio.h; path = src/diskio.h; sourceTree = SOURCE_ROOT; };
		58530B10E7F8452594FF7476 /* darwin.mm */ = {isa = PBXFileReference; explicitFileType = sourcecode.cpp.objcpp; fileEncoding = 4; name = darwin.mm; path = src/darwin.mm; sourceTree = SOURCE_ROOT; };
		5EC9BC13B0EF4A1D8770933A /* read_tcpip.cc */ = {isa = PBXFileReference; explicitFileType = sourcecode.cpp.cpp; fileEncoding = 4; name = read_tcpip.cc; path = src/read_tcpip.cc; sourceTree = SOURCE_ROOT; };
		61F1FB8D170C41A59CD9DDCE /* darwin_sip.h */ = {isa = PBXFileReference; explicitFileType = sourcecode.c.h; fileEncoding = 4; name = darwin_sip.h; path = src/darwin_sip.h; sourceTree = SOURCE_ROOT; };
		62EB658236FD41D697086AB2 /* cpu.h */ = {isa = PBXFileReference; explicitFileType = sourcecode.c.h; fileEncoding = 4; name = cpu.h; path = src/cpu.h; sourceTree = SOURCE_ROOT; };
		63D263BAD6B048C7A4979B65 /* timeinfo.cc */ = {isa = PBXFileReference; explicitFileType = sourcecode.cpp.cpp; fileEncoding = 4; name = timeinfo.cc; path = src/timeinfo.cc; sourceTree = SOURCE_ROOT; };
		64ACC950CCEA461F829AE4E9 /* darwin.h */ = {isa = PBXFileReference; explicitFileType = sourcecode.c.h; fileEncoding = 4; name = darwin.h; path = src/darwin.h; sourceTree = SOURCE_ROOT; };
		66BE5E4E5F5947EAABBB0B34 /* c++wrap.cc */ = {isa = PBXFileReference; explicitFileType = sourcecode.cpp.cpp; fileEncoding = 4; name = "c++wrap.cc"; path = "src/c++wrap.cc"; sourceTree = SOURCE_ROOT; };
		688C5B14441F4658A1444DF4 /* diskio.cc */ = {isa = PBXFileReference; explicitFileType = sourcecode.cpp.cpp; fileEncoding = 4; name = diskio.cc; path = src/diskio.cc; sourceTree = SOURCE_ROOT; };
		69C3D3677DA547FD8816E2A4 /* template.h */ = {isa = PBXFileReference; explicitFileType = sourcecode.c.h; fileEncoding = 4; name = template.h; path = src/template.h; sourceTree = SOURCE_ROOT; };
		6A5918227C5F43D08135A139 /* x11.cc */ = {isa = PBXFileReference; explicitFileType = sourcecode.cpp.cpp; fileEncoding = 4; name = x11.cc; path = src/x11.cc; sourceTree = SOURCE_ROOT; };
		6B0DF85809DC45BF836F191C /* cmus.h */ = {isa = PBXFileReference; explicitFileType = sourcecode.c.h; fileEncoding = 4; name = cmus.h; path = src/cmus.h; sourceTree = SOURCE_ROOT; };
		6BC41FC85DED4333B81BBFC7 /* core.h */ = {isa = PBXFileReference; explicitFileType = sourcecode.c.h; fileEncoding = 4; name = core.h; path = src/core.h; sourceTree = SOURCE_ROOT; };
		6BD30581836A4B6BB5D6BF06 /* tailhead.h */ = {isa = PBXFileReference; explicitFileType = sourcecode.c.h; fileEncoding = 4; name = tailhead.h; path = src/tailhead.h; sourceTree = SOURCE_ROOT; };
		6BFA70F072B34B6F813DCDC9 /* update-cb.hh */ = {isa = PBXFileReference; explicitFileType = sourcecode.cpp.h; fileEncoding = 4; name = "update-cb.hh"; path = "src/update-cb.hh"; sourceTree = SOURCE_ROOT; };
		6C7875848EC849688A03B073 /* cmus.cc */ = {isa = PBXFileReference; explicitFileType = sourcecode.cpp.cpp; fileEncoding = 4; name = cmus.cc; path = src/cmus.cc; sourceTree = SOURCE_ROOT; };
		76592135C39C47DC9695D694 /* temphelper.h */ = {isa = PBXFileReference; explicitFileType = sourcecode.c.h; fileEncoding = 4; name = temphelper.h; path = src/temphelper.h; sourceTree = SOURCE_ROOT; };
		7A274C81F66D4022AF7FE1E6 /* combine.cc */ = {isa = PBXFileReference; explicitFileType = sourcecode.cpp.cpp; fileEncoding = 4; name = combine.cc; path = src/combine.cc; sourceTree = SOURCE_ROOT; };
		7D3A1909B0FF4649B2F59C0F /* data-source.hh */ = {isa = PBXFileReference; explicitFileType = sourcecode.cpp.h; fileEncoding = 4; name = "data-source.hh"; path = "src/data-source.hh"; sourceTree = SOURCE_ROOT; };
		844C79A088EF4C3D9CC6B5B7 /* imlib2.cc */ = {isa = PBXFileReference; explicitFileType = sourcecode.cpp.cpp; fileEncoding = 4; name = imlib2.cc; path = src/imlib2.cc; sourceTree = SOURCE_ROOT; };
		87600B6F60D9493DB912A37D /* nc.cc */ = {isa = PBXFileReference; explicitFileType = sourcecode.cpp.cpp; fileEncoding = 4; name = nc.cc; path = src/nc.cc; sourceTree = SOURCE_ROOT; };
		8DC3A89AA9CC443DBD30885C /* net_stat.h */ = {isa = PBXFileReference; explicitFileType = sourcecode.c.h; fileEncoding = 4; name = net_stat.h; path = src/net_stat.h; sourceTree = SOURCE_ROOT; };
		8E62AA5EB708458C916FAA8F /* CMakeLists.txt */ = {isa = PBXFileReference; explicitFileType = sourcecode.text; fileEncoding = 4; lastKnownFileType = text; name = CMakeLists.txt; path = src/CMakeLists.txt; sourceTree = SOURCE_ROOT; };
		93924E928FE44CCC95C08D0C /* mail.h */ = {isa = PBXFileReference; explicitFileType = sourcecode.c.h; fileEncoding = 4; name = mail.h; path = src/mail.h; sourceTree = SOURCE_ROOT; };
		942C2230504847BD826A2DB7 /* i18n.h */ = {isa = PBXFileReference; explicitFileType = sourcecode.c.h; fileEncoding = 4; name = i18n.h; path = src/i18n.h; sourceTree = SOURCE_ROOT; };
		948E95BF48A34FFBA3340B13 /* prioqueue.cc */ = {isa = PBXFileReference; explicitFileType = sourcecode.cpp.cpp; fileEncoding = 4; name = prioqueue.cc; path = src/prioqueue.cc; sourceTree = SOURCE_ROOT; };
		95349E571FBB411AA8F0EBAF /* combine.h */ = {isa = PBXFileReference; explicitFileType = sourcecode.c.h; fileEncoding = 4; name = combine.h; path = src/combine.h; sourceTree = SOURCE_ROOT; };
		99A4F5FA78B14D539C167BCA /* proc.h */ = {isa = PBXFileReference; explicitFileType = sourcecode.c.h; fileEncoding = 4; name = proc.h; path = src/proc.h; sourceTree = SOURCE_ROOT; };
		9CB70B313EF3408899875B4C /* mboxscan.h */ = {isa = PBXFileReference; explicitFileType = sourcecode.c.h; fileEncoding = 4; name = mboxscan.h; path = src/mboxscan.h; sourceTree = SOURCE_ROOT; };
		9E041A3FC272495BBC51ECE2 /* lua-config.cc */ = {isa = PBXFileReference; explicitFileType = sourcecode.cpp.cpp; fileEncoding = 4; name = "lua-config.cc"; path = "src/lua-config.cc"; sourceTree = SOURCE_ROOT; };
		A14FB18C8E544048B2DA62F5 /* mpd.cc */ = {isa = PBXFileReference; explicitFileType = sourcecode.cpp.cpp; fileEncoding = 4; name = mpd.cc; path = src/mpd.cc; sourceTree = SOURCE_ROOT; };
		A1603445E16E4ABC8CBA7EE2 /* setting.cc */ = {isa = PBXFileReference; explicitFileType = sourcecode.cpp.cpp; fileEncoding = 4; name = setting.cc; path = src/setting.cc; sourceTree = SOURCE_ROOT; };
		ABEC945B5B4C4108A60664F2 /* semaphore.hh */ = {isa = PBXFileReference; explicitFileType = sourcecode.cpp.h; fileEncoding = 4; name = semaphore.hh; path = src/semaphore.hh; sourceTree = SOURCE_ROOT; };
		B0ED59E1581D46A8A1E5AE0E /* ccurl_thread.h */ = {isa = PBXFileReference; explicitFileType = sourcecode.c.h; fileEncoding = 4; name = ccurl_thread.h; path = src/ccurl_thread.h; sourceTree = SOURCE_ROOT; };
		B2E87EEB9DF347AF9AD6EA2B /* logging.h */ = {isa = PBXFileReference; explicitFileType = sourcecode.c.h; fileEncoding = 4; name = logging.h; path = src/logging.h; sourceTree = SOURCE_ROOT; };
		B4A29C8373BE464DBEF7976B /* fs.h */ = {isa = PBXFileReference; explicitFileType = sourcecode.c.h; fileEncoding = 4; name = fs.h; path = src/fs.h; sourceTree = SOURCE_ROOT; };
		B6885F29513045D389A35008 /* data-source.cc */ = {isa = PBXFileReference; explicitFileType = sourcecode.cpp.cpp; fileEncoding = 4; name = "data-source.cc"; path = "src/data-source.cc"; sourceTree = SOURCE_ROOT; };
		B85B4B2C756D41A0933063ED /* specials.cc */ = {isa = PBXFileReference; explicitFileType = sourcecode.cpp.cpp; fileEncoding = 4; name = specials.cc; path = src/specials.cc; sourceTree = SOURCE_ROOT; };
		B97C73A551F04B2A88BFC044 /* top.h */ = {isa = PBXFileReference; explicitFileType = sourcecode.c.h; fileEncoding = 4; name = top.h; path = src/top.h; sourceTree = SOURCE_ROOT; };
		BB0670221A204B22814C1E53 /* CMakeLists.txt */ = {isa = PBXFileReference; explicitFileType = sourcecode.text; fileEncoding = 4; lastKnownFileType = text; name = CMakeLists.txt; path = data/CMakeLists.txt; sourceTree = SOURCE_ROOT; };
		BE4D31EB960A48888E4AADB3 /* conky.cc */ = {isa = PBXFileReference; explicitFileType = sourcecode.cpp.cpp; fileEncoding = 4; name = conky.cc; path = src/conky.cc; sourceTree = SOURCE_ROOT; };
		C1F3FC7B346C440286FC7524 /* prioqueue.h */ = {isa = PBXFileReference; explicitFileType = sourcecode.c.h; fileEncoding = 4; name = prioqueue.h; path = src/prioqueue.h; sourceTree = SOURCE_ROOT; };
		C5793F26949F405498283AD5 /* CMakeLists.txt */ = {isa = PBXFileReference; explicitFileType = sourcecode.text; fileEncoding = 4; lastKnownFileType = text; path = CMakeLists.txt; sourceTree = SOURCE_ROOT; };
		C5C81DB01D4F4F3F8C82AC6B /* common.h */ = {isa = PBXFileReference; explicitFileType = sourcecode.c.h; fileEncoding = 4; name = common.h; path = src/common.h; sourceTree = SOURCE_ROOT; };
		C8C13E3B1E7F4B45B5963746 /* read_tcpip.h */ = {isa = PBXFileReference; explicitFileType = sourcecode.c.h; fileEncoding = 4; name = read_tcpip.h; path = src/read_tcpip.h; sourceTree = SOURCE_ROOT; };
		C9D0F0D7F15F4C5FA44C4F13 /* template.cc */ = {isa = PBXFileReference; explicitFileType = sourcecode.cpp.cpp; fileEncoding = 4; name = template.cc; path = src/template.cc; sourceTree = SOURCE_ROOT; };
		CAA7403A9A3447868ED4BA37 /* nc.h */ = {isa = PBXFileReference; explicitFileType = sourcecode.c.h; fileEncoding = 4; name = nc.h; path = src/nc.h; sourceTree = SOURCE_ROOT; };
		D4E05215B020421B9C362C57 /* colours.h */ = {isa = PBXFileReference; explicitFileType = sourcecode.c.h; fileEncoding = 4; name = colours.h; path = src/colours.h; sourceTree = SOURCE_ROOT; };
		D56E2252BF2B47F5A5850B58 /* text_object.h */ = {isa = PBXFileReference; explicitFileType = sourcecode.c.h; fileEncoding = 4; name = text_object.h; path = src/text_object.h; sourceTree = SOURCE_ROOT; };
		D941BAEDEEAD4BC5A91E6042 /* specials.h */ = {isa = PBXFileReference; explicitFileType = sourcecode.c.h; fileEncoding = 4; name = specials.h; path = src/specials.h; sourceTree = SOURCE_ROOT; };
		D981F99C409D4372BE70E301 /* x11.h */ = {isa = PBXFileReference; explicitFileType = sourcecode.c.h; fileEncoding = 4; name = x11.h; path = src/x11.h; sourceTree = SOURCE_ROOT; };
		DBAB7E21BC7D49F8B7E9DD37 /* cpu.cc */ = {isa = PBXFileReference; explicitFileType = sourcecode.cpp.cpp; fileEncoding = 4; name = cpu.cc; path = src/cpu.cc; sourceTree = SOURCE_ROOT; };
		DCE68B7E21AC42E9A88369A1 /* user.h */ = {isa = PBXFileReference; explicitFileType = sourcecode.c.h; fileEncoding = 4; name = user.h; path = src/user.h; sourceTree = SOURCE_ROOT; };
		DF07F75DB7DA4EFA95D774CF /* weather.h */ = {isa = PBXFileReference; explicitFileType = sourcecode.c.h; fileEncoding = 4; name = weather.h; path = src/weather.h; sourceTree = SOURCE_ROOT; };
		DFD808EFF6DE4F489573C4D7 /* conky */ = {isa = PBXFileReference; explicitFileType = "compiled.mach-o.executable"; path = conky; sourceTree = BUILT_PRODUCTS_DIR; };
		E052BFF0100A443AA09C6F47 /* libmpdclient.h */ = {isa = PBXFileReference; explicitFileType = sourcecode.c.h; fileEncoding = 4; name = libmpdclient.h; path = src/libmpdclient.h; sourceTree = SOURCE_ROOT; };
		E1E0465925E445779BF22706 /* top.cc */ = {isa = PBXFileReference; explicitFileType = sourcecode.cpp.cpp; fileEncoding = 4; name = top.cc; path = src/top.cc; sourceTree = SOURCE_ROOT; };
		E34F35F89F194F479E02DBDD /* core.cc */ = {isa = PBXFileReference; explicitFileType = sourcecode.cpp.cpp; fileEncoding = 4; name = core.cc; path = src/core.cc; sourceTree = SOURCE_ROOT; };
		E41EF2DB0AE94FDB8F72458D /* common.cc */ = {isa = PBXFileReference; explicitFileType = sourcecode.cpp.cpp; fileEncoding = 4; name = common.cc; path = src/common.cc; sourceTree = SOURCE_ROOT; };
		F08357F623B74590A6A64940 /* user.cc */ = {isa = PBXFileReference; explicitFileType = sourcecode.cpp.cpp; fileEncoding = 4; name = user.cc; path = src/user.cc; sourceTree = SOURCE_ROOT; };
		F1602DB71C45431C92505788 /* timeinfo.h */ = {isa = PBXFileReference; explicitFileType = sourcecode.c.h; fileEncoding = 4; name = timeinfo.h; path = src/timeinfo.h; sourceTree = SOURCE_ROOT; };
		F1B0033F02554425925667D5 /* misc.cc */ = {isa = PBXFileReference; explicitFileType = sourcecode.cpp.cpp; fileEncoding = 4; name = misc.cc; path = src/misc.cc; sourceTree = SOURCE_ROOT; };
		F20A3EB2B9CB46E6ADB04A44 /* luamm.cc */ = {isa = PBXFileReference; explicitFileType = sourcecode.cpp.cpp; fileEncoding = 4; name = luamm.cc; path = src/luamm.cc; sourceTree = SOURCE_ROOT; };
		F79C60F543124FA3A9B2BBCA /* moc.h */ = {isa = PBXFileReference; explicitFileType = sourcecode.c.h; fileEncoding = 4; name = moc.h; path = src/moc.h; sourceTree = SOURCE_ROOT; };
		F9F79CF5396C49309694BE53 /* build.h */ = {isa = PBXFileReference; explicitFileType = sourcecode.c.h; fileEncoding = 4; name = build.h; path = forConkyX/build.h; sourceTree = SOURCE_ROOT; };
		FA458CE152754251B4DFF880 /* exec.cc */ = {isa = PBXFileReference; explicitFileType = sourcecode.cpp.cpp; fileEncoding = 4; name = exec.cc; path = src/exec.cc; sourceTree = SOURCE_ROOT; };
		FC546BF230C94508A0D068BF /* llua.h */ = {isa = PBXFileReference; explicitFileType = sourcecode.c.h; fileEncoding = 4; name = llua.h; path = src/llua.h; sourceTree = SOURCE_ROOT; };
		FD0E9FD8A6634790AC68B02C /* setting.hh */ = {isa = PBXFileReference; explicitFileType = sourcecode.cpp.h; fileEncoding = 4; name = setting.hh; path = src/setting.hh; sourceTree = SOURCE_ROOT; };
		FE921AAC338D4C7B8450BC3E /* scroll.h */ = {isa = PBXFileReference; explicitFileType = sourcecode.c.h; fileEncoding = 4; name = scroll.h; path = src/scroll.h; sourceTree = SOURCE_ROOT; };
/* End PBXFileReference section */

/* Begin PBXGroup section */
		0BC078A3049546FEA610220D /* CMake Rules */ = {
			isa = PBXGroup;
			children = (
			);
			name = "CMake Rules";
			sourceTree = "<group>";
		};
		280138F5943849CD98A5AB06 /* Header Files */ = {
			isa = PBXGroup;
			children = (
				F9F79CF5396C49309694BE53 /* build.h */,
				3C7F55A555144FBBA9B7BA4B /* config.h */,
				3D33CBA35DB64C26970A084C /* algebra.h */,
				0D102AAC76534C18B12734DA /* apcupsd.h */,
				32CFD7A2B5B44ED5A509C43D /* c++wrap.hh */,
				B0ED59E1581D46A8A1E5AE0E /* ccurl_thread.h */,
				6B0DF85809DC45BF836F191C /* cmus.h */,
				D4E05215B020421B9C362C57 /* colours.h */,
				95349E571FBB411AA8F0EBAF /* combine.h */,
				C5C81DB01D4F4F3F8C82AC6B /* common.h */,
				4998589C1ED348F5808783A2 /* conky.h */,
				6BC41FC85DED4333B81BBFC7 /* core.h */,
				62EB658236FD41D697086AB2 /* cpu.h */,
				64ACC950CCEA461F829AE4E9 /* darwin.h */,
				61F1FB8D170C41A59CD9DDCE /* darwin_sip.h */,
				7D3A1909B0FF4649B2F59C0F /* data-source.hh */,
				53F5DE1975EA48BE867FBBB7 /* diskio.h */,
				1237B5E12BA9416D80395E56 /* entropy.h */,
				1D1464CBACE54D54835FC606 /* eve.h */,
				08DAB83720B24683B6A4CB6E /* exec.h */,
				0B70AC28891B44A7984BC846 /* fonts.h */,
				B4A29C8373BE464DBEF7976B /* fs.h */,
				942C2230504847BD826A2DB7 /* i18n.h */,
				1C3F063D24464340A33045DC /* imlib2.h */,
				E052BFF0100A443AA09C6F47 /* libmpdclient.h */,
				FC546BF230C94508A0D068BF /* llua.h */,
				B2E87EEB9DF347AF9AD6EA2B /* logging.h */,
				28D12A69A73C41F497D7EA30 /* lua-config.hh */,
				4580526153C4491EA72F8960 /* luamm.hh */,
				93924E928FE44CCC95C08D0C /* mail.h */,
				9CB70B313EF3408899875B4C /* mboxscan.h */,
				1670F06B73A0482F83F4AD71 /* misc.h */,
				F79C60F543124FA3A9B2BBCA /* moc.h */,
				1132DECDF67542F0820CF71F /* mpd.h */,
				CAA7403A9A3447868ED4BA37 /* nc.h */,
				8DC3A89AA9CC443DBD30885C /* net_stat.h */,
				C1F3FC7B346C440286FC7524 /* prioqueue.h */,
				99A4F5FA78B14D539C167BCA /* proc.h */,
				C8C13E3B1E7F4B45B5963746 /* read_tcpip.h */,
				FE921AAC338D4C7B8450BC3E /* scroll.h */,
				ABEC945B5B4C4108A60664F2 /* semaphore.hh */,
				FD0E9FD8A6634790AC68B02C /* setting.hh */,
				D941BAEDEEAD4BC5A91E6042 /* specials.h */,
				6BD30581836A4B6BB5D6BF06 /* tailhead.h */,
				76592135C39C47DC9695D694 /* temphelper.h */,
				69C3D3677DA547FD8816E2A4 /* template.h */,
				D56E2252BF2B47F5A5850B58 /* text_object.h */,
				F1602DB71C45431C92505788 /* timeinfo.h */,
				B97C73A551F04B2A88BFC044 /* top.h */,
				6BFA70F072B34B6F813DCDC9 /* update-cb.hh */,
				DCE68B7E21AC42E9A88369A1 /* user.h */,
				DF07F75DB7DA4EFA95D774CF /* weather.h */,
				D981F99C409D4372BE70E301 /* x11.h */,
			);
			name = "Header Files";
			sourceTree = "<group>";
		};
		28BE98873FB74549AD646220 /* Source Files */ = {
			isa = PBXGroup;
			children = (
				20502BCF9F6546E59796AD26 /* algebra.cc */,
				10147CE6CB5F4738A9E99C62 /* apcupsd.cc */,
				66BE5E4E5F5947EAABBB0B34 /* c++wrap.cc */,
				3419DF2CEF3D42108DF78C3A /* ccurl_thread.cc */,
				6C7875848EC849688A03B073 /* cmus.cc */,
				1A7EBA24D1C14125B15B4298 /* colours.cc */,
				7A274C81F66D4022AF7FE1E6 /* combine.cc */,
				E41EF2DB0AE94FDB8F72458D /* common.cc */,
				BE4D31EB960A48888E4AADB3 /* conky.cc */,
				E34F35F89F194F479E02DBDD /* core.cc */,
				DBAB7E21BC7D49F8B7E9DD37 /* cpu.cc */,
				58530B10E7F8452594FF7476 /* darwin.mm */,
				B6885F29513045D389A35008 /* data-source.cc */,
				688C5B14441F4658A1444DF4 /* diskio.cc */,
				3A1574F8CB66459C8F333FD6 /* entropy.cc */,
				379DFE9E27534577B89F075E /* eve.cc */,
				FA458CE152754251B4DFF880 /* exec.cc */,
				0D0236378FB1486A83D53074 /* fonts.cc */,
				460CF5DC98F444E594229C27 /* fs.cc */,
				844C79A088EF4C3D9CC6B5B7 /* imlib2.cc */,
				185789FBE86F48F39DAE5EBD /* libmpdclient.cc */,
				4F2A58FD2F0544FCB4B8B1E4 /* llua.cc */,
				9E041A3FC272495BBC51ECE2 /* lua-config.cc */,
				F20A3EB2B9CB46E6ADB04A44 /* luamm.cc */,
				17792D044E3742AD834908B1 /* mail.cc */,
				524C91043E5A418AA93026A7 /* mboxscan.cc */,
				F1B0033F02554425925667D5 /* misc.cc */,
				3850E966D62A4C4A843D0288 /* moc.cc */,
				A14FB18C8E544048B2DA62F5 /* mpd.cc */,
				87600B6F60D9493DB912A37D /* nc.cc */,
				1DB5607B95544A899E00714D /* net_stat.cc */,
				948E95BF48A34FFBA3340B13 /* prioqueue.cc */,
				4B5F221364AA4DCAB6654583 /* proc.cc */,
				5EC9BC13B0EF4A1D8770933A /* read_tcpip.cc */,
				1E21FEB436454127A970F233 /* scroll.cc */,
				A1603445E16E4ABC8CBA7EE2 /* setting.cc */,
				B85B4B2C756D41A0933063ED /* specials.cc */,
				4F143ACDE99C4233B2C858C9 /* tailhead.cc */,
				4545BE648FB447509332ADC9 /* temphelper.cc */,
				C9D0F0D7F15F4C5FA44C4F13 /* template.cc */,
				48F5C29BB7A9495E8B74970C /* text_object.cc */,
				63D263BAD6B048C7A4979B65 /* timeinfo.cc */,
				E1E0465925E445779BF22706 /* top.cc */,
				1881FF4D57724D678346A266 /* update-cb.cc */,
				F08357F623B74590A6A64940 /* user.cc */,
				35AF1AA0961C4879BCDBA15C /* weather.cc */,
				6A5918227C5F43D08135A139 /* x11.cc */,
			);
			name = "Source Files";
			sourceTree = "<group>";
		};
		40F69331E56D4AF6956FE851 /* defconfig */ = {
			isa = PBXGroup;
			children = (
				0BC078A3049546FEA610220D /* CMake Rules */,
				BB0670221A204B22814C1E53 /* CMakeLists.txt */,
			);
			name = defconfig;
			sourceTree = "<group>";
		};
		52480AF88277452991AB5820 /* CMake Rules */ = {
			isa = PBXGroup;
			children = (
			);
			name = "CMake Rules";
			sourceTree = "<group>";
		};
		69A3FE79F4C54A388A23467C = {
			isa = PBXGroup;
			children = (
				9EAAECB0DAAA43B5A36ABB53 /* ALL_BUILD */,
				8385F80BFE934566A17C1682 /* convertconf */,
				40F69331E56D4AF6956FE851 /* defconfig */,
				8CF7E1E6637B431999CD7CF5 /* conky */,
				DDD779FC68AD4E518F104DBC /* Products */,
			);
			sourceTree = "<group>";
		};
		79092F87CAE6404F8CE15BEF /* CMake Rules */ = {
			isa = PBXGroup;
			children = (
			);
			name = "CMake Rules";
			sourceTree = "<group>";
		};
		8385F80BFE934566A17C1682 /* convertconf */ = {
			isa = PBXGroup;
			children = (
				52480AF88277452991AB5820 /* CMake Rules */,
				19C9897903E7495CA304B86B /* CMakeLists.txt */,
			);
			name = convertconf;
			sourceTree = "<group>";
		};
		8CF7E1E6637B431999CD7CF5 /* conky */ = {
			isa = PBXGroup;
			children = (
				280138F5943849CD98A5AB06 /* Header Files */,
				28BE98873FB74549AD646220 /* Source Files */,
				8E62AA5EB708458C916FAA8F /* CMakeLists.txt */,
			);
			name = conky;
			sourceTree = "<group>";
		};
		9EAAECB0DAAA43B5A36ABB53 /* ALL_BUILD */ = {
			isa = PBXGroup;
			children = (
				79092F87CAE6404F8CE15BEF /* CMake Rules */,
				C5793F26949F405498283AD5 /* CMakeLists.txt */,
			);
			name = ALL_BUILD;
			sourceTree = "<group>";
		};
		DDD779FC68AD4E518F104DBC /* Products */ = {
			isa = PBXGroup;
			children = (
				DFD808EFF6DE4F489573C4D7 /* conky */,
			);
			name = Products;
			sourceTree = "<group>";
		};
/* End PBXGroup section */

/* Begin PBXNativeTarget section */
		BC32BD7DCC88436CBB5047AC /* conky */ = {
			isa = PBXNativeTarget;
			buildConfigurationList = A7494EFE421A4F4A850426FC /* Build configuration list for PBXNativeTarget "conky" */;
			buildPhases = (
				834D3A87E1C14F558068E117 /* Sources */,
			);
			buildRules = (
			);
			dependencies = (
				7377D33955624F1D9C7C90E3 /* PBXTargetDependency */,
			);
			name = conky;
			productName = conky;
			productReference = DFD808EFF6DE4F489573C4D7 /* conky */;
			productType = "com.apple.product-type.tool";
		};
/* End PBXNativeTarget section */

/* Begin PBXProject section */
		53D4E4EDDA7540C791938FF3 /* Project object */ = {
			isa = PBXProject;
			attributes = {
				BuildIndependentTargetsInParallel = YES;
				LastUpgradeCheck = 1010;
			};
			buildConfigurationList = BAC5A90E4F7441C58918E693 /* Build configuration list for PBXProject "conky" */;
			compatibilityVersion = "Xcode 3.2";
			developmentRegion = en;
			hasScannedForEncodings = 0;
			knownRegions = (
				en,
			);
			mainGroup = 69A3FE79F4C54A388A23467C;
			projectDirPath = ../;
			projectRoot = "";
			targets = (
				45958614328142A1835AEF91 /* ALL_BUILD */,
				998E857F2D324248BB941DAE /* ZERO_CHECK */,
				BC32BD7DCC88436CBB5047AC /* conky */,
				4BA252A0BF8B4A9193136435 /* convertconf */,
				460B01D9AD9A4563B71DF6FA /* defconfig */,
				7D81DDB61A2446E8BE7AD31C /* install */,
				CE47D3F178EC49EA96BA4280 /* package */,
			);
		};
/* End PBXProject section */

/* Begin PBXShellScriptBuildPhase section */
		03438DF38B7F43A1B73DFFDA /* CMake PostBuild Rules */ = {
			isa = PBXShellScriptBuildPhase;
			buildActionMask = 2147483647;
			files = (
			);
			name = "CMake PostBuild Rules";
			runOnlyForDeploymentPostprocessing = 0;
			shellPath = /bin/sh;
			shellScript = "make -C /Users/npyl/Manage-Conky/ConkyX/conky-for-macOS/forConkyX -f /Users/npyl/Manage-Conky/ConkyX/conky-for-macOS/forConkyX/CMakeScripts/install_postBuildPhase.make$CONFIGURATION all";
			showEnvVarsInLog = 0;
		};
		1800B305328C4D2B9661C91C /* CMake PostBuild Rules */ = {
			isa = PBXShellScriptBuildPhase;
			buildActionMask = 2147483647;
			files = (
			);
			name = "CMake PostBuild Rules";
			runOnlyForDeploymentPostprocessing = 0;
			shellPath = /bin/sh;
			shellScript = "make -C /Users/npyl/Manage-Conky/ConkyX/conky-for-macOS/forConkyX -f /Users/npyl/Manage-Conky/ConkyX/conky-for-macOS/forConkyX/CMakeScripts/package_postBuildPhase.make$CONFIGURATION all";
			showEnvVarsInLog = 0;
		};
		3656A881F33244B1A86ACF54 /* CMake Rules */ = {
			isa = PBXShellScriptBuildPhase;
			buildActionMask = 2147483647;
			files = (
			);
			name = "CMake Rules";
			runOnlyForDeploymentPostprocessing = 0;
			shellPath = /bin/sh;
			shellScript = "make -C /Users/npyl/Manage-Conky/ConkyX/conky-for-macOS/forConkyX/data -f /Users/npyl/Manage-Conky/ConkyX/conky-for-macOS/forConkyX/data/CMakeScripts/convertconf_cmakeRulesBuildPhase.make$CONFIGURATION all";
			showEnvVarsInLog = 0;
		};
		3F411D5EB2AA43539CD559D0 /* CMake Rules */ = {
			isa = PBXShellScriptBuildPhase;
			buildActionMask = 2147483647;
			files = (
			);
			name = "CMake Rules";
			runOnlyForDeploymentPostprocessing = 0;
			shellPath = /bin/sh;
			shellScript = "make -C /Users/npyl/Manage-Conky/ConkyX/conky-for-macOS/forConkyX -f /Users/npyl/Manage-Conky/ConkyX/conky-for-macOS/forConkyX/CMakeScripts/ALL_BUILD_cmakeRulesBuildPhase.make$CONFIGURATION all";
			showEnvVarsInLog = 0;
		};
		452735AEE22D46039257FFF8 /* CMake Rules */ = {
			isa = PBXShellScriptBuildPhase;
			buildActionMask = 2147483647;
			files = (
			);
			name = "CMake Rules";
			runOnlyForDeploymentPostprocessing = 0;
			shellPath = /bin/sh;
			shellScript = "make -C /Users/npyl/Manage-Conky/ConkyX/conky-for-macOS/forConkyX/data -f /Users/npyl/Manage-Conky/ConkyX/conky-for-macOS/forConkyX/data/CMakeScripts/defconfig_cmakeRulesBuildPhase.make$CONFIGURATION all";
			showEnvVarsInLog = 0;
		};
		9948DA3CB00B44028D6A37B7 /* CMake Rules */ = {
			isa = PBXShellScriptBuildPhase;
			buildActionMask = 2147483647;
			files = (
			);
			name = "CMake Rules";
			runOnlyForDeploymentPostprocessing = 0;
			shellPath = /bin/sh;
			shellScript = "make -C /Users/npyl/Manage-Conky/ConkyX/conky-for-macOS/forConkyX -f /Users/npyl/Manage-Conky/ConkyX/conky-for-macOS/forConkyX/CMakeScripts/ZERO_CHECK_cmakeRulesBuildPhase.make$CONFIGURATION all";
			showEnvVarsInLog = 0;
		};
/* End PBXShellScriptBuildPhase section */

/* Begin PBXSourcesBuildPhase section */
		834D3A87E1C14F558068E117 /* Sources */ = {
			isa = PBXSourcesBuildPhase;
			buildActionMask = 2147483647;
			files = (
				89262CC1E87147549DCFF3F3 /* algebra.cc in Sources */,
				CDC27FC0083B413796B6B211 /* apcupsd.cc in Sources */,
				9F521A4735C74D3B833064D9 /* c++wrap.cc in Sources */,
				B6690074B6F3408CA7658C6A /* ccurl_thread.cc in Sources */,
				D4D2D98F58854C01A085E8AA /* cmus.cc in Sources */,
				26EDAB26E4194DD7906D6B0F /* colours.cc in Sources */,
				1651A22E568F4CA0A1279B56 /* combine.cc in Sources */,
				E52E1A70B778443298E81293 /* common.cc in Sources */,
				8305A0EF918445E1A7449EA7 /* conky.cc in Sources */,
				8E4DB44444B948758B904672 /* core.cc in Sources */,
				0610199F392547358F319F60 /* cpu.cc in Sources */,
				41645BAF2A2C4D8DB0F92F6A /* darwin.mm in Sources */,
				3BD8FA7548494E5A85CE1A1E /* data-source.cc in Sources */,
				CDAF7FF8A6724682BC4D5E40 /* diskio.cc in Sources */,
				3B3F03E2CE3E47A8ADA27E68 /* entropy.cc in Sources */,
				9B7CC46CAE394157975DB99D /* eve.cc in Sources */,
				C1B2FB33D8F6422CA94D1C1A /* exec.cc in Sources */,
				81E41FDC002948A7954D04D6 /* fonts.cc in Sources */,
				0816A9BBF0EA481FBD955716 /* fs.cc in Sources */,
				5097278DEDFC47138816A434 /* imlib2.cc in Sources */,
				1DEF11C75FCC4414AAFC9D41 /* libmpdclient.cc in Sources */,
				1CDDA26A606D4691A5BC4C91 /* llua.cc in Sources */,
				2D1C1CE9C3234229854926F8 /* lua-config.cc in Sources */,
				FBC1B7F86A554FDCB6709969 /* luamm.cc in Sources */,
				137F2EAA85DD41FAA99EDD6E /* mail.cc in Sources */,
				6217CAB38A794D8AAF6CCC44 /* mboxscan.cc in Sources */,
				C004156DC2BB4D5CB5543E5C /* misc.cc in Sources */,
				CCCC422962EC43D58BBA2BDC /* moc.cc in Sources */,
				A814447F53094F10981D4EF2 /* mpd.cc in Sources */,
				CAAC1E3CC95C45298774573A /* nc.cc in Sources */,
				DD526D94104B46189FDDF9C5 /* net_stat.cc in Sources */,
				DE12260A36AD41C197F4555C /* prioqueue.cc in Sources */,
				3A7428095BE640A7BBC9BF95 /* proc.cc in Sources */,
				3A80CB0647054E8AAF0BFA2A /* read_tcpip.cc in Sources */,
				4DE074AD199E444B8BC23E41 /* scroll.cc in Sources */,
				EBF3F097DE024607B495389A /* setting.cc in Sources */,
				FE2200EEA72048F483381FDE /* specials.cc in Sources */,
				2BAF7434446445D092CFDEA5 /* tailhead.cc in Sources */,
				4422CE8FC5884C34AE7EC9F4 /* temphelper.cc in Sources */,
				D08126B5B6224311B10165CB /* template.cc in Sources */,
				2A4EB8F474D543439E645469 /* text_object.cc in Sources */,
				0720A95DF4844F918EAFD553 /* timeinfo.cc in Sources */,
				861C450852B34834827372A4 /* top.cc in Sources */,
				8172FE16D489458A877A755D /* update-cb.cc in Sources */,
				AA296C3B6C614008A39775F2 /* user.cc in Sources */,
				0F2B245B4F8A4851ABB2E1B6 /* weather.cc in Sources */,
				89DA168ACFE3477AA782D78C /* x11.cc in Sources */,
			);
			runOnlyForDeploymentPostprocessing = 0;
		};
/* End PBXSourcesBuildPhase section */

/* Begin PBXTargetDependency section */
		17A48FE1A1AF481C88E823E9 /* PBXTargetDependency */ = {
			isa = PBXTargetDependency;
			target = 998E857F2D324248BB941DAE /* ZERO_CHECK */;
			targetProxy = 313DDA4F2F9444D5B19BA70F /* PBXContainerItemProxy */;
		};
		38D9BBCEEDAA430C9EA38750 /* PBXTargetDependency */ = {
			isa = PBXTargetDependency;
			target = BC32BD7DCC88436CBB5047AC /* conky */;
			targetProxy = 9708C0D4BFFE4AE6924636BE /* PBXContainerItemProxy */;
		};
		394EEE1B542B4CCEBF94A142 /* PBXTargetDependency */ = {
			isa = PBXTargetDependency;
			target = 45958614328142A1835AEF91 /* ALL_BUILD */;
			targetProxy = C47BF73A3838475AA102D197 /* PBXContainerItemProxy */;
		};
		3D9D0B25B1264DB3927F5177 /* PBXTargetDependency */ = {
			isa = PBXTargetDependency;
			target = 4BA252A0BF8B4A9193136435 /* convertconf */;
			targetProxy = B2D1EAA08B8040BD885DBAB0 /* PBXContainerItemProxy */;
		};
		7377D33955624F1D9C7C90E3 /* PBXTargetDependency */ = {
			isa = PBXTargetDependency;
			target = 998E857F2D324248BB941DAE /* ZERO_CHECK */;
			targetProxy = E73A249FCA864221A23DA940 /* PBXContainerItemProxy */;
		};
		81E5FDE021E54465A1517B65 /* PBXTargetDependency */ = {
			isa = PBXTargetDependency;
			target = 460B01D9AD9A4563B71DF6FA /* defconfig */;
			targetProxy = 99DE4D9C97CA47A7BC4525F1 /* PBXContainerItemProxy */;
		};
		9B7CACF5A58F4263AF778509 /* PBXTargetDependency */ = {
			isa = PBXTargetDependency;
			target = 998E857F2D324248BB941DAE /* ZERO_CHECK */;
			targetProxy = 891D11BB77854D7386A41487 /* PBXContainerItemProxy */;
		};
		B86EA8D3FE8948C3AE5633CE /* PBXTargetDependency */ = {
			isa = PBXTargetDependency;
			target = 998E857F2D324248BB941DAE /* ZERO_CHECK */;
			targetProxy = 27D4BB3EF6844725840DB0EB /* PBXContainerItemProxy */;
		};
		D3316DB7DA3842B6BA61C5E8 /* PBXTargetDependency */ = {
			isa = PBXTargetDependency;
			target = 45958614328142A1835AEF91 /* ALL_BUILD */;
			targetProxy = CB119B8C2C1B457D97DF84DC /* PBXContainerItemProxy */;
		};
/* End PBXTargetDependency section */

/* Begin XCBuildConfiguration section */
		0ED943B1789648B2AD7507DF /* MinSizeRel */ = {
			isa = XCBuildConfiguration;
			buildSettings = {
				COMBINE_HIDPI_IMAGES = YES;
				EXECUTABLE_PREFIX = "";
				EXECUTABLE_SUFFIX = "";
				GCC_GENERATE_DEBUGGING_SYMBOLS = NO;
				GCC_INLINES_ARE_PRIVATE_EXTERN = NO;
				GCC_OPTIMIZATION_LEVEL = s;
				GCC_PREPROCESSOR_DEFINITIONS = "'CMAKE_INTDIR=\"$(CONFIGURATION)$(EFFECTIVE_PLATFORM_NAME)\"'";
				GCC_SYMBOLS_PRIVATE_EXTERN = NO;
				HEADER_SEARCH_PATHS = (
					/usr/local/include,
					"/Users/npyl/Manage-Conky/ConkyX/conky-for-macOS/forConkyX",
					/usr/X11R6/include,
					/usr/local/include/freetype2,
					/usr/local/include/lua,
					/usr/include/libxml2,
					"/Users/npyl/Manage-Conky/ConkyX/conky-for-macOS/forConkyX/data",
				);
				INSTALL_PATH = "";
				LD_RUNPATH_SEARCH_PATHS = /usr/local/lib;
				LIBRARY_SEARCH_PATHS = (
					"/usr/local/lib/$(CONFIGURATION)$(EFFECTIVE_PLATFORM_NAME)",
					/usr/local/lib,
				);
				OTHER_CPLUSPLUSFLAGS = (
					"-std=c++17",
					"-std=c++17",
					"-std=c++17",
					"-std=c++17",
					"-std=c++17",
					"-DNDEBUG",
					"'-std=gnu++1z'",
				);
				OTHER_LDFLAGS = (
					"-Wl,-search_paths_first",
					"-Wl,-headerpad_max_install_names",
					/usr/local/lib/libintl.dylib,
					"-lncurses",
					"-framework",
					CoreWLAN,
					"-framework",
					Foundation,
					"-lm",
					/usr/lib/libcurses.dylib,
					/usr/lib/libform.dylib,
					/usr/X11R6/lib/libSM.dylib,
					/usr/X11R6/lib/libICE.dylib,
					/usr/X11R6/lib/libX11.dylib,
					/usr/X11R6/lib/libXext.dylib,
					/usr/X11R6/lib/libXft.dylib,
					/usr/X11R6/lib/libXext.dylib,
					"-llua",
					"-lm",
					"-L/usr/local/Cellar/imlib2/1.5.1/lib",
					"-lImlib2",
					"-lcurl",
					/usr/lib/libxml2.dylib,
					/usr/X11R6/lib/libXinerama.dylib,
					/usr/X11R6/lib/libXft.dylib,
					"-llua",
					"-lm",
					"-lImlib2",
					"-lcurl",
					/usr/lib/libxml2.dylib,
					/usr/X11R6/lib/libXinerama.dylib,
				);
				OTHER_REZFLAGS = "";
				PRODUCT_NAME = conky;
				SECTORDER_FLAGS = "";
				SYMROOT = "/Users/npyl/Manage-Conky/ConkyX/conky-for-macOS/forConkyX/src";
				USE_HEADERMAP = NO;
				WARNING_CFLAGS = (
					"-Wmost",
					"-Wno-four-char-constants",
					"-Wno-unknown-pragmas",
					"$(inherited)",
				);
			};
			name = MinSizeRel;
		};
		11021D6B9AB84A6E9DF2218F /* Release */ = {
			isa = XCBuildConfiguration;
			buildSettings = {
				COMBINE_HIDPI_IMAGES = YES;
				EXECUTABLE_PREFIX = "";
				EXECUTABLE_SUFFIX = "";
				GCC_GENERATE_DEBUGGING_SYMBOLS = NO;
				GCC_INLINES_ARE_PRIVATE_EXTERN = NO;
				GCC_OPTIMIZATION_LEVEL = 3;
				GCC_PREPROCESSOR_DEFINITIONS = "'CMAKE_INTDIR=\"$(CONFIGURATION)$(EFFECTIVE_PLATFORM_NAME)\"'";
				GCC_SYMBOLS_PRIVATE_EXTERN = NO;
				HEADER_SEARCH_PATHS = (
					/usr/local/include,
					"/Users/npyl/Manage-Conky/ConkyX/conky-for-macOS/forConkyX",
					/usr/X11R6/include,
					/usr/local/include/freetype2,
					/usr/local/include/lua,
					/usr/include/libxml2,
					"/Users/npyl/Manage-Conky/ConkyX/conky-for-macOS/forConkyX/data",
				);
				INSTALL_PATH = "";
				LD_RUNPATH_SEARCH_PATHS = /usr/local/lib;
				LIBRARY_SEARCH_PATHS = (
					"/usr/local/lib/$(CONFIGURATION)$(EFFECTIVE_PLATFORM_NAME)",
					/usr/local/lib,
				);
				OTHER_CPLUSPLUSFLAGS = (
					"-std=c++17",
					"-std=c++17",
					"-std=c++17",
					"-std=c++17",
					"-std=c++17",
					"-DNDEBUG",
					"'-std=gnu++1z'",
				);
				OTHER_LDFLAGS = (
					"-Wl,-search_paths_first",
					"-Wl,-headerpad_max_install_names",
					/usr/local/lib/libintl.dylib,
					"-lncurses",
					"-framework",
					CoreWLAN,
					"-framework",
					Foundation,
					"-lm",
					/usr/lib/libcurses.dylib,
					/usr/lib/libform.dylib,
					/usr/X11R6/lib/libSM.dylib,
					/usr/X11R6/lib/libICE.dylib,
					/usr/X11R6/lib/libX11.dylib,
					/usr/X11R6/lib/libXext.dylib,
					/usr/X11R6/lib/libXft.dylib,
					/usr/X11R6/lib/libXext.dylib,
					"-llua",
					"-lm",
					"-L/usr/local/Cellar/imlib2/1.5.1/lib",
					"-lImlib2",
					"-lcurl",
					/usr/lib/libxml2.dylib,
					/usr/X11R6/lib/libXinerama.dylib,
					/usr/X11R6/lib/libXft.dylib,
					"-llua",
					"-lm",
					"-lImlib2",
					"-lcurl",
					/usr/lib/libxml2.dylib,
					/usr/X11R6/lib/libXinerama.dylib,
				);
				OTHER_REZFLAGS = "";
				PRODUCT_NAME = conky;
				SECTORDER_FLAGS = "";
				SYMROOT = "/Users/npyl/Manage-Conky/ConkyX/conky-for-macOS/forConkyX/src";
				USE_HEADERMAP = NO;
				WARNING_CFLAGS = (
					"-Wmost",
					"-Wno-four-char-constants",
					"-Wno-unknown-pragmas",
					"$(inherited)",
				);
			};
			name = Release;
		};
		11AB16616D064013A7338583 /* MinSizeRel */ = {
			isa = XCBuildConfiguration;
			buildSettings = {
				COMBINE_HIDPI_IMAGES = YES;
				GCC_GENERATE_DEBUGGING_SYMBOLS = YES;
				GCC_INLINES_ARE_PRIVATE_EXTERN = NO;
				GCC_OPTIMIZATION_LEVEL = 0;
				GCC_PREPROCESSOR_DEFINITIONS = "'CMAKE_INTDIR=\"$(CONFIGURATION)$(EFFECTIVE_PLATFORM_NAME)\"'";
				GCC_SYMBOLS_PRIVATE_EXTERN = NO;
				INSTALL_PATH = "";
				OTHER_LDFLAGS = " ";
				OTHER_REZFLAGS = "";
				PRODUCT_NAME = defconfig;
				SECTORDER_FLAGS = "";
				SYMROOT = "/Users/npyl/Manage-Conky/ConkyX/conky-for-macOS/forConkyX/data";
				USE_HEADERMAP = NO;
				WARNING_CFLAGS = (
					"-Wmost",
					"-Wno-four-char-constants",
					"-Wno-unknown-pragmas",
					"$(inherited)",
				);
			};
			name = MinSizeRel;
		};
		1677FF4A30B54B0A95D22E90 /* RelWithDebInfo */ = {
			isa = XCBuildConfiguration;
			buildSettings = {
				COMBINE_HIDPI_IMAGES = YES;
				GCC_GENERATE_DEBUGGING_SYMBOLS = YES;
				GCC_INLINES_ARE_PRIVATE_EXTERN = NO;
				GCC_OPTIMIZATION_LEVEL = 0;
				GCC_PREPROCESSOR_DEFINITIONS = "'CMAKE_INTDIR=\"$(CONFIGURATION)$(EFFECTIVE_PLATFORM_NAME)\"'";
				GCC_SYMBOLS_PRIVATE_EXTERN = NO;
				INSTALL_PATH = "";
				OTHER_LDFLAGS = " ";
				OTHER_REZFLAGS = "";
				PRODUCT_NAME = defconfig;
				SECTORDER_FLAGS = "";
				SYMROOT = "/Users/npyl/Manage-Conky/ConkyX/conky-for-macOS/forConkyX/data";
				USE_HEADERMAP = NO;
				WARNING_CFLAGS = (
					"-Wmost",
					"-Wno-four-char-constants",
					"-Wno-unknown-pragmas",
					"$(inherited)",
				);
			};
			name = RelWithDebInfo;
		};
		229915CB2DDC4EC2A49441A0 /* RelWithDebInfo */ = {
			isa = XCBuildConfiguration;
			buildSettings = {
				COMBINE_HIDPI_IMAGES = YES;
				GCC_GENERATE_DEBUGGING_SYMBOLS = YES;
				GCC_INLINES_ARE_PRIVATE_EXTERN = NO;
				GCC_OPTIMIZATION_LEVEL = 0;
				GCC_PREPROCESSOR_DEFINITIONS = "'CMAKE_INTDIR=\"$(CONFIGURATION)$(EFFECTIVE_PLATFORM_NAME)\"'";
				GCC_SYMBOLS_PRIVATE_EXTERN = NO;
				INSTALL_PATH = "";
				OTHER_LDFLAGS = " ";
				OTHER_REZFLAGS = "";
				PRODUCT_NAME = install;
				SECTORDER_FLAGS = "";
				SYMROOT = "/Users/npyl/Manage-Conky/ConkyX/conky-for-macOS/forConkyX";
				USE_HEADERMAP = NO;
				WARNING_CFLAGS = (
					"-Wmost",
					"-Wno-four-char-constants",
					"-Wno-unknown-pragmas",
					"$(inherited)",
				);
			};
			name = RelWithDebInfo;
		};
		24D896B32EF4480FA5181182 /* Debug */ = {
			isa = XCBuildConfiguration;
			buildSettings = {
				COMBINE_HIDPI_IMAGES = YES;
				EXECUTABLE_PREFIX = "";
				EXECUTABLE_SUFFIX = "";
				GCC_GENERATE_DEBUGGING_SYMBOLS = YES;
				GCC_INLINES_ARE_PRIVATE_EXTERN = NO;
				GCC_OPTIMIZATION_LEVEL = 0;
				GCC_PREPROCESSOR_DEFINITIONS = "'CMAKE_INTDIR=\"$(CONFIGURATION)$(EFFECTIVE_PLATFORM_NAME)\"'";
				GCC_SYMBOLS_PRIVATE_EXTERN = NO;
				HEADER_SEARCH_PATHS = (
					/usr/local/include,
					"/Users/npyl/Manage-Conky/ConkyX/conky-for-macOS/forConkyX",
					/usr/X11R6/include,
					/usr/local/include/freetype2,
					/usr/local/include/lua,
					/usr/include/libxml2,
					"/Users/npyl/Manage-Conky/ConkyX/conky-for-macOS/forConkyX/data",
				);
				INSTALL_PATH = "";
				LD_RUNPATH_SEARCH_PATHS = /usr/local/lib;
				LIBRARY_SEARCH_PATHS = (
					"/usr/local/lib/$(CONFIGURATION)$(EFFECTIVE_PLATFORM_NAME)",
					/usr/local/lib,
				);
				OTHER_CPLUSPLUSFLAGS = (
					"-std=c++17",
					"-std=c++17",
					"-std=c++17",
					"-std=c++17",
					"-std=c++17",
					"'-std=gnu++1z'",
				);
				OTHER_LDFLAGS = (
					"-Wl,-search_paths_first",
					"-Wl,-headerpad_max_install_names",
					/usr/local/lib/libintl.dylib,
					"-lncurses",
					"-framework",
					CoreWLAN,
					"-framework",
					Foundation,
					"-lm",
					/usr/lib/libcurses.dylib,
					/usr/lib/libform.dylib,
					/usr/X11R6/lib/libSM.dylib,
					/usr/X11R6/lib/libICE.dylib,
					/usr/X11R6/lib/libX11.dylib,
					/usr/X11R6/lib/libXext.dylib,
					/usr/X11R6/lib/libXft.dylib,
					/usr/X11R6/lib/libXext.dylib,
					"-llua",
					"-lm",
					"-L/usr/local/Cellar/imlib2/1.5.1/lib",
					"-lImlib2",
					"-lcurl",
					/usr/lib/libxml2.dylib,
					/usr/X11R6/lib/libXinerama.dylib,
					/usr/X11R6/lib/libXft.dylib,
					"-llua",
					"-lm",
					"-lImlib2",
					"-lcurl",
					/usr/lib/libxml2.dylib,
					/usr/X11R6/lib/libXinerama.dylib,
				);
				OTHER_REZFLAGS = "";
				PRODUCT_NAME = conky;
				SECTORDER_FLAGS = "";
				SYMROOT = "/Users/npyl/Manage-Conky/ConkyX/conky-for-macOS/forConkyX/src";
				USE_HEADERMAP = NO;
				WARNING_CFLAGS = (
					"-Wmost",
					"-Wno-four-char-constants",
					"-Wno-unknown-pragmas",
					"$(inherited)",
				);
			};
			name = Debug;
		};
		37C51332DCCB4A09A01FF87A /* Debug */ = {
			isa = XCBuildConfiguration;
			buildSettings = {
				COMBINE_HIDPI_IMAGES = YES;
				GCC_GENERATE_DEBUGGING_SYMBOLS = YES;
				GCC_INLINES_ARE_PRIVATE_EXTERN = NO;
				GCC_OPTIMIZATION_LEVEL = 0;
				GCC_PREPROCESSOR_DEFINITIONS = "'CMAKE_INTDIR=\"$(CONFIGURATION)$(EFFECTIVE_PLATFORM_NAME)\"'";
				GCC_SYMBOLS_PRIVATE_EXTERN = NO;
				INSTALL_PATH = "";
				OTHER_LDFLAGS = " ";
				OTHER_REZFLAGS = "";
				PRODUCT_NAME = ZERO_CHECK;
				SECTORDER_FLAGS = "";
				SYMROOT = "/Users/npyl/Manage-Conky/ConkyX/conky-for-macOS/forConkyX";
				USE_HEADERMAP = NO;
				WARNING_CFLAGS = (
					"-Wmost",
					"-Wno-four-char-constants",
					"-Wno-unknown-pragmas",
					"$(inherited)",
				);
			};
			name = Debug;
		};
		399D4DB7DF4B411A81C2751F /* Debug */ = {
			isa = XCBuildConfiguration;
			buildSettings = {
				COMBINE_HIDPI_IMAGES = YES;
				GCC_GENERATE_DEBUGGING_SYMBOLS = YES;
				GCC_INLINES_ARE_PRIVATE_EXTERN = NO;
				GCC_OPTIMIZATION_LEVEL = 0;
				GCC_PREPROCESSOR_DEFINITIONS = "'CMAKE_INTDIR=\"$(CONFIGURATION)$(EFFECTIVE_PLATFORM_NAME)\"'";
				GCC_SYMBOLS_PRIVATE_EXTERN = NO;
				INSTALL_PATH = "";
				OTHER_LDFLAGS = " ";
				OTHER_REZFLAGS = "";
				PRODUCT_NAME = install;
				SECTORDER_FLAGS = "";
				SYMROOT = "/Users/npyl/Manage-Conky/ConkyX/conky-for-macOS/forConkyX";
				USE_HEADERMAP = NO;
				WARNING_CFLAGS = (
					"-Wmost",
					"-Wno-four-char-constants",
					"-Wno-unknown-pragmas",
					"$(inherited)",
				);
			};
			name = Debug;
		};
		47E3CF9A817C4A218D88E9D9 /* Release */ = {
			isa = XCBuildConfiguration;
			buildSettings = {
				COMBINE_HIDPI_IMAGES = YES;
				GCC_GENERATE_DEBUGGING_SYMBOLS = YES;
				GCC_INLINES_ARE_PRIVATE_EXTERN = NO;
				GCC_OPTIMIZATION_LEVEL = 0;
				GCC_PREPROCESSOR_DEFINITIONS = "'CMAKE_INTDIR=\"$(CONFIGURATION)$(EFFECTIVE_PLATFORM_NAME)\"'";
				GCC_SYMBOLS_PRIVATE_EXTERN = NO;
				INSTALL_PATH = "";
				OTHER_LDFLAGS = " ";
				OTHER_REZFLAGS = "";
				PRODUCT_NAME = defconfig;
				SECTORDER_FLAGS = "";
				SYMROOT = "/Users/npyl/Manage-Conky/ConkyX/conky-for-macOS/forConkyX/data";
				USE_HEADERMAP = NO;
				WARNING_CFLAGS = (
					"-Wmost",
					"-Wno-four-char-constants",
					"-Wno-unknown-pragmas",
					"$(inherited)",
				);
			};
			name = Release;
		};
		5FA4CF92A7F24C70AA751FBE /* MinSizeRel */ = {
			isa = XCBuildConfiguration;
			buildSettings = {
				COMBINE_HIDPI_IMAGES = YES;
				GCC_GENERATE_DEBUGGING_SYMBOLS = YES;
				GCC_INLINES_ARE_PRIVATE_EXTERN = NO;
				GCC_OPTIMIZATION_LEVEL = 0;
				GCC_PREPROCESSOR_DEFINITIONS = "'CMAKE_INTDIR=\"$(CONFIGURATION)$(EFFECTIVE_PLATFORM_NAME)\"'";
				GCC_SYMBOLS_PRIVATE_EXTERN = NO;
				INSTALL_PATH = "";
				OTHER_LDFLAGS = " ";
				OTHER_REZFLAGS = "";
				PRODUCT_NAME = install;
				SECTORDER_FLAGS = "";
				SYMROOT = "/Users/npyl/Manage-Conky/ConkyX/conky-for-macOS/forConkyX";
				USE_HEADERMAP = NO;
				WARNING_CFLAGS = (
					"-Wmost",
					"-Wno-four-char-constants",
					"-Wno-unknown-pragmas",
					"$(inherited)",
				);
			};
			name = MinSizeRel;
		};
		5FF695AED6A34222933B1033 /* Release */ = {
			isa = XCBuildConfiguration;
			buildSettings = {
				COMBINE_HIDPI_IMAGES = YES;
				GCC_GENERATE_DEBUGGING_SYMBOLS = YES;
				GCC_INLINES_ARE_PRIVATE_EXTERN = NO;
				GCC_OPTIMIZATION_LEVEL = 0;
				GCC_PREPROCESSOR_DEFINITIONS = "'CMAKE_INTDIR=\"$(CONFIGURATION)$(EFFECTIVE_PLATFORM_NAME)\"'";
				GCC_SYMBOLS_PRIVATE_EXTERN = NO;
				INSTALL_PATH = "";
				OTHER_LDFLAGS = " ";
				OTHER_REZFLAGS = "";
				PRODUCT_NAME = convertconf;
				SECTORDER_FLAGS = "";
				SYMROOT = "/Users/npyl/Manage-Conky/ConkyX/conky-for-macOS/forConkyX/data";
				USE_HEADERMAP = NO;
				WARNING_CFLAGS = (
					"-Wmost",
					"-Wno-four-char-constants",
					"-Wno-unknown-pragmas",
					"$(inherited)",
				);
			};
			name = Release;
		};
		6697F0437752436F959B467A /* RelWithDebInfo */ = {
			isa = XCBuildConfiguration;
			buildSettings = {
				COMBINE_HIDPI_IMAGES = YES;
				GCC_GENERATE_DEBUGGING_SYMBOLS = YES;
				GCC_INLINES_ARE_PRIVATE_EXTERN = NO;
				GCC_OPTIMIZATION_LEVEL = 0;
				GCC_PREPROCESSOR_DEFINITIONS = "'CMAKE_INTDIR=\"$(CONFIGURATION)$(EFFECTIVE_PLATFORM_NAME)\"'";
				GCC_SYMBOLS_PRIVATE_EXTERN = NO;
				INSTALL_PATH = "";
				OTHER_LDFLAGS = " ";
				OTHER_REZFLAGS = "";
				PRODUCT_NAME = convertconf;
				SECTORDER_FLAGS = "";
				SYMROOT = "/Users/npyl/Manage-Conky/ConkyX/conky-for-macOS/forConkyX/data";
				USE_HEADERMAP = NO;
				WARNING_CFLAGS = (
					"-Wmost",
					"-Wno-four-char-constants",
					"-Wno-unknown-pragmas",
					"$(inherited)",
				);
			};
			name = RelWithDebInfo;
		};
		6FFF7017687E491D959E143B /* MinSizeRel */ = {
			isa = XCBuildConfiguration;
			buildSettings = {
				COMBINE_HIDPI_IMAGES = YES;
				GCC_GENERATE_DEBUGGING_SYMBOLS = YES;
				GCC_INLINES_ARE_PRIVATE_EXTERN = NO;
				GCC_OPTIMIZATION_LEVEL = 0;
				GCC_PREPROCESSOR_DEFINITIONS = "'CMAKE_INTDIR=\"$(CONFIGURATION)$(EFFECTIVE_PLATFORM_NAME)\"'";
				GCC_SYMBOLS_PRIVATE_EXTERN = NO;
				INSTALL_PATH = "";
				OTHER_LDFLAGS = " ";
				OTHER_REZFLAGS = "";
				PRODUCT_NAME = ALL_BUILD;
				SECTORDER_FLAGS = "";
				SYMROOT = "/Users/npyl/Manage-Conky/ConkyX/conky-for-macOS/forConkyX";
				USE_HEADERMAP = NO;
				WARNING_CFLAGS = (
					"-Wmost",
					"-Wno-four-char-constants",
					"-Wno-unknown-pragmas",
					"$(inherited)",
				);
			};
			name = MinSizeRel;
		};
		71277354F06549878FE7E026 /* Release */ = {
			isa = XCBuildConfiguration;
			buildSettings = {
				COMBINE_HIDPI_IMAGES = YES;
				GCC_GENERATE_DEBUGGING_SYMBOLS = YES;
				GCC_INLINES_ARE_PRIVATE_EXTERN = NO;
				GCC_OPTIMIZATION_LEVEL = 0;
				GCC_PREPROCESSOR_DEFINITIONS = "'CMAKE_INTDIR=\"$(CONFIGURATION)$(EFFECTIVE_PLATFORM_NAME)\"'";
				GCC_SYMBOLS_PRIVATE_EXTERN = NO;
				INSTALL_PATH = "";
				OTHER_LDFLAGS = " ";
				OTHER_REZFLAGS = "";
				PRODUCT_NAME = package;
				SECTORDER_FLAGS = "";
				SYMROOT = "/Users/npyl/Manage-Conky/ConkyX/conky-for-macOS/forConkyX";
				USE_HEADERMAP = NO;
				WARNING_CFLAGS = (
					"-Wmost",
					"-Wno-four-char-constants",
					"-Wno-unknown-pragmas",
					"$(inherited)",
				);
			};
			name = Release;
		};
		7344E349FC6A4FDE997FC358 /* RelWithDebInfo */ = {
			isa = XCBuildConfiguration;
			buildSettings = {
				COMBINE_HIDPI_IMAGES = YES;
				EXECUTABLE_PREFIX = "";
				EXECUTABLE_SUFFIX = "";
				GCC_GENERATE_DEBUGGING_SYMBOLS = YES;
				GCC_INLINES_ARE_PRIVATE_EXTERN = NO;
				GCC_OPTIMIZATION_LEVEL = 2;
				GCC_PREPROCESSOR_DEFINITIONS = "'CMAKE_INTDIR=\"$(CONFIGURATION)$(EFFECTIVE_PLATFORM_NAME)\"'";
				GCC_SYMBOLS_PRIVATE_EXTERN = NO;
				HEADER_SEARCH_PATHS = (
					/usr/local/include,
					"/Users/npyl/Manage-Conky/ConkyX/conky-for-macOS/forConkyX",
					/usr/X11R6/include,
					/usr/local/include/freetype2,
					/usr/local/include/lua,
					/usr/include/libxml2,
					"/Users/npyl/Manage-Conky/ConkyX/conky-for-macOS/forConkyX/data",
				);
				INSTALL_PATH = "";
				LD_RUNPATH_SEARCH_PATHS = /usr/local/lib;
				LIBRARY_SEARCH_PATHS = (
					"/usr/local/lib/$(CONFIGURATION)$(EFFECTIVE_PLATFORM_NAME)",
					/usr/local/lib,
				);
				OTHER_CPLUSPLUSFLAGS = (
					"-std=c++17",
					"-std=c++17",
					"-std=c++17",
					"-std=c++17",
					"-std=c++17",
					"-DNDEBUG",
					"'-std=gnu++1z'",
				);
				OTHER_LDFLAGS = (
					"-Wl,-search_paths_first",
					"-Wl,-headerpad_max_install_names",
					/usr/local/lib/libintl.dylib,
					"-lncurses",
					"-framework",
					CoreWLAN,
					"-framework",
					Foundation,
					"-lm",
					/usr/lib/libcurses.dylib,
					/usr/lib/libform.dylib,
					/usr/X11R6/lib/libSM.dylib,
					/usr/X11R6/lib/libICE.dylib,
					/usr/X11R6/lib/libX11.dylib,
					/usr/X11R6/lib/libXext.dylib,
					/usr/X11R6/lib/libXft.dylib,
					/usr/X11R6/lib/libXext.dylib,
					"-llua",
					"-lm",
					"-L/usr/local/Cellar/imlib2/1.5.1/lib",
					"-lImlib2",
					"-lcurl",
					/usr/lib/libxml2.dylib,
					/usr/X11R6/lib/libXinerama.dylib,
					/usr/X11R6/lib/libXft.dylib,
					"-llua",
					"-lm",
					"-lImlib2",
					"-lcurl",
					/usr/lib/libxml2.dylib,
					/usr/X11R6/lib/libXinerama.dylib,
				);
				OTHER_REZFLAGS = "";
				PRODUCT_NAME = conky;
				SECTORDER_FLAGS = "";
				SYMROOT = "/Users/npyl/Manage-Conky/ConkyX/conky-for-macOS/forConkyX/src";
				USE_HEADERMAP = NO;
				WARNING_CFLAGS = (
					"-Wmost",
					"-Wno-four-char-constants",
					"-Wno-unknown-pragmas",
					"$(inherited)",
				);
			};
			name = RelWithDebInfo;
		};
		75694736CACE42159B4A0EB4 /* Release */ = {
			isa = XCBuildConfiguration;
			buildSettings = {
				COMBINE_HIDPI_IMAGES = YES;
				GCC_GENERATE_DEBUGGING_SYMBOLS = YES;
				GCC_INLINES_ARE_PRIVATE_EXTERN = NO;
				GCC_OPTIMIZATION_LEVEL = 0;
				GCC_PREPROCESSOR_DEFINITIONS = "'CMAKE_INTDIR=\"$(CONFIGURATION)$(EFFECTIVE_PLATFORM_NAME)\"'";
				GCC_SYMBOLS_PRIVATE_EXTERN = NO;
				INSTALL_PATH = "";
				OTHER_LDFLAGS = " ";
				OTHER_REZFLAGS = "";
				PRODUCT_NAME = install;
				SECTORDER_FLAGS = "";
				SYMROOT = "/Users/npyl/Manage-Conky/ConkyX/conky-for-macOS/forConkyX";
				USE_HEADERMAP = NO;
				WARNING_CFLAGS = (
					"-Wmost",
					"-Wno-four-char-constants",
					"-Wno-unknown-pragmas",
					"$(inherited)",
				);
			};
			name = Release;
		};
		8A31C38B42CA4AA6BF02AD9C /* Debug */ = {
			isa = XCBuildConfiguration;
			buildSettings = {
				COMBINE_HIDPI_IMAGES = YES;
				GCC_GENERATE_DEBUGGING_SYMBOLS = YES;
				GCC_INLINES_ARE_PRIVATE_EXTERN = NO;
				GCC_OPTIMIZATION_LEVEL = 0;
				GCC_PREPROCESSOR_DEFINITIONS = "'CMAKE_INTDIR=\"$(CONFIGURATION)$(EFFECTIVE_PLATFORM_NAME)\"'";
				GCC_SYMBOLS_PRIVATE_EXTERN = NO;
				INSTALL_PATH = "";
				OTHER_LDFLAGS = " ";
				OTHER_REZFLAGS = "";
				PRODUCT_NAME = package;
				SECTORDER_FLAGS = "";
				SYMROOT = "/Users/npyl/Manage-Conky/ConkyX/conky-for-macOS/forConkyX";
				USE_HEADERMAP = NO;
				WARNING_CFLAGS = (
					"-Wmost",
					"-Wno-four-char-constants",
					"-Wno-unknown-pragmas",
					"$(inherited)",
				);
			};
			name = Debug;
		};
		90730FF396574DF5AF223A03 /* Debug */ = {
			isa = XCBuildConfiguration;
			buildSettings = {
				MACOSX_DEPLOYMENT_TARGET = 10.10;
				ONLY_ACTIVE_ARCH = YES;
				SDKROOT = /Applications/Xcode.app/Contents/Developer/Platforms/MacOSX.platform/Developer/SDKs/MacOSX10.14.sdk;
				SYMROOT = "/Users/npyl/Manage-Conky/ConkyX/conky-for-macOS/forConkyX/build";
			};
			name = Debug;
		};
		9523BE5FDECF4995A89EE18D /* Release */ = {
			isa = XCBuildConfiguration;
			buildSettings = {
				COMBINE_HIDPI_IMAGES = YES;
				GCC_GENERATE_DEBUGGING_SYMBOLS = YES;
				GCC_INLINES_ARE_PRIVATE_EXTERN = NO;
				GCC_OPTIMIZATION_LEVEL = 0;
				GCC_PREPROCESSOR_DEFINITIONS = "'CMAKE_INTDIR=\"$(CONFIGURATION)$(EFFECTIVE_PLATFORM_NAME)\"'";
				GCC_SYMBOLS_PRIVATE_EXTERN = NO;
				INSTALL_PATH = "";
				OTHER_LDFLAGS = " ";
				OTHER_REZFLAGS = "";
				PRODUCT_NAME = ZERO_CHECK;
				SECTORDER_FLAGS = "";
				SYMROOT = "/Users/npyl/Manage-Conky/ConkyX/conky-for-macOS/forConkyX";
				USE_HEADERMAP = NO;
				WARNING_CFLAGS = (
					"-Wmost",
					"-Wno-four-char-constants",
					"-Wno-unknown-pragmas",
					"$(inherited)",
				);
			};
			name = Release;
		};
		9E6E35B0BE1A4CF4843F8AE0 /* Debug */ = {
			isa = XCBuildConfiguration;
			buildSettings = {
				COMBINE_HIDPI_IMAGES = YES;
				GCC_GENERATE_DEBUGGING_SYMBOLS = YES;
				GCC_INLINES_ARE_PRIVATE_EXTERN = NO;
				GCC_OPTIMIZATION_LEVEL = 0;
				GCC_PREPROCESSOR_DEFINITIONS = "'CMAKE_INTDIR=\"$(CONFIGURATION)$(EFFECTIVE_PLATFORM_NAME)\"'";
				GCC_SYMBOLS_PRIVATE_EXTERN = NO;
				INSTALL_PATH = "";
				OTHER_LDFLAGS = " ";
				OTHER_REZFLAGS = "";
				PRODUCT_NAME = defconfig;
				SECTORDER_FLAGS = "";
				SYMROOT = "/Users/npyl/Manage-Conky/ConkyX/conky-for-macOS/forConkyX/data";
				USE_HEADERMAP = NO;
				WARNING_CFLAGS = (
					"-Wmost",
					"-Wno-four-char-constants",
					"-Wno-unknown-pragmas",
					"$(inherited)",
				);
			};
			name = Debug;
		};
		A5C614BA203049748A0396A8 /* Debug */ = {
			isa = XCBuildConfiguration;
			buildSettings = {
				COMBINE_HIDPI_IMAGES = YES;
				GCC_GENERATE_DEBUGGING_SYMBOLS = YES;
				GCC_INLINES_ARE_PRIVATE_EXTERN = NO;
				GCC_OPTIMIZATION_LEVEL = 0;
				GCC_PREPROCESSOR_DEFINITIONS = "'CMAKE_INTDIR=\"$(CONFIGURATION)$(EFFECTIVE_PLATFORM_NAME)\"'";
				GCC_SYMBOLS_PRIVATE_EXTERN = NO;
				INSTALL_PATH = "";
				OTHER_LDFLAGS = " ";
				OTHER_REZFLAGS = "";
				PRODUCT_NAME = ALL_BUILD;
				SECTORDER_FLAGS = "";
				SYMROOT = "/Users/npyl/Manage-Conky/ConkyX/conky-for-macOS/forConkyX";
				USE_HEADERMAP = NO;
				WARNING_CFLAGS = (
					"-Wmost",
					"-Wno-four-char-constants",
					"-Wno-unknown-pragmas",
					"$(inherited)",
				);
			};
			name = Debug;
		};
		B01173A8672E421D964DC157 /* MinSizeRel */ = {
			isa = XCBuildConfiguration;
			buildSettings = {
				MACOSX_DEPLOYMENT_TARGET = 10.10;
				ONLY_ACTIVE_ARCH = YES;
				SDKROOT = /Applications/Xcode.app/Contents/Developer/Platforms/MacOSX.platform/Developer/SDKs/MacOSX10.14.sdk;
				SYMROOT = "/Users/npyl/Manage-Conky/ConkyX/conky-for-macOS/forConkyX/build";
			};
			name = MinSizeRel;
		};
		B02AF44398DA48D7AD4E9DAB /* Debug */ = {
			isa = XCBuildConfiguration;
			buildSettings = {
				COMBINE_HIDPI_IMAGES = YES;
				GCC_GENERATE_DEBUGGING_SYMBOLS = YES;
				GCC_INLINES_ARE_PRIVATE_EXTERN = NO;
				GCC_OPTIMIZATION_LEVEL = 0;
				GCC_PREPROCESSOR_DEFINITIONS = "'CMAKE_INTDIR=\"$(CONFIGURATION)$(EFFECTIVE_PLATFORM_NAME)\"'";
				GCC_SYMBOLS_PRIVATE_EXTERN = NO;
				INSTALL_PATH = "";
				OTHER_LDFLAGS = " ";
				OTHER_REZFLAGS = "";
				PRODUCT_NAME = convertconf;
				SECTORDER_FLAGS = "";
				SYMROOT = "/Users/npyl/Manage-Conky/ConkyX/conky-for-macOS/forConkyX/data";
				USE_HEADERMAP = NO;
				WARNING_CFLAGS = (
					"-Wmost",
					"-Wno-four-char-constants",
					"-Wno-unknown-pragmas",
					"$(inherited)",
				);
			};
			name = Debug;
		};
		B32B7EA29B0340C6ACF2FD9D /* RelWithDebInfo */ = {
			isa = XCBuildConfiguration;
			buildSettings = {
				MACOSX_DEPLOYMENT_TARGET = 10.10;
				ONLY_ACTIVE_ARCH = YES;
				SDKROOT = /Applications/Xcode.app/Contents/Developer/Platforms/MacOSX.platform/Developer/SDKs/MacOSX10.14.sdk;
				SYMROOT = "/Users/npyl/Manage-Conky/ConkyX/conky-for-macOS/forConkyX/build";
			};
			name = RelWithDebInfo;
		};
		B4FD65A7792E4C62A1727DE2 /* Release */ = {
			isa = XCBuildConfiguration;
			buildSettings = {
				COMBINE_HIDPI_IMAGES = YES;
				GCC_GENERATE_DEBUGGING_SYMBOLS = YES;
				GCC_INLINES_ARE_PRIVATE_EXTERN = NO;
				GCC_OPTIMIZATION_LEVEL = 0;
				GCC_PREPROCESSOR_DEFINITIONS = "'CMAKE_INTDIR=\"$(CONFIGURATION)$(EFFECTIVE_PLATFORM_NAME)\"'";
				GCC_SYMBOLS_PRIVATE_EXTERN = NO;
				INSTALL_PATH = "";
				OTHER_LDFLAGS = " ";
				OTHER_REZFLAGS = "";
				PRODUCT_NAME = ALL_BUILD;
				SECTORDER_FLAGS = "";
				SYMROOT = "/Users/npyl/Manage-Conky/ConkyX/conky-for-macOS/forConkyX";
				USE_HEADERMAP = NO;
				WARNING_CFLAGS = (
					"-Wmost",
					"-Wno-four-char-constants",
					"-Wno-unknown-pragmas",
					"$(inherited)",
				);
			};
			name = Release;
		};
		B84F98BF07D04F938989C790 /* RelWithDebInfo */ = {
			isa = XCBuildConfiguration;
			buildSettings = {
				COMBINE_HIDPI_IMAGES = YES;
				GCC_GENERATE_DEBUGGING_SYMBOLS = YES;
				GCC_INLINES_ARE_PRIVATE_EXTERN = NO;
				GCC_OPTIMIZATION_LEVEL = 0;
				GCC_PREPROCESSOR_DEFINITIONS = "'CMAKE_INTDIR=\"$(CONFIGURATION)$(EFFECTIVE_PLATFORM_NAME)\"'";
				GCC_SYMBOLS_PRIVATE_EXTERN = NO;
				INSTALL_PATH = "";
				OTHER_LDFLAGS = " ";
				OTHER_REZFLAGS = "";
				PRODUCT_NAME = ALL_BUILD;
				SECTORDER_FLAGS = "";
				SYMROOT = "/Users/npyl/Manage-Conky/ConkyX/conky-for-macOS/forConkyX";
				USE_HEADERMAP = NO;
				WARNING_CFLAGS = (
					"-Wmost",
					"-Wno-four-char-constants",
					"-Wno-unknown-pragmas",
					"$(inherited)",
				);
			};
			name = RelWithDebInfo;
		};
		CA4ADF6BFA7B417C94E18E05 /* Release */ = {
			isa = XCBuildConfiguration;
			buildSettings = {
				MACOSX_DEPLOYMENT_TARGET = 10.10;
				ONLY_ACTIVE_ARCH = YES;
				SDKROOT = /Applications/Xcode.app/Contents/Developer/Platforms/MacOSX.platform/Developer/SDKs/MacOSX10.14.sdk;
				SYMROOT = "/Users/npyl/Manage-Conky/ConkyX/conky-for-macOS/forConkyX/build";
			};
			name = Release;
		};
		E0EC92B1C1614923B0755F5D /* MinSizeRel */ = {
			isa = XCBuildConfiguration;
			buildSettings = {
				COMBINE_HIDPI_IMAGES = YES;
				GCC_GENERATE_DEBUGGING_SYMBOLS = YES;
				GCC_INLINES_ARE_PRIVATE_EXTERN = NO;
				GCC_OPTIMIZATION_LEVEL = 0;
				GCC_PREPROCESSOR_DEFINITIONS = "'CMAKE_INTDIR=\"$(CONFIGURATION)$(EFFECTIVE_PLATFORM_NAME)\"'";
				GCC_SYMBOLS_PRIVATE_EXTERN = NO;
				INSTALL_PATH = "";
				OTHER_LDFLAGS = " ";
				OTHER_REZFLAGS = "";
				PRODUCT_NAME = package;
				SECTORDER_FLAGS = "";
				SYMROOT = "/Users/npyl/Manage-Conky/ConkyX/conky-for-macOS/forConkyX";
				USE_HEADERMAP = NO;
				WARNING_CFLAGS = (
					"-Wmost",
					"-Wno-four-char-constants",
					"-Wno-unknown-pragmas",
					"$(inherited)",
				);
			};
			name = MinSizeRel;
		};
		E6434C65AD7B438EBDEA2631 /* RelWithDebInfo */ = {
			isa = XCBuildConfiguration;
			buildSettings = {
				COMBINE_HIDPI_IMAGES = YES;
				GCC_GENERATE_DEBUGGING_SYMBOLS = YES;
				GCC_INLINES_ARE_PRIVATE_EXTERN = NO;
				GCC_OPTIMIZATION_LEVEL = 0;
				GCC_PREPROCESSOR_DEFINITIONS = "'CMAKE_INTDIR=\"$(CONFIGURATION)$(EFFECTIVE_PLATFORM_NAME)\"'";
				GCC_SYMBOLS_PRIVATE_EXTERN = NO;
				INSTALL_PATH = "";
				OTHER_LDFLAGS = " ";
				OTHER_REZFLAGS = "";
				PRODUCT_NAME = ZERO_CHECK;
				SECTORDER_FLAGS = "";
				SYMROOT = "/Users/npyl/Manage-Conky/ConkyX/conky-for-macOS/forConkyX";
				USE_HEADERMAP = NO;
				WARNING_CFLAGS = (
					"-Wmost",
					"-Wno-four-char-constants",
					"-Wno-unknown-pragmas",
					"$(inherited)",
				);
			};
			name = RelWithDebInfo;
		};
		E816EE5F937F40A690350676 /* RelWithDebInfo */ = {
			isa = XCBuildConfiguration;
			buildSettings = {
				COMBINE_HIDPI_IMAGES = YES;
				GCC_GENERATE_DEBUGGING_SYMBOLS = YES;
				GCC_INLINES_ARE_PRIVATE_EXTERN = NO;
				GCC_OPTIMIZATION_LEVEL = 0;
				GCC_PREPROCESSOR_DEFINITIONS = "'CMAKE_INTDIR=\"$(CONFIGURATION)$(EFFECTIVE_PLATFORM_NAME)\"'";
				GCC_SYMBOLS_PRIVATE_EXTERN = NO;
				INSTALL_PATH = "";
				OTHER_LDFLAGS = " ";
				OTHER_REZFLAGS = "";
				PRODUCT_NAME = package;
				SECTORDER_FLAGS = "";
				SYMROOT = "/Users/npyl/Manage-Conky/ConkyX/conky-for-macOS/forConkyX";
				USE_HEADERMAP = NO;
				WARNING_CFLAGS = (
					"-Wmost",
					"-Wno-four-char-constants",
					"-Wno-unknown-pragmas",
					"$(inherited)",
				);
			};
			name = RelWithDebInfo;
		};
		EB55EB8226864A29920A1B05 /* MinSizeRel */ = {
			isa = XCBuildConfiguration;
			buildSettings = {
				COMBINE_HIDPI_IMAGES = YES;
				GCC_GENERATE_DEBUGGING_SYMBOLS = YES;
				GCC_INLINES_ARE_PRIVATE_EXTERN = NO;
				GCC_OPTIMIZATION_LEVEL = 0;
				GCC_PREPROCESSOR_DEFINITIONS = "'CMAKE_INTDIR=\"$(CONFIGURATION)$(EFFECTIVE_PLATFORM_NAME)\"'";
				GCC_SYMBOLS_PRIVATE_EXTERN = NO;
				INSTALL_PATH = "";
				OTHER_LDFLAGS = " ";
				OTHER_REZFLAGS = "";
				PRODUCT_NAME = convertconf;
				SECTORDER_FLAGS = "";
				SYMROOT = "/Users/npyl/Manage-Conky/ConkyX/conky-for-macOS/forConkyX/data";
				USE_HEADERMAP = NO;
				WARNING_CFLAGS = (
					"-Wmost",
					"-Wno-four-char-constants",
					"-Wno-unknown-pragmas",
					"$(inherited)",
				);
			};
			name = MinSizeRel;
		};
		EF1EC14B3D69482D86A34B3B /* MinSizeRel */ = {
			isa = XCBuildConfiguration;
			buildSettings = {
				COMBINE_HIDPI_IMAGES = YES;
				GCC_GENERATE_DEBUGGING_SYMBOLS = YES;
				GCC_INLINES_ARE_PRIVATE_EXTERN = NO;
				GCC_OPTIMIZATION_LEVEL = 0;
				GCC_PREPROCESSOR_DEFINITIONS = "'CMAKE_INTDIR=\"$(CONFIGURATION)$(EFFECTIVE_PLATFORM_NAME)\"'";
				GCC_SYMBOLS_PRIVATE_EXTERN = NO;
				INSTALL_PATH = "";
				OTHER_LDFLAGS = " ";
				OTHER_REZFLAGS = "";
				PRODUCT_NAME = ZERO_CHECK;
				SECTORDER_FLAGS = "";
				SYMROOT = "/Users/npyl/Manage-Conky/ConkyX/conky-for-macOS/forConkyX";
				USE_HEADERMAP = NO;
				WARNING_CFLAGS = (
					"-Wmost",
					"-Wno-four-char-constants",
					"-Wno-unknown-pragmas",
					"$(inherited)",
				);
			};
			name = MinSizeRel;
		};
/* End XCBuildConfiguration section */

/* Begin XCConfigurationList section */
		34B84D22EF994EDB9E2E159E /* Build configuration list for PBXAggregateTarget "ALL_BUILD" */ = {
			isa = XCConfigurationList;
			buildConfigurations = (
				A5C614BA203049748A0396A8 /* Debug */,
				B4FD65A7792E4C62A1727DE2 /* Release */,
				6FFF7017687E491D959E143B /* MinSizeRel */,
				B84F98BF07D04F938989C790 /* RelWithDebInfo */,
			);
			defaultConfigurationIsVisible = 0;
			defaultConfigurationName = Debug;
		};
		43DFD91588B4442988CF44B6 /* Build configuration list for PBXAggregateTarget "install" */ = {
			isa = XCConfigurationList;
			buildConfigurations = (
				399D4DB7DF4B411A81C2751F /* Debug */,
				75694736CACE42159B4A0EB4 /* Release */,
				5FA4CF92A7F24C70AA751FBE /* MinSizeRel */,
				229915CB2DDC4EC2A49441A0 /* RelWithDebInfo */,
			);
			defaultConfigurationIsVisible = 0;
			defaultConfigurationName = Debug;
		};
		4BE3CFAF47CF41378F7B0496 /* Build configuration list for PBXAggregateTarget "ZERO_CHECK" */ = {
			isa = XCConfigurationList;
			buildConfigurations = (
				37C51332DCCB4A09A01FF87A /* Debug */,
				9523BE5FDECF4995A89EE18D /* Release */,
				EF1EC14B3D69482D86A34B3B /* MinSizeRel */,
				E6434C65AD7B438EBDEA2631 /* RelWithDebInfo */,
			);
			defaultConfigurationIsVisible = 0;
			defaultConfigurationName = Debug;
		};
		64CA88168C3D4A509C1C7B7D /* Build configuration list for PBXAggregateTarget "package" */ = {
			isa = XCConfigurationList;
			buildConfigurations = (
				8A31C38B42CA4AA6BF02AD9C /* Debug */,
				71277354F06549878FE7E026 /* Release */,
				E0EC92B1C1614923B0755F5D /* MinSizeRel */,
				E816EE5F937F40A690350676 /* RelWithDebInfo */,
			);
			defaultConfigurationIsVisible = 0;
			defaultConfigurationName = Debug;
		};
		8AAE3D33F4F345CF9DFC707D /* Build configuration list for PBXAggregateTarget "convertconf" */ = {
			isa = XCConfigurationList;
			buildConfigurations = (
				B02AF44398DA48D7AD4E9DAB /* Debug */,
				5FF695AED6A34222933B1033 /* Release */,
				EB55EB8226864A29920A1B05 /* MinSizeRel */,
				6697F0437752436F959B467A /* RelWithDebInfo */,
			);
			defaultConfigurationIsVisible = 0;
			defaultConfigurationName = Debug;
		};
		933B80C329614506936697E2 /* Build configuration list for PBXAggregateTarget "defconfig" */ = {
			isa = XCConfigurationList;
			buildConfigurations = (
				9E6E35B0BE1A4CF4843F8AE0 /* Debug */,
				47E3CF9A817C4A218D88E9D9 /* Release */,
				11AB16616D064013A7338583 /* MinSizeRel */,
				1677FF4A30B54B0A95D22E90 /* RelWithDebInfo */,
			);
			defaultConfigurationIsVisible = 0;
			defaultConfigurationName = Debug;
		};
		A7494EFE421A4F4A850426FC /* Build configuration list for PBXNativeTarget "conky" */ = {
			isa = XCConfigurationList;
			buildConfigurations = (
				24D896B32EF4480FA5181182 /* Debug */,
				11021D6B9AB84A6E9DF2218F /* Release */,
				0ED943B1789648B2AD7507DF /* MinSizeRel */,
				7344E349FC6A4FDE997FC358 /* RelWithDebInfo */,
			);
			defaultConfigurationIsVisible = 0;
			defaultConfigurationName = Debug;
		};
		BAC5A90E4F7441C58918E693 /* Build configuration list for PBXProject "conky" */ = {
			isa = XCConfigurationList;
			buildConfigurations = (
				90730FF396574DF5AF223A03 /* Debug */,
				CA4ADF6BFA7B417C94E18E05 /* Release */,
				B01173A8672E421D964DC157 /* MinSizeRel */,
				B32B7EA29B0340C6ACF2FD9D /* RelWithDebInfo */,
			);
			defaultConfigurationIsVisible = 0;
			defaultConfigurationName = Debug;
		};
/* End XCConfigurationList section */
	};
	rootObject = 53D4E4EDDA7540C791938FF3 /* Project object */;
}
