// !$*UTF8*$!
{
	archiveVersion = 1;
	classes = {
	};
	objectVersion = 46;
	objects = {

/* Begin PBXAggregateTarget section */
		2D05D5DBF9C84A5B9902FBA4 /* install */ = {
			isa = PBXAggregateTarget;
			buildConfigurationList = F5573302673741B5B5E52992 /* Build configuration list for PBXAggregateTarget "install" */;
			buildPhases = (
				6699E40182D742C1ACC1F54C /* CMake PostBuild Rules */,
			);
			dependencies = (
				19EA3799F5904B31A4A7BEAF /* PBXTargetDependency */,
			);
			name = install;
			productName = install;
		};
		376B84E663DA4B9FA370A861 /* convertconf */ = {
			isa = PBXAggregateTarget;
			buildConfigurationList = FA705BBB790A4AFAB4F360EE /* Build configuration list for PBXAggregateTarget "convertconf" */;
			buildPhases = (
				0ED280F719D44655BA1815C5 /* CMake Rules */,
			);
			dependencies = (
				D1AF41829AFB4FBF877D46E5 /* PBXTargetDependency */,
			);
			name = convertconf;
			productName = convertconf;
		};
		50893172E16247ECB97C6BE3 /* ZERO_CHECK */ = {
			isa = PBXAggregateTarget;
			buildConfigurationList = 727B979DD3E54E2D9DE4931D /* Build configuration list for PBXAggregateTarget "ZERO_CHECK" */;
			buildPhases = (
				C851FC517AAE4D439648FD7A /* CMake Rules */,
			);
			dependencies = (
			);
			name = ZERO_CHECK;
			productName = ZERO_CHECK;
		};
		85F2AC581DD4453CA2408F2B /* ALL_BUILD */ = {
			isa = PBXAggregateTarget;
			buildConfigurationList = DCC8A01B90B54BA4A0387635 /* Build configuration list for PBXAggregateTarget "ALL_BUILD" */;
			buildPhases = (
				D361804D41534BF79A6E78AF /* CMake Rules */,
			);
			dependencies = (
				726B7CD7510C4EF88F65CC7E /* PBXTargetDependency */,
				65392F56C9C14CF3B09BEB72 /* PBXTargetDependency */,
				17FB845713984810AC8B07EA /* PBXTargetDependency */,
				4CAE88C262BD4DC499468DD7 /* PBXTargetDependency */,
			);
			name = ALL_BUILD;
			productName = ALL_BUILD;
		};
		C56925F6E9DC48B890BB96C3 /* package */ = {
			isa = PBXAggregateTarget;
			buildConfigurationList = 9D8B0A9C6BB646E6BA3EEDAE /* Build configuration list for PBXAggregateTarget "package" */;
			buildPhases = (
				3CF312DFB515416CACFA59F0 /* CMake PostBuild Rules */,
			);
			dependencies = (
				3D9EF85943BC4EDAB4A59D1F /* PBXTargetDependency */,
			);
			name = package;
			productName = package;
		};
		DC941F7A02B649988825B376 /* defconfig */ = {
			isa = PBXAggregateTarget;
			buildConfigurationList = 16482D3A036F417788DD7809 /* Build configuration list for PBXAggregateTarget "defconfig" */;
			buildPhases = (
				8347EA3879A84DDB9D0A66CA /* CMake Rules */,
			);
			dependencies = (
				AE9AA3FB422E4BF7939E5C22 /* PBXTargetDependency */,
			);
			name = defconfig;
			productName = defconfig;
		};
/* End PBXAggregateTarget section */

/* Begin PBXBuildFile section */
		156C89B9F40B47EB9FAD2DE0 /* diskio.cc in Sources */ = {isa = PBXBuildFile; fileRef = 8CA8262FFD84495F9D6F26F5 /* diskio.cc */; };
		16A5609ECB8946CB92055015 /* mail.cc in Sources */ = {isa = PBXBuildFile; fileRef = BDE239079CEF480FA6423A7E /* mail.cc */; };
		1B7F9648B50C4C30AC813B56 /* timeinfo.cc in Sources */ = {isa = PBXBuildFile; fileRef = D75B55EADEE6486B9E8A6B67 /* timeinfo.cc */; };
		1F34CEA0374748BFB40939FE /* data-source.cc in Sources */ = {isa = PBXBuildFile; fileRef = 76A1CD7FA67644EFB7720BDC /* data-source.cc */; };
		21B1FD08C77B4C8595DD21FC /* text_object.cc in Sources */ = {isa = PBXBuildFile; fileRef = B92600E819C344EEA7D5996E /* text_object.cc */; };
		2941FF454498474DA7474E35 /* llua.cc in Sources */ = {isa = PBXBuildFile; fileRef = 5ECFB796FD5F440AA40F670D /* llua.cc */; };
		395480EC3D96403B81209E1B /* moc.cc in Sources */ = {isa = PBXBuildFile; fileRef = 4C108C70244047C9BE3D159B /* moc.cc */; };
		3D9BA60B057B4ED89419988A /* mpd.cc in Sources */ = {isa = PBXBuildFile; fileRef = A436090B3B984AC594AF27E5 /* mpd.cc */; };
		43C736FBAA9C424E91FED9FC /* specials.cc in Sources */ = {isa = PBXBuildFile; fileRef = 56B98B220FA444039CEE5243 /* specials.cc */; };
		48418D6A8F29432393D631D5 /* combine.cc in Sources */ = {isa = PBXBuildFile; fileRef = 7E65E9291C0C46598F8FE93F /* combine.cc */; };
		4B932F2EE120484B8350B993 /* tailhead.cc in Sources */ = {isa = PBXBuildFile; fileRef = 92344F570F7E475FAA2D9554 /* tailhead.cc */; };
		4CE89CC695D846A6902F0AD4 /* weather.cc in Sources */ = {isa = PBXBuildFile; fileRef = E850FEFDA10E408A939537A0 /* weather.cc */; };
		4E02F72E7471422EA38BF2FE /* imlib2.cc in Sources */ = {isa = PBXBuildFile; fileRef = 1B6654FC5C9F4F5C9590E581 /* imlib2.cc */; };
		5AF67455219C4F1682D152E4 /* exec.cc in Sources */ = {isa = PBXBuildFile; fileRef = 13987C961D674151A7B45CF1 /* exec.cc */; };
		5E8E947A3EEE4FC58996C343 /* darwin.mm in Sources */ = {isa = PBXBuildFile; fileRef = F5BD35A094784F8F99EBFF9E /* darwin.mm */; };
		648B65480ED749279F25E9A1 /* user.cc in Sources */ = {isa = PBXBuildFile; fileRef = 75B0857D3C1542C89F815305 /* user.cc */; };
		6C7F728EE982458E849DF71F /* setting.cc in Sources */ = {isa = PBXBuildFile; fileRef = 68401E0DA6214142B0AF1137 /* setting.cc */; };
		73C0BDEA74944142BBD1D80A /* cpu.cc in Sources */ = {isa = PBXBuildFile; fileRef = 9760A0B689B04A6589C3A3B5 /* cpu.cc */; };
		75108D85F9DB4F2386F5A2AA /* update-cb.cc in Sources */ = {isa = PBXBuildFile; fileRef = 333389285084430A811A692B /* update-cb.cc */; };
		78385B49EE284B79A203F179 /* lua-config.cc in Sources */ = {isa = PBXBuildFile; fileRef = 1F82B7A3C136431BACCC0207 /* lua-config.cc */; };
		795ED30510EB443B9D916720 /* nc.cc in Sources */ = {isa = PBXBuildFile; fileRef = D801C575A3DF4C1C98A06F65 /* nc.cc */; };
		86862F318E014D9DBDE0C474 /* luamm.cc in Sources */ = {isa = PBXBuildFile; fileRef = 433EB7A3FD1342D8A857C0E4 /* luamm.cc */; };
		86B9486D95C94620B788559F /* net_stat.cc in Sources */ = {isa = PBXBuildFile; fileRef = 4F2B8A22CA55451C86FB1C15 /* net_stat.cc */; };
		8965E4D4397D4AC2B7259450 /* cmus.cc in Sources */ = {isa = PBXBuildFile; fileRef = 994E932DDA7C46478CB89B94 /* cmus.cc */; };
		8B55B3E4D2BB4E41A47EFEF2 /* temphelper.cc in Sources */ = {isa = PBXBuildFile; fileRef = C034439E9BF240A2BA3CC5B4 /* temphelper.cc */; };
		8E0469706CF84EC29208E6B7 /* x11.cc in Sources */ = {isa = PBXBuildFile; fileRef = 73A65D9DCE4745EAB07F08DF /* x11.cc */; };
		90977EC875504B2FB5B573DF /* common.cc in Sources */ = {isa = PBXBuildFile; fileRef = A95B6BE252E944FCB9578D67 /* common.cc */; };
		95106DD561EC42AAA8BA655B /* core.cc in Sources */ = {isa = PBXBuildFile; fileRef = 513CAB52AE4149AD8F5B2622 /* core.cc */; };
		9CF779BF34D6484091DCFDCA /* apcupsd.cc in Sources */ = {isa = PBXBuildFile; fileRef = 5AE1205160384D9C82361FF0 /* apcupsd.cc */; };
		A0BB7F6C6D9C414A913B65B9 /* eve.cc in Sources */ = {isa = PBXBuildFile; fileRef = 23255AAC8A0F4271A92AFDCE /* eve.cc */; };
		A423A219E9764F8883933DF3 /* libmpdclient.cc in Sources */ = {isa = PBXBuildFile; fileRef = 3CEFB1075586495CA3E15F91 /* libmpdclient.cc */; };
		A687FEA3CD2F43CBB662C9CD /* top.cc in Sources */ = {isa = PBXBuildFile; fileRef = 632D9BA351D647AFA3ADE155 /* top.cc */; };
		AD5FE798C45F449B84BF2E82 /* entropy.cc in Sources */ = {isa = PBXBuildFile; fileRef = F495F6D916054447846986D4 /* entropy.cc */; };
		C9B76E858DC7448F8129F6FE /* algebra.cc in Sources */ = {isa = PBXBuildFile; fileRef = 0081834A84DC4953B1698E4C /* algebra.cc */; };
		CCE15D3C8D4242D59064F420 /* template.cc in Sources */ = {isa = PBXBuildFile; fileRef = CE105F3D773D49DFAD5D3A75 /* template.cc */; };
		D189B3839D95459BA6F04057 /* conky.cc in Sources */ = {isa = PBXBuildFile; fileRef = 631A3A0BC02242E4B62912BC /* conky.cc */; };
		D2F505ED97274172869C8212 /* scroll.cc in Sources */ = {isa = PBXBuildFile; fileRef = A93462CC1A7F4C92AF15071F /* scroll.cc */; };
		D6C0C641E4264D0B86C9182A /* mboxscan.cc in Sources */ = {isa = PBXBuildFile; fileRef = 45B4F71878EA4F86BB2ADFEB /* mboxscan.cc */; };
		D9D9F2212CB84231878C50A4 /* fonts.cc in Sources */ = {isa = PBXBuildFile; fileRef = B34828240DA245D292A1B67B /* fonts.cc */; };
		DBD5390F48254C498D100C86 /* fs.cc in Sources */ = {isa = PBXBuildFile; fileRef = 5562916FDEDF428C8C2AB383 /* fs.cc */; };
		DF80271DA15D475BA6B0DF8A /* misc.cc in Sources */ = {isa = PBXBuildFile; fileRef = BF5F43349AD34ABDB60D9354 /* misc.cc */; };
		E1144A43C02B4CA38EDAFA9F /* c++wrap.cc in Sources */ = {isa = PBXBuildFile; fileRef = 9E2DFD0D24AA4BBA940EBF4A /* c++wrap.cc */; };
		E4641844A0664DC5B03851DA /* colours.cc in Sources */ = {isa = PBXBuildFile; fileRef = 9B436210C1084FD0ACAE8040 /* colours.cc */; };
		E950EA1B86EA43BFBF4CF6B0 /* proc.cc in Sources */ = {isa = PBXBuildFile; fileRef = 3DDAA191C18247DBB9C5152C /* proc.cc */; };
		E9D235CBA38C447995785A93 /* prioqueue.cc in Sources */ = {isa = PBXBuildFile; fileRef = 5B73DD45B4624832A63961B8 /* prioqueue.cc */; };
		F4D786A4B78C45BBB1F6B78F /* read_tcpip.cc in Sources */ = {isa = PBXBuildFile; fileRef = 5A0D47BAB61246C09F0A978E /* read_tcpip.cc */; };
		F635E1BECE5F4BD3BAC894D4 /* ccurl_thread.cc in Sources */ = {isa = PBXBuildFile; fileRef = 506B59F32AE24C1A875E17F9 /* ccurl_thread.cc */; };
/* End PBXBuildFile section */

/* Begin PBXContainerItemProxy section */
		27688E3000584AE98687E68A /* PBXContainerItemProxy */ = {
			isa = PBXContainerItemProxy;
			containerPortal = 3F2069D32EA7431AAC0325C9 /* Project object */;
			proxyType = 1;
			remoteGlobalIDString = 50893172E16247ECB97C6BE3;
			remoteInfo = ZERO_CHECK;
		};
		3053659DBE2B4635A0BEAD23 /* PBXContainerItemProxy */ = {
			isa = PBXContainerItemProxy;
			containerPortal = 3F2069D32EA7431AAC0325C9 /* Project object */;
			proxyType = 1;
			remoteGlobalIDString = 517E41C7D9ED473CBEDFCD98;
			remoteInfo = conky;
		};
		44D42C877F744306B9E16210 /* PBXContainerItemProxy */ = {
			isa = PBXContainerItemProxy;
			containerPortal = 3F2069D32EA7431AAC0325C9 /* Project object */;
			proxyType = 1;
			remoteGlobalIDString = DC941F7A02B649988825B376;
			remoteInfo = defconfig;
		};
		55020D61F4DE4EC6A55985F1 /* PBXContainerItemProxy */ = {
			isa = PBXContainerItemProxy;
			containerPortal = 3F2069D32EA7431AAC0325C9 /* Project object */;
			proxyType = 1;
			remoteGlobalIDString = 50893172E16247ECB97C6BE3;
			remoteInfo = ZERO_CHECK;
		};
		6552BF1D1EAD4FC2AACCC6C9 /* PBXContainerItemProxy */ = {
			isa = PBXContainerItemProxy;
			containerPortal = 3F2069D32EA7431AAC0325C9 /* Project object */;
			proxyType = 1;
			remoteGlobalIDString = 85F2AC581DD4453CA2408F2B;
			remoteInfo = ALL_BUILD;
		};
		7EC99028CC2648BEB5C4F71B /* PBXContainerItemProxy */ = {
			isa = PBXContainerItemProxy;
			containerPortal = 3F2069D32EA7431AAC0325C9 /* Project object */;
			proxyType = 1;
			remoteGlobalIDString = 85F2AC581DD4453CA2408F2B;
			remoteInfo = ALL_BUILD;
		};
		7F04FAED5A0B40399041C59F /* PBXContainerItemProxy */ = {
			isa = PBXContainerItemProxy;
			containerPortal = 3F2069D32EA7431AAC0325C9 /* Project object */;
			proxyType = 1;
			remoteGlobalIDString = 376B84E663DA4B9FA370A861;
			remoteInfo = convertconf;
		};
		7FA2CFAC043448C4B62A515F /* PBXContainerItemProxy */ = {
			isa = PBXContainerItemProxy;
			containerPortal = 3F2069D32EA7431AAC0325C9 /* Project object */;
			proxyType = 1;
			remoteGlobalIDString = 50893172E16247ECB97C6BE3;
			remoteInfo = ZERO_CHECK;
		};
		BD362E959BF9423AA33EFE2B /* PBXContainerItemProxy */ = {
			isa = PBXContainerItemProxy;
			containerPortal = 3F2069D32EA7431AAC0325C9 /* Project object */;
			proxyType = 1;
			remoteGlobalIDString = 50893172E16247ECB97C6BE3;
			remoteInfo = ZERO_CHECK;
		};
/* End PBXContainerItemProxy section */

/* Begin PBXFileReference section */
		0075B321A27D4960B67A13E4 /* CMakeLists.txt */ = {isa = PBXFileReference; explicitFileType = sourcecode.text; fileEncoding = 4; lastKnownFileType = text; name = CMakeLists.txt; path = data/CMakeLists.txt; sourceTree = SOURCE_ROOT; };
		0081834A84DC4953B1698E4C /* algebra.cc */ = {isa = PBXFileReference; explicitFileType = sourcecode.cpp.cpp; fileEncoding = 4; name = algebra.cc; path = src/algebra.cc; sourceTree = SOURCE_ROOT; };
		00A453BC0FCD4D2D81D8E2F2 /* exec.h */ = {isa = PBXFileReference; explicitFileType = sourcecode.c.h; fileEncoding = 4; name = exec.h; path = src/exec.h; sourceTree = SOURCE_ROOT; };
		02EBE2DD40854F5FBDB6D62D /* colours.h */ = {isa = PBXFileReference; explicitFileType = sourcecode.c.h; fileEncoding = 4; name = colours.h; path = src/colours.h; sourceTree = SOURCE_ROOT; };
		0BBE99374D334AFFB198CD0A /* weather.h */ = {isa = PBXFileReference; explicitFileType = sourcecode.c.h; fileEncoding = 4; name = weather.h; path = src/weather.h; sourceTree = SOURCE_ROOT; };
		0DA08460A5F342A5991CBCFC /* combine.h */ = {isa = PBXFileReference; explicitFileType = sourcecode.c.h; fileEncoding = 4; name = combine.h; path = src/combine.h; sourceTree = SOURCE_ROOT; };
		10F00D432E8A4D9B8687D588 /* setting.hh */ = {isa = PBXFileReference; explicitFileType = sourcecode.cpp.h; fileEncoding = 4; name = setting.hh; path = src/setting.hh; sourceTree = SOURCE_ROOT; };
		13987C961D674151A7B45CF1 /* exec.cc */ = {isa = PBXFileReference; explicitFileType = sourcecode.cpp.cpp; fileEncoding = 4; name = exec.cc; path = src/exec.cc; sourceTree = SOURCE_ROOT; };
		1911E974D9A24882BF5A0C6B /* user.h */ = {isa = PBXFileReference; explicitFileType = sourcecode.c.h; fileEncoding = 4; name = user.h; path = src/user.h; sourceTree = SOURCE_ROOT; };
		1B6654FC5C9F4F5C9590E581 /* imlib2.cc */ = {isa = PBXFileReference; explicitFileType = sourcecode.cpp.cpp; fileEncoding = 4; name = imlib2.cc; path = src/imlib2.cc; sourceTree = SOURCE_ROOT; };
		1F82B7A3C136431BACCC0207 /* lua-config.cc */ = {isa = PBXFileReference; explicitFileType = sourcecode.cpp.cpp; fileEncoding = 4; name = "lua-config.cc"; path = "src/lua-config.cc"; sourceTree = SOURCE_ROOT; };
		23255AAC8A0F4271A92AFDCE /* eve.cc */ = {isa = PBXFileReference; explicitFileType = sourcecode.cpp.cpp; fileEncoding = 4; name = eve.cc; path = src/eve.cc; sourceTree = SOURCE_ROOT; };
		27858F3202724E0A8E6B98CD /* cmus.h */ = {isa = PBXFileReference; explicitFileType = sourcecode.c.h; fileEncoding = 4; name = cmus.h; path = src/cmus.h; sourceTree = SOURCE_ROOT; };
		2A8112ADB9FE405F92434778 /* diskio.h */ = {isa = PBXFileReference; explicitFileType = sourcecode.c.h; fileEncoding = 4; name = diskio.h; path = src/diskio.h; sourceTree = SOURCE_ROOT; };
		2AB621CD0AD14CCCB0608F9A /* proc.h */ = {isa = PBXFileReference; explicitFileType = sourcecode.c.h; fileEncoding = 4; name = proc.h; path = src/proc.h; sourceTree = SOURCE_ROOT; };
		326225C2815E47B5BF0D7875 /* data-source.hh */ = {isa = PBXFileReference; explicitFileType = sourcecode.cpp.h; fileEncoding = 4; name = "data-source.hh"; path = "src/data-source.hh"; sourceTree = SOURCE_ROOT; };
		333389285084430A811A692B /* update-cb.cc */ = {isa = PBXFileReference; explicitFileType = sourcecode.cpp.cpp; fileEncoding = 4; name = "update-cb.cc"; path = "src/update-cb.cc"; sourceTree = SOURCE_ROOT; };
		33779F8D833C406784A7D004 /* nc.h */ = {isa = PBXFileReference; explicitFileType = sourcecode.c.h; fileEncoding = 4; name = nc.h; path = src/nc.h; sourceTree = SOURCE_ROOT; };
		340C8739C56C4C8D95ABE92F /* conky.h */ = {isa = PBXFileReference; explicitFileType = sourcecode.c.h; fileEncoding = 4; name = conky.h; path = src/conky.h; sourceTree = SOURCE_ROOT; };
		3BECCF142B88400BB73B30A3 /* timeinfo.h */ = {isa = PBXFileReference; explicitFileType = sourcecode.c.h; fileEncoding = 4; name = timeinfo.h; path = src/timeinfo.h; sourceTree = SOURCE_ROOT; };
		3CEFB1075586495CA3E15F91 /* libmpdclient.cc */ = {isa = PBXFileReference; explicitFileType = sourcecode.cpp.cpp; fileEncoding = 4; name = libmpdclient.cc; path = src/libmpdclient.cc; sourceTree = SOURCE_ROOT; };
		3DDAA191C18247DBB9C5152C /* proc.cc */ = {isa = PBXFileReference; explicitFileType = sourcecode.cpp.cpp; fileEncoding = 4; name = proc.cc; path = src/proc.cc; sourceTree = SOURCE_ROOT; };
		433EB7A3FD1342D8A857C0E4 /* luamm.cc */ = {isa = PBXFileReference; explicitFileType = sourcecode.cpp.cpp; fileEncoding = 4; name = luamm.cc; path = src/luamm.cc; sourceTree = SOURCE_ROOT; };
		45B4F71878EA4F86BB2ADFEB /* mboxscan.cc */ = {isa = PBXFileReference; explicitFileType = sourcecode.cpp.cpp; fileEncoding = 4; name = mboxscan.cc; path = src/mboxscan.cc; sourceTree = SOURCE_ROOT; };
		471EEF8543804A06904C3017 /* text_object.h */ = {isa = PBXFileReference; explicitFileType = sourcecode.c.h; fileEncoding = 4; name = text_object.h; path = src/text_object.h; sourceTree = SOURCE_ROOT; };
		4B0B632F511147E3B0449724 /* lua-config.hh */ = {isa = PBXFileReference; explicitFileType = sourcecode.cpp.h; fileEncoding = 4; name = "lua-config.hh"; path = "src/lua-config.hh"; sourceTree = SOURCE_ROOT; };
		4B97AE5DD3AA490EBF39BCE2 /* read_tcpip.h */ = {isa = PBXFileReference; explicitFileType = sourcecode.c.h; fileEncoding = 4; name = read_tcpip.h; path = src/read_tcpip.h; sourceTree = SOURCE_ROOT; };
		4C108C70244047C9BE3D159B /* moc.cc */ = {isa = PBXFileReference; explicitFileType = sourcecode.cpp.cpp; fileEncoding = 4; name = moc.cc; path = src/moc.cc; sourceTree = SOURCE_ROOT; };
		4D85D36FD8FD4321ABD7F71B /* c++wrap.hh */ = {isa = PBXFileReference; explicitFileType = sourcecode.cpp.h; fileEncoding = 4; name = "c++wrap.hh"; path = "src/c++wrap.hh"; sourceTree = SOURCE_ROOT; };
		4DB8C2100E0447F4921902B3 /* tailhead.h */ = {isa = PBXFileReference; explicitFileType = sourcecode.c.h; fileEncoding = 4; name = tailhead.h; path = src/tailhead.h; sourceTree = SOURCE_ROOT; };
		4F2B8A22CA55451C86FB1C15 /* net_stat.cc */ = {isa = PBXFileReference; explicitFileType = sourcecode.cpp.cpp; fileEncoding = 4; name = net_stat.cc; path = src/net_stat.cc; sourceTree = SOURCE_ROOT; };
		4F367C3F15C2464A87E4028D /* logging.h */ = {isa = PBXFileReference; explicitFileType = sourcecode.c.h; fileEncoding = 4; name = logging.h; path = src/logging.h; sourceTree = SOURCE_ROOT; };
		506B59F32AE24C1A875E17F9 /* ccurl_thread.cc */ = {isa = PBXFileReference; explicitFileType = sourcecode.cpp.cpp; fileEncoding = 4; name = ccurl_thread.cc; path = src/ccurl_thread.cc; sourceTree = SOURCE_ROOT; };
		513CAB52AE4149AD8F5B2622 /* core.cc */ = {isa = PBXFileReference; explicitFileType = sourcecode.cpp.cpp; fileEncoding = 4; name = core.cc; path = src/core.cc; sourceTree = SOURCE_ROOT; };
		534E63917674479E998827F2 /* ccurl_thread.h */ = {isa = PBXFileReference; explicitFileType = sourcecode.c.h; fileEncoding = 4; name = ccurl_thread.h; path = src/ccurl_thread.h; sourceTree = SOURCE_ROOT; };
		5393D2860A574A7080CB4298 /* algebra.h */ = {isa = PBXFileReference; explicitFileType = sourcecode.c.h; fileEncoding = 4; name = algebra.h; path = src/algebra.h; sourceTree = SOURCE_ROOT; };
		5562916FDEDF428C8C2AB383 /* fs.cc */ = {isa = PBXFileReference; explicitFileType = sourcecode.cpp.cpp; fileEncoding = 4; name = fs.cc; path = src/fs.cc; sourceTree = SOURCE_ROOT; };
		557D9023A7D34088A707D343 /* fonts.h */ = {isa = PBXFileReference; explicitFileType = sourcecode.c.h; fileEncoding = 4; name = fonts.h; path = src/fonts.h; sourceTree = SOURCE_ROOT; };
		56B98B220FA444039CEE5243 /* specials.cc */ = {isa = PBXFileReference; explicitFileType = sourcecode.cpp.cpp; fileEncoding = 4; name = specials.cc; path = src/specials.cc; sourceTree = SOURCE_ROOT; };
		5A0D47BAB61246C09F0A978E /* read_tcpip.cc */ = {isa = PBXFileReference; explicitFileType = sourcecode.cpp.cpp; fileEncoding = 4; name = read_tcpip.cc; path = src/read_tcpip.cc; sourceTree = SOURCE_ROOT; };
		5AE1205160384D9C82361FF0 /* apcupsd.cc */ = {isa = PBXFileReference; explicitFileType = sourcecode.cpp.cpp; fileEncoding = 4; name = apcupsd.cc; path = src/apcupsd.cc; sourceTree = SOURCE_ROOT; };
		5B73DD45B4624832A63961B8 /* prioqueue.cc */ = {isa = PBXFileReference; explicitFileType = sourcecode.cpp.cpp; fileEncoding = 4; name = prioqueue.cc; path = src/prioqueue.cc; sourceTree = SOURCE_ROOT; };
		5D21C0BB1D004126BED6977B /* i18n.h */ = {isa = PBXFileReference; explicitFileType = sourcecode.c.h; fileEncoding = 4; name = i18n.h; path = src/i18n.h; sourceTree = SOURCE_ROOT; };
		5E9D5BF09A3F45F7A4824F4C /* conky */ = {isa = PBXFileReference; explicitFileType = "compiled.mach-o.executable"; path = conky; sourceTree = BUILT_PRODUCTS_DIR; };
		5ECFB796FD5F440AA40F670D /* llua.cc */ = {isa = PBXFileReference; explicitFileType = sourcecode.cpp.cpp; fileEncoding = 4; name = llua.cc; path = src/llua.cc; sourceTree = SOURCE_ROOT; };
		621076E6FA9E49BF89BA8C10 /* eve.h */ = {isa = PBXFileReference; explicitFileType = sourcecode.c.h; fileEncoding = 4; name = eve.h; path = src/eve.h; sourceTree = SOURCE_ROOT; };
		631A3A0BC02242E4B62912BC /* conky.cc */ = {isa = PBXFileReference; explicitFileType = sourcecode.cpp.cpp; fileEncoding = 4; name = conky.cc; path = src/conky.cc; sourceTree = SOURCE_ROOT; };
		632D9BA351D647AFA3ADE155 /* top.cc */ = {isa = PBXFileReference; explicitFileType = sourcecode.cpp.cpp; fileEncoding = 4; name = top.cc; path = src/top.cc; sourceTree = SOURCE_ROOT; };
		68401E0DA6214142B0AF1137 /* setting.cc */ = {isa = PBXFileReference; explicitFileType = sourcecode.cpp.cpp; fileEncoding = 4; name = setting.cc; path = src/setting.cc; sourceTree = SOURCE_ROOT; };
		6932EA2DF3084C319822A690 /* CMakeLists.txt */ = {isa = PBXFileReference; explicitFileType = sourcecode.text; fileEncoding = 4; lastKnownFileType = text; name = CMakeLists.txt; path = data/CMakeLists.txt; sourceTree = SOURCE_ROOT; };
		6AB67B71E76D48DCA78EBAEA /* top.h */ = {isa = PBXFileReference; explicitFileType = sourcecode.c.h; fileEncoding = 4; name = top.h; path = src/top.h; sourceTree = SOURCE_ROOT; };
		6B9737B336A447788DEC98FC /* CMakeLists.txt */ = {isa = PBXFileReference; explicitFileType = sourcecode.text; fileEncoding = 4; lastKnownFileType = text; name = CMakeLists.txt; path = src/CMakeLists.txt; sourceTree = SOURCE_ROOT; };
		6CC13991E4B6416B97E0A669 /* temphelper.h */ = {isa = PBXFileReference; explicitFileType = sourcecode.c.h; fileEncoding = 4; name = temphelper.h; path = src/temphelper.h; sourceTree = SOURCE_ROOT; };
		72D105B1A9244B8EA9EE9FE8 /* x11.h */ = {isa = PBXFileReference; explicitFileType = sourcecode.c.h; fileEncoding = 4; name = x11.h; path = src/x11.h; sourceTree = SOURCE_ROOT; };
		733B408046994BCCA29E82C9 /* mboxscan.h */ = {isa = PBXFileReference; explicitFileType = sourcecode.c.h; fileEncoding = 4; name = mboxscan.h; path = src/mboxscan.h; sourceTree = SOURCE_ROOT; };
		73A65D9DCE4745EAB07F08DF /* x11.cc */ = {isa = PBXFileReference; explicitFileType = sourcecode.cpp.cpp; fileEncoding = 4; name = x11.cc; path = src/x11.cc; sourceTree = SOURCE_ROOT; };
		75B0857D3C1542C89F815305 /* user.cc */ = {isa = PBXFileReference; explicitFileType = sourcecode.cpp.cpp; fileEncoding = 4; name = user.cc; path = src/user.cc; sourceTree = SOURCE_ROOT; };
		76A1CD7FA67644EFB7720BDC /* data-source.cc */ = {isa = PBXFileReference; explicitFileType = sourcecode.cpp.cpp; fileEncoding = 4; name = "data-source.cc"; path = "src/data-source.cc"; sourceTree = SOURCE_ROOT; };
		7A03CC5604E742B493C59FF5 /* config.h */ = {isa = PBXFileReference; explicitFileType = sourcecode.c.h; fileEncoding = 4; name = config.h; path = forConkyX/config.h; sourceTree = SOURCE_ROOT; };
		7A80478D9F1F453CB2F9BEF5 /* darwin.h */ = {isa = PBXFileReference; explicitFileType = sourcecode.c.h; fileEncoding = 4; name = darwin.h; path = src/darwin.h; sourceTree = SOURCE_ROOT; };
		7E65E9291C0C46598F8FE93F /* combine.cc */ = {isa = PBXFileReference; explicitFileType = sourcecode.cpp.cpp; fileEncoding = 4; name = combine.cc; path = src/combine.cc; sourceTree = SOURCE_ROOT; };
		80F96217A98449958B842DFD /* libmpdclient.h */ = {isa = PBXFileReference; explicitFileType = sourcecode.c.h; fileEncoding = 4; name = libmpdclient.h; path = src/libmpdclient.h; sourceTree = SOURCE_ROOT; };
		827160C112614E5B9CB0A2AA /* core.h */ = {isa = PBXFileReference; explicitFileType = sourcecode.c.h; fileEncoding = 4; name = core.h; path = src/core.h; sourceTree = SOURCE_ROOT; };
		8A0286FA30544E169D5A1DAF /* prioqueue.h */ = {isa = PBXFileReference; explicitFileType = sourcecode.c.h; fileEncoding = 4; name = prioqueue.h; path = src/prioqueue.h; sourceTree = SOURCE_ROOT; };
		8B21A96DCBEA488A8999CAFC /* luamm.hh */ = {isa = PBXFileReference; explicitFileType = sourcecode.cpp.h; fileEncoding = 4; name = luamm.hh; path = src/luamm.hh; sourceTree = SOURCE_ROOT; };
		8BA396B3DA174548BA129EC0 /* update-cb.hh */ = {isa = PBXFileReference; explicitFileType = sourcecode.cpp.h; fileEncoding = 4; name = "update-cb.hh"; path = "src/update-cb.hh"; sourceTree = SOURCE_ROOT; };
		8CA8262FFD84495F9D6F26F5 /* diskio.cc */ = {isa = PBXFileReference; explicitFileType = sourcecode.cpp.cpp; fileEncoding = 4; name = diskio.cc; path = src/diskio.cc; sourceTree = SOURCE_ROOT; };
		8E57367EF0014AFB8E0AC175 /* cpu.h */ = {isa = PBXFileReference; explicitFileType = sourcecode.c.h; fileEncoding = 4; name = cpu.h; path = src/cpu.h; sourceTree = SOURCE_ROOT; };
		92344F570F7E475FAA2D9554 /* tailhead.cc */ = {isa = PBXFileReference; explicitFileType = sourcecode.cpp.cpp; fileEncoding = 4; name = tailhead.cc; path = src/tailhead.cc; sourceTree = SOURCE_ROOT; };
		9760A0B689B04A6589C3A3B5 /* cpu.cc */ = {isa = PBXFileReference; explicitFileType = sourcecode.cpp.cpp; fileEncoding = 4; name = cpu.cc; path = src/cpu.cc; sourceTree = SOURCE_ROOT; };
		994E932DDA7C46478CB89B94 /* cmus.cc */ = {isa = PBXFileReference; explicitFileType = sourcecode.cpp.cpp; fileEncoding = 4; name = cmus.cc; path = src/cmus.cc; sourceTree = SOURCE_ROOT; };
		9B436210C1084FD0ACAE8040 /* colours.cc */ = {isa = PBXFileReference; explicitFileType = sourcecode.cpp.cpp; fileEncoding = 4; name = colours.cc; path = src/colours.cc; sourceTree = SOURCE_ROOT; };
		9CC9485F3E4C495FA4C06869 /* misc.h */ = {isa = PBXFileReference; explicitFileType = sourcecode.c.h; fileEncoding = 4; name = misc.h; path = src/misc.h; sourceTree = SOURCE_ROOT; };
		9E2DFD0D24AA4BBA940EBF4A /* c++wrap.cc */ = {isa = PBXFileReference; explicitFileType = sourcecode.cpp.cpp; fileEncoding = 4; name = "c++wrap.cc"; path = "src/c++wrap.cc"; sourceTree = SOURCE_ROOT; };
		A436090B3B984AC594AF27E5 /* mpd.cc */ = {isa = PBXFileReference; explicitFileType = sourcecode.cpp.cpp; fileEncoding = 4; name = mpd.cc; path = src/mpd.cc; sourceTree = SOURCE_ROOT; };
		A67A49C99D614AFAAB9C73D6 /* moc.h */ = {isa = PBXFileReference; explicitFileType = sourcecode.c.h; fileEncoding = 4; name = moc.h; path = src/moc.h; sourceTree = SOURCE_ROOT; };
		A6AB1FB5F3CF42EE855735EF /* template.h */ = {isa = PBXFileReference; explicitFileType = sourcecode.c.h; fileEncoding = 4; name = template.h; path = src/template.h; sourceTree = SOURCE_ROOT; };
		A93462CC1A7F4C92AF15071F /* scroll.cc */ = {isa = PBXFileReference; explicitFileType = sourcecode.cpp.cpp; fileEncoding = 4; name = scroll.cc; path = src/scroll.cc; sourceTree = SOURCE_ROOT; };
		A95B6BE252E944FCB9578D67 /* common.cc */ = {isa = PBXFileReference; explicitFileType = sourcecode.cpp.cpp; fileEncoding = 4; name = common.cc; path = src/common.cc; sourceTree = SOURCE_ROOT; };
		AB73D99AF208486FB1A3A895 /* apcupsd.h */ = {isa = PBXFileReference; explicitFileType = sourcecode.c.h; fileEncoding = 4; name = apcupsd.h; path = src/apcupsd.h; sourceTree = SOURCE_ROOT; };
		AF7E9CB22CAD45D8826C34F7 /* scroll.h */ = {isa = PBXFileReference; explicitFileType = sourcecode.c.h; fileEncoding = 4; name = scroll.h; path = src/scroll.h; sourceTree = SOURCE_ROOT; };
		B22EA1253294447F823BD190 /* net_stat.h */ = {isa = PBXFileReference; explicitFileType = sourcecode.c.h; fileEncoding = 4; name = net_stat.h; path = src/net_stat.h; sourceTree = SOURCE_ROOT; };
		B34828240DA245D292A1B67B /* fonts.cc */ = {isa = PBXFileReference; explicitFileType = sourcecode.cpp.cpp; fileEncoding = 4; name = fonts.cc; path = src/fonts.cc; sourceTree = SOURCE_ROOT; };
		B92600E819C344EEA7D5996E /* text_object.cc */ = {isa = PBXFileReference; explicitFileType = sourcecode.cpp.cpp; fileEncoding = 4; name = text_object.cc; path = src/text_object.cc; sourceTree = SOURCE_ROOT; };
		BDE239079CEF480FA6423A7E /* mail.cc */ = {isa = PBXFileReference; explicitFileType = sourcecode.cpp.cpp; fileEncoding = 4; name = mail.cc; path = src/mail.cc; sourceTree = SOURCE_ROOT; };
		BF5F43349AD34ABDB60D9354 /* misc.cc */ = {isa = PBXFileReference; explicitFileType = sourcecode.cpp.cpp; fileEncoding = 4; name = misc.cc; path = src/misc.cc; sourceTree = SOURCE_ROOT; };
		C034439E9BF240A2BA3CC5B4 /* temphelper.cc */ = {isa = PBXFileReference; explicitFileType = sourcecode.cpp.cpp; fileEncoding = 4; name = temphelper.cc; path = src/temphelper.cc; sourceTree = SOURCE_ROOT; };
		C611D26BFA2B408BAE943652 /* llua.h */ = {isa = PBXFileReference; explicitFileType = sourcecode.c.h; fileEncoding = 4; name = llua.h; path = src/llua.h; sourceTree = SOURCE_ROOT; };
		CB5EC13A1798422698E5D05D /* mpd.h */ = {isa = PBXFileReference; explicitFileType = sourcecode.c.h; fileEncoding = 4; name = mpd.h; path = src/mpd.h; sourceTree = SOURCE_ROOT; };
		CCB4CD169E9E40C191927BED /* build.h */ = {isa = PBXFileReference; explicitFileType = sourcecode.c.h; fileEncoding = 4; name = build.h; path = forConkyX/build.h; sourceTree = SOURCE_ROOT; };
		CCF0C9F4AB3242FD8D1F3D13 /* entropy.h */ = {isa = PBXFileReference; explicitFileType = sourcecode.c.h; fileEncoding = 4; name = entropy.h; path = src/entropy.h; sourceTree = SOURCE_ROOT; };
		CE105F3D773D49DFAD5D3A75 /* template.cc */ = {isa = PBXFileReference; explicitFileType = sourcecode.cpp.cpp; fileEncoding = 4; name = template.cc; path = src/template.cc; sourceTree = SOURCE_ROOT; };
		CF807E07DEBF4DB3A409D938 /* CMakeLists.txt */ = {isa = PBXFileReference; explicitFileType = sourcecode.text; fileEncoding = 4; lastKnownFileType = text; path = CMakeLists.txt; sourceTree = SOURCE_ROOT; };
		D75B55EADEE6486B9E8A6B67 /* timeinfo.cc */ = {isa = PBXFileReference; explicitFileType = sourcecode.cpp.cpp; fileEncoding = 4; name = timeinfo.cc; path = src/timeinfo.cc; sourceTree = SOURCE_ROOT; };
		D7F0668E205E40D4B349D4D3 /* specials.h */ = {isa = PBXFileReference; explicitFileType = sourcecode.c.h; fileEncoding = 4; name = specials.h; path = src/specials.h; sourceTree = SOURCE_ROOT; };
		D801C575A3DF4C1C98A06F65 /* nc.cc */ = {isa = PBXFileReference; explicitFileType = sourcecode.cpp.cpp; fileEncoding = 4; name = nc.cc; path = src/nc.cc; sourceTree = SOURCE_ROOT; };
		D810BBF5723A455193601346 /* common.h */ = {isa = PBXFileReference; explicitFileType = sourcecode.c.h; fileEncoding = 4; name = common.h; path = src/common.h; sourceTree = SOURCE_ROOT; };
		DA8D7B9F3F934EDA994B95AA /* darwin_sip.h */ = {isa = PBXFileReference; explicitFileType = sourcecode.c.h; fileEncoding = 4; name = darwin_sip.h; path = src/darwin_sip.h; sourceTree = SOURCE_ROOT; };
		E369956B16ED4CC3A3A332E8 /* fs.h */ = {isa = PBXFileReference; explicitFileType = sourcecode.c.h; fileEncoding = 4; name = fs.h; path = src/fs.h; sourceTree = SOURCE_ROOT; };
		E3E491E79FD046F38893FC60 /* imlib2.h */ = {isa = PBXFileReference; explicitFileType = sourcecode.c.h; fileEncoding = 4; name = imlib2.h; path = src/imlib2.h; sourceTree = SOURCE_ROOT; };
		E850FEFDA10E408A939537A0 /* weather.cc */ = {isa = PBXFileReference; explicitFileType = sourcecode.cpp.cpp; fileEncoding = 4; name = weather.cc; path = src/weather.cc; sourceTree = SOURCE_ROOT; };
		F495F6D916054447846986D4 /* entropy.cc */ = {isa = PBXFileReference; explicitFileType = sourcecode.cpp.cpp; fileEncoding = 4; name = entropy.cc; path = src/entropy.cc; sourceTree = SOURCE_ROOT; };
		F5BD35A094784F8F99EBFF9E /* darwin.mm */ = {isa = PBXFileReference; explicitFileType = sourcecode.cpp.objcpp; fileEncoding = 4; name = darwin.mm; path = src/darwin.mm; sourceTree = SOURCE_ROOT; };
		F682F7725F934A67A1D54A25 /* mail.h */ = {isa = PBXFileReference; explicitFileType = sourcecode.c.h; fileEncoding = 4; name = mail.h; path = src/mail.h; sourceTree = SOURCE_ROOT; };
		FC3CAD134C1F4395B2E968F5 /* semaphore.hh */ = {isa = PBXFileReference; explicitFileType = sourcecode.cpp.h; fileEncoding = 4; name = semaphore.hh; path = src/semaphore.hh; sourceTree = SOURCE_ROOT; };
/* End PBXFileReference section */

/* Begin PBXGroup section */
		01518FBAF3D64AD292F994F0 /* Products */ = {
			isa = PBXGroup;
			children = (
				5E9D5BF09A3F45F7A4824F4C /* conky */,
			);
			name = Products;
			sourceTree = "<group>";
		};
		20B260D569344185ACFEE6B5 /* convertconf */ = {
			isa = PBXGroup;
			children = (
				6E56C7F83AE641C9974107E7 /* CMake Rules */,
				0075B321A27D4960B67A13E4 /* CMakeLists.txt */,
			);
			name = convertconf;
			sourceTree = "<group>";
		};
		27C06EB1BC424CB6B6D3AF3C /* CMake Rules */ = {
			isa = PBXGroup;
			children = (
			);
			name = "CMake Rules";
			sourceTree = "<group>";
		};
		68A815EA3254405695D5BCBE /* CMake Rules */ = {
			isa = PBXGroup;
			children = (
			);
			name = "CMake Rules";
			sourceTree = "<group>";
		};
		6E56C7F83AE641C9974107E7 /* CMake Rules */ = {
			isa = PBXGroup;
			children = (
			);
			name = "CMake Rules";
			sourceTree = "<group>";
		};
		8D1EE1C10E794C2D81785AD1 /* defconfig */ = {
			isa = PBXGroup;
			children = (
				68A815EA3254405695D5BCBE /* CMake Rules */,
				6932EA2DF3084C319822A690 /* CMakeLists.txt */,
			);
			name = defconfig;
			sourceTree = "<group>";
		};
		B63277F78E0A490481CB8A59 /* Header Files */ = {
			isa = PBXGroup;
			children = (
				CCB4CD169E9E40C191927BED /* build.h */,
				7A03CC5604E742B493C59FF5 /* config.h */,
				5393D2860A574A7080CB4298 /* algebra.h */,
				AB73D99AF208486FB1A3A895 /* apcupsd.h */,
				4D85D36FD8FD4321ABD7F71B /* c++wrap.hh */,
				534E63917674479E998827F2 /* ccurl_thread.h */,
				27858F3202724E0A8E6B98CD /* cmus.h */,
				02EBE2DD40854F5FBDB6D62D /* colours.h */,
				0DA08460A5F342A5991CBCFC /* combine.h */,
				D810BBF5723A455193601346 /* common.h */,
				340C8739C56C4C8D95ABE92F /* conky.h */,
				827160C112614E5B9CB0A2AA /* core.h */,
				8E57367EF0014AFB8E0AC175 /* cpu.h */,
				7A80478D9F1F453CB2F9BEF5 /* darwin.h */,
				DA8D7B9F3F934EDA994B95AA /* darwin_sip.h */,
				326225C2815E47B5BF0D7875 /* data-source.hh */,
				2A8112ADB9FE405F92434778 /* diskio.h */,
				CCF0C9F4AB3242FD8D1F3D13 /* entropy.h */,
				621076E6FA9E49BF89BA8C10 /* eve.h */,
				00A453BC0FCD4D2D81D8E2F2 /* exec.h */,
				557D9023A7D34088A707D343 /* fonts.h */,
				E369956B16ED4CC3A3A332E8 /* fs.h */,
				5D21C0BB1D004126BED6977B /* i18n.h */,
				E3E491E79FD046F38893FC60 /* imlib2.h */,
				80F96217A98449958B842DFD /* libmpdclient.h */,
				C611D26BFA2B408BAE943652 /* llua.h */,
				4F367C3F15C2464A87E4028D /* logging.h */,
				4B0B632F511147E3B0449724 /* lua-config.hh */,
				8B21A96DCBEA488A8999CAFC /* luamm.hh */,
				F682F7725F934A67A1D54A25 /* mail.h */,
				733B408046994BCCA29E82C9 /* mboxscan.h */,
				9CC9485F3E4C495FA4C06869 /* misc.h */,
				A67A49C99D614AFAAB9C73D6 /* moc.h */,
				CB5EC13A1798422698E5D05D /* mpd.h */,
				33779F8D833C406784A7D004 /* nc.h */,
				B22EA1253294447F823BD190 /* net_stat.h */,
				8A0286FA30544E169D5A1DAF /* prioqueue.h */,
				2AB621CD0AD14CCCB0608F9A /* proc.h */,
				4B97AE5DD3AA490EBF39BCE2 /* read_tcpip.h */,
				AF7E9CB22CAD45D8826C34F7 /* scroll.h */,
				FC3CAD134C1F4395B2E968F5 /* semaphore.hh */,
				10F00D432E8A4D9B8687D588 /* setting.hh */,
				D7F0668E205E40D4B349D4D3 /* specials.h */,
				4DB8C2100E0447F4921902B3 /* tailhead.h */,
				6CC13991E4B6416B97E0A669 /* temphelper.h */,
				A6AB1FB5F3CF42EE855735EF /* template.h */,
				471EEF8543804A06904C3017 /* text_object.h */,
				3BECCF142B88400BB73B30A3 /* timeinfo.h */,
				6AB67B71E76D48DCA78EBAEA /* top.h */,
				8BA396B3DA174548BA129EC0 /* update-cb.hh */,
				1911E974D9A24882BF5A0C6B /* user.h */,
				0BBE99374D334AFFB198CD0A /* weather.h */,
				72D105B1A9244B8EA9EE9FE8 /* x11.h */,
			);
			name = "Header Files";
			sourceTree = "<group>";
		};
		BF5CE531F1B346C78F8B6E25 = {
			isa = PBXGroup;
			children = (
				EA0B7118DEC94D79AE8F22CA /* ALL_BUILD */,
				20B260D569344185ACFEE6B5 /* convertconf */,
				8D1EE1C10E794C2D81785AD1 /* defconfig */,
				EE03901AE9A74AB6A5205DCD /* conky */,
				01518FBAF3D64AD292F994F0 /* Products */,
			);
			sourceTree = "<group>";
		};
		EA0B7118DEC94D79AE8F22CA /* ALL_BUILD */ = {
			isa = PBXGroup;
			children = (
				27C06EB1BC424CB6B6D3AF3C /* CMake Rules */,
				CF807E07DEBF4DB3A409D938 /* CMakeLists.txt */,
			);
			name = ALL_BUILD;
			sourceTree = "<group>";
		};
		EE03901AE9A74AB6A5205DCD /* conky */ = {
			isa = PBXGroup;
			children = (
				B63277F78E0A490481CB8A59 /* Header Files */,
				F0B7F86C323A4B2B867C5063 /* Source Files */,
				6B9737B336A447788DEC98FC /* CMakeLists.txt */,
			);
			name = conky;
			sourceTree = "<group>";
		};
		F0B7F86C323A4B2B867C5063 /* Source Files */ = {
			isa = PBXGroup;
			children = (
				0081834A84DC4953B1698E4C /* algebra.cc */,
				5AE1205160384D9C82361FF0 /* apcupsd.cc */,
				9E2DFD0D24AA4BBA940EBF4A /* c++wrap.cc */,
				506B59F32AE24C1A875E17F9 /* ccurl_thread.cc */,
				994E932DDA7C46478CB89B94 /* cmus.cc */,
				9B436210C1084FD0ACAE8040 /* colours.cc */,
				7E65E9291C0C46598F8FE93F /* combine.cc */,
				A95B6BE252E944FCB9578D67 /* common.cc */,
				631A3A0BC02242E4B62912BC /* conky.cc */,
				513CAB52AE4149AD8F5B2622 /* core.cc */,
				9760A0B689B04A6589C3A3B5 /* cpu.cc */,
				F5BD35A094784F8F99EBFF9E /* darwin.mm */,
				76A1CD7FA67644EFB7720BDC /* data-source.cc */,
				8CA8262FFD84495F9D6F26F5 /* diskio.cc */,
				F495F6D916054447846986D4 /* entropy.cc */,
				23255AAC8A0F4271A92AFDCE /* eve.cc */,
				13987C961D674151A7B45CF1 /* exec.cc */,
				B34828240DA245D292A1B67B /* fonts.cc */,
				5562916FDEDF428C8C2AB383 /* fs.cc */,
				1B6654FC5C9F4F5C9590E581 /* imlib2.cc */,
				3CEFB1075586495CA3E15F91 /* libmpdclient.cc */,
				5ECFB796FD5F440AA40F670D /* llua.cc */,
				1F82B7A3C136431BACCC0207 /* lua-config.cc */,
				433EB7A3FD1342D8A857C0E4 /* luamm.cc */,
				BDE239079CEF480FA6423A7E /* mail.cc */,
				45B4F71878EA4F86BB2ADFEB /* mboxscan.cc */,
				BF5F43349AD34ABDB60D9354 /* misc.cc */,
				4C108C70244047C9BE3D159B /* moc.cc */,
				A436090B3B984AC594AF27E5 /* mpd.cc */,
				D801C575A3DF4C1C98A06F65 /* nc.cc */,
				4F2B8A22CA55451C86FB1C15 /* net_stat.cc */,
				5B73DD45B4624832A63961B8 /* prioqueue.cc */,
				3DDAA191C18247DBB9C5152C /* proc.cc */,
				5A0D47BAB61246C09F0A978E /* read_tcpip.cc */,
				A93462CC1A7F4C92AF15071F /* scroll.cc */,
				68401E0DA6214142B0AF1137 /* setting.cc */,
				56B98B220FA444039CEE5243 /* specials.cc */,
				92344F570F7E475FAA2D9554 /* tailhead.cc */,
				C034439E9BF240A2BA3CC5B4 /* temphelper.cc */,
				CE105F3D773D49DFAD5D3A75 /* template.cc */,
				B92600E819C344EEA7D5996E /* text_object.cc */,
				D75B55EADEE6486B9E8A6B67 /* timeinfo.cc */,
				632D9BA351D647AFA3ADE155 /* top.cc */,
				333389285084430A811A692B /* update-cb.cc */,
				75B0857D3C1542C89F815305 /* user.cc */,
				E850FEFDA10E408A939537A0 /* weather.cc */,
				73A65D9DCE4745EAB07F08DF /* x11.cc */,
			);
			name = "Source Files";
			sourceTree = "<group>";
		};
/* End PBXGroup section */

/* Begin PBXNativeTarget section */
		517E41C7D9ED473CBEDFCD98 /* conky */ = {
			isa = PBXNativeTarget;
			buildConfigurationList = B350616359914AB79F71C6E9 /* Build configuration list for PBXNativeTarget "conky" */;
			buildPhases = (
				1617CC2681BB4058AB0760DA /* Sources */,
			);
			buildRules = (
			);
			dependencies = (
				7A44094A55D3425B807B54CB /* PBXTargetDependency */,
			);
			name = conky;
			productName = conky;
			productReference = 5E9D5BF09A3F45F7A4824F4C /* conky */;
			productType = "com.apple.product-type.tool";
		};
/* End PBXNativeTarget section */

/* Begin PBXProject section */
		3F2069D32EA7431AAC0325C9 /* Project object */ = {
			isa = PBXProject;
			attributes = {
				BuildIndependentTargetsInParallel = YES;
				LastUpgradeCheck = 0940;
				TargetAttributes = {
					517E41C7D9ED473CBEDFCD98 = {
						DevelopmentTeam = CC63MSFH9N;
						ProvisioningStyle = Automatic;
					};
				};
			};
			buildConfigurationList = 6F6D78E198C245DD96885315 /* Build configuration list for PBXProject "conky" */;
			compatibilityVersion = "Xcode 3.2";
			developmentRegion = en;
			hasScannedForEncodings = 0;
			knownRegions = (
				en,
			);
			mainGroup = BF5CE531F1B346C78F8B6E25;
			projectDirPath = ../;
			projectRoot = "";
			targets = (
				85F2AC581DD4453CA2408F2B /* ALL_BUILD */,
				50893172E16247ECB97C6BE3 /* ZERO_CHECK */,
				2D05D5DBF9C84A5B9902FBA4 /* install */,
				C56925F6E9DC48B890BB96C3 /* package */,
				376B84E663DA4B9FA370A861 /* convertconf */,
				DC941F7A02B649988825B376 /* defconfig */,
				517E41C7D9ED473CBEDFCD98 /* conky */,
			);
		};
/* End PBXProject section */

/* Begin PBXShellScriptBuildPhase section */
		0ED280F719D44655BA1815C5 /* CMake Rules */ = {
			isa = PBXShellScriptBuildPhase;
			buildActionMask = 2147483647;
			files = (
			);
			name = "CMake Rules";
			runOnlyForDeploymentPostprocessing = 0;
			shellPath = /bin/sh;
			shellScript = "make -C /Users/npyl/Manage-Conky/ConkyX/conky-for-macOS/forConkyX/data -f /Users/npyl/Manage-Conky/ConkyX/conky-for-macOS/forConkyX/data/CMakeScripts/convertconf_cmakeRulesBuildPhase.make$CONFIGURATION all";
			showEnvVarsInLog = 0;
		};
		3CF312DFB515416CACFA59F0 /* CMake PostBuild Rules */ = {
			isa = PBXShellScriptBuildPhase;
			buildActionMask = 2147483647;
			files = (
			);
			name = "CMake PostBuild Rules";
			runOnlyForDeploymentPostprocessing = 0;
			shellPath = /bin/sh;
			shellScript = "make -C /Users/npyl/Manage-Conky/ConkyX/conky-for-macOS/forConkyX -f /Users/npyl/Manage-Conky/ConkyX/conky-for-macOS/forConkyX/CMakeScripts/package_postBuildPhase.make$CONFIGURATION all";
			showEnvVarsInLog = 0;
		};
		6699E40182D742C1ACC1F54C /* CMake PostBuild Rules */ = {
			isa = PBXShellScriptBuildPhase;
			buildActionMask = 2147483647;
			files = (
			);
			name = "CMake PostBuild Rules";
			runOnlyForDeploymentPostprocessing = 0;
			shellPath = /bin/sh;
			shellScript = "make -C /Users/npyl/Manage-Conky/ConkyX/conky-for-macOS/forConkyX -f /Users/npyl/Manage-Conky/ConkyX/conky-for-macOS/forConkyX/CMakeScripts/install_postBuildPhase.make$CONFIGURATION all";
			showEnvVarsInLog = 0;
		};
		8347EA3879A84DDB9D0A66CA /* CMake Rules */ = {
			isa = PBXShellScriptBuildPhase;
			buildActionMask = 2147483647;
			files = (
			);
			name = "CMake Rules";
			runOnlyForDeploymentPostprocessing = 0;
			shellPath = /bin/sh;
			shellScript = "make -C /Users/npyl/Manage-Conky/ConkyX/conky-for-macOS/forConkyX/data -f /Users/npyl/Manage-Conky/ConkyX/conky-for-macOS/forConkyX/data/CMakeScripts/defconfig_cmakeRulesBuildPhase.make$CONFIGURATION all";
			showEnvVarsInLog = 0;
		};
		C851FC517AAE4D439648FD7A /* CMake Rules */ = {
			isa = PBXShellScriptBuildPhase;
			buildActionMask = 2147483647;
			files = (
			);
			name = "CMake Rules";
			runOnlyForDeploymentPostprocessing = 0;
			shellPath = /bin/sh;
			shellScript = "make -C /Users/npyl/Manage-Conky/ConkyX/conky-for-macOS/forConkyX -f /Users/npyl/Manage-Conky/ConkyX/conky-for-macOS/forConkyX/CMakeScripts/ZERO_CHECK_cmakeRulesBuildPhase.make$CONFIGURATION all";
			showEnvVarsInLog = 0;
		};
		D361804D41534BF79A6E78AF /* CMake Rules */ = {
			isa = PBXShellScriptBuildPhase;
			buildActionMask = 2147483647;
			files = (
			);
			name = "CMake Rules";
			runOnlyForDeploymentPostprocessing = 0;
			shellPath = /bin/sh;
			shellScript = "make -C /Users/npyl/Manage-Conky/ConkyX/conky-for-macOS/forConkyX -f /Users/npyl/Manage-Conky/ConkyX/conky-for-macOS/forConkyX/CMakeScripts/ALL_BUILD_cmakeRulesBuildPhase.make$CONFIGURATION all";
			showEnvVarsInLog = 0;
		};
/* End PBXShellScriptBuildPhase section */

/* Begin PBXSourcesBuildPhase section */
		1617CC2681BB4058AB0760DA /* Sources */ = {
			isa = PBXSourcesBuildPhase;
			buildActionMask = 2147483647;
			files = (
				C9B76E858DC7448F8129F6FE /* algebra.cc in Sources */,
				9CF779BF34D6484091DCFDCA /* apcupsd.cc in Sources */,
				E1144A43C02B4CA38EDAFA9F /* c++wrap.cc in Sources */,
				F635E1BECE5F4BD3BAC894D4 /* ccurl_thread.cc in Sources */,
				8965E4D4397D4AC2B7259450 /* cmus.cc in Sources */,
				E4641844A0664DC5B03851DA /* colours.cc in Sources */,
				48418D6A8F29432393D631D5 /* combine.cc in Sources */,
				90977EC875504B2FB5B573DF /* common.cc in Sources */,
				D189B3839D95459BA6F04057 /* conky.cc in Sources */,
				95106DD561EC42AAA8BA655B /* core.cc in Sources */,
				73C0BDEA74944142BBD1D80A /* cpu.cc in Sources */,
				5E8E947A3EEE4FC58996C343 /* darwin.mm in Sources */,
				1F34CEA0374748BFB40939FE /* data-source.cc in Sources */,
				156C89B9F40B47EB9FAD2DE0 /* diskio.cc in Sources */,
				AD5FE798C45F449B84BF2E82 /* entropy.cc in Sources */,
				A0BB7F6C6D9C414A913B65B9 /* eve.cc in Sources */,
				5AF67455219C4F1682D152E4 /* exec.cc in Sources */,
				D9D9F2212CB84231878C50A4 /* fonts.cc in Sources */,
				DBD5390F48254C498D100C86 /* fs.cc in Sources */,
				4E02F72E7471422EA38BF2FE /* imlib2.cc in Sources */,
				A423A219E9764F8883933DF3 /* libmpdclient.cc in Sources */,
				2941FF454498474DA7474E35 /* llua.cc in Sources */,
				78385B49EE284B79A203F179 /* lua-config.cc in Sources */,
				86862F318E014D9DBDE0C474 /* luamm.cc in Sources */,
				16A5609ECB8946CB92055015 /* mail.cc in Sources */,
				D6C0C641E4264D0B86C9182A /* mboxscan.cc in Sources */,
				DF80271DA15D475BA6B0DF8A /* misc.cc in Sources */,
				395480EC3D96403B81209E1B /* moc.cc in Sources */,
				3D9BA60B057B4ED89419988A /* mpd.cc in Sources */,
				795ED30510EB443B9D916720 /* nc.cc in Sources */,
				86B9486D95C94620B788559F /* net_stat.cc in Sources */,
				E9D235CBA38C447995785A93 /* prioqueue.cc in Sources */,
				E950EA1B86EA43BFBF4CF6B0 /* proc.cc in Sources */,
				F4D786A4B78C45BBB1F6B78F /* read_tcpip.cc in Sources */,
				D2F505ED97274172869C8212 /* scroll.cc in Sources */,
				6C7F728EE982458E849DF71F /* setting.cc in Sources */,
				43C736FBAA9C424E91FED9FC /* specials.cc in Sources */,
				4B932F2EE120484B8350B993 /* tailhead.cc in Sources */,
				8B55B3E4D2BB4E41A47EFEF2 /* temphelper.cc in Sources */,
				CCE15D3C8D4242D59064F420 /* template.cc in Sources */,
				21B1FD08C77B4C8595DD21FC /* text_object.cc in Sources */,
				1B7F9648B50C4C30AC813B56 /* timeinfo.cc in Sources */,
				A687FEA3CD2F43CBB662C9CD /* top.cc in Sources */,
				75108D85F9DB4F2386F5A2AA /* update-cb.cc in Sources */,
				648B65480ED749279F25E9A1 /* user.cc in Sources */,
				4CE89CC695D846A6902F0AD4 /* weather.cc in Sources */,
				8E0469706CF84EC29208E6B7 /* x11.cc in Sources */,
			);
			runOnlyForDeploymentPostprocessing = 0;
		};
/* End PBXSourcesBuildPhase section */

/* Begin PBXTargetDependency section */
		17FB845713984810AC8B07EA /* PBXTargetDependency */ = {
			isa = PBXTargetDependency;
			target = 517E41C7D9ED473CBEDFCD98 /* conky */;
			targetProxy = 3053659DBE2B4635A0BEAD23 /* PBXContainerItemProxy */;
		};
		19EA3799F5904B31A4A7BEAF /* PBXTargetDependency */ = {
			isa = PBXTargetDependency;
			target = 85F2AC581DD4453CA2408F2B /* ALL_BUILD */;
			targetProxy = 6552BF1D1EAD4FC2AACCC6C9 /* PBXContainerItemProxy */;
		};
		3D9EF85943BC4EDAB4A59D1F /* PBXTargetDependency */ = {
			isa = PBXTargetDependency;
			target = 85F2AC581DD4453CA2408F2B /* ALL_BUILD */;
			targetProxy = 7EC99028CC2648BEB5C4F71B /* PBXContainerItemProxy */;
		};
		4CAE88C262BD4DC499468DD7 /* PBXTargetDependency */ = {
			isa = PBXTargetDependency;
			target = 50893172E16247ECB97C6BE3 /* ZERO_CHECK */;
			targetProxy = BD362E959BF9423AA33EFE2B /* PBXContainerItemProxy */;
		};
		65392F56C9C14CF3B09BEB72 /* PBXTargetDependency */ = {
			isa = PBXTargetDependency;
			target = DC941F7A02B649988825B376 /* defconfig */;
			targetProxy = 44D42C877F744306B9E16210 /* PBXContainerItemProxy */;
		};
		726B7CD7510C4EF88F65CC7E /* PBXTargetDependency */ = {
			isa = PBXTargetDependency;
			target = 376B84E663DA4B9FA370A861 /* convertconf */;
			targetProxy = 7F04FAED5A0B40399041C59F /* PBXContainerItemProxy */;
		};
		7A44094A55D3425B807B54CB /* PBXTargetDependency */ = {
			isa = PBXTargetDependency;
			target = 50893172E16247ECB97C6BE3 /* ZERO_CHECK */;
			targetProxy = 7FA2CFAC043448C4B62A515F /* PBXContainerItemProxy */;
		};
		AE9AA3FB422E4BF7939E5C22 /* PBXTargetDependency */ = {
			isa = PBXTargetDependency;
			target = 50893172E16247ECB97C6BE3 /* ZERO_CHECK */;
			targetProxy = 27688E3000584AE98687E68A /* PBXContainerItemProxy */;
		};
		D1AF41829AFB4FBF877D46E5 /* PBXTargetDependency */ = {
			isa = PBXTargetDependency;
			target = 50893172E16247ECB97C6BE3 /* ZERO_CHECK */;
			targetProxy = 55020D61F4DE4EC6A55985F1 /* PBXContainerItemProxy */;
		};
/* End PBXTargetDependency section */

/* Begin XCBuildConfiguration section */
		0BE52285258B4122B2A04699 /* Release */ = {
			isa = XCBuildConfiguration;
			buildSettings = {
				COMBINE_HIDPI_IMAGES = YES;
				GCC_GENERATE_DEBUGGING_SYMBOLS = YES;
				GCC_INLINES_ARE_PRIVATE_EXTERN = NO;
				GCC_OPTIMIZATION_LEVEL = 0;
				GCC_PREPROCESSOR_DEFINITIONS = "'CMAKE_INTDIR=\"$(CONFIGURATION)$(EFFECTIVE_PLATFORM_NAME)\"'";
				GCC_SYMBOLS_PRIVATE_EXTERN = NO;
				INSTALL_PATH = "";
				OTHER_LDFLAGS = " ";
				OTHER_REZFLAGS = "";
				PRODUCT_NAME = convertconf;
				SECTORDER_FLAGS = "";
				SYMROOT = "/Users/npyl/Manage-Conky/ConkyX/conky-for-macOS/forConkyX/data";
				USE_HEADERMAP = NO;
				WARNING_CFLAGS = (
					"-Wmost",
					"-Wno-four-char-constants",
					"-Wno-unknown-pragmas",
					"$(inherited)",
				);
			};
			name = Release;
		};
		1C9CBC2AD135401EA649B41D /* MinSizeRel */ = {
			isa = XCBuildConfiguration;
			buildSettings = {
				CODE_SIGN_IDENTITY = "Mac Developer";
				CODE_SIGN_STYLE = Automatic;
				COMBINE_HIDPI_IMAGES = YES;
				DEVELOPMENT_TEAM = CC63MSFH9N;
				EXECUTABLE_PREFIX = "";
				EXECUTABLE_SUFFIX = "";
				GCC_GENERATE_DEBUGGING_SYMBOLS = NO;
				GCC_INLINES_ARE_PRIVATE_EXTERN = NO;
				GCC_OPTIMIZATION_LEVEL = s;
				GCC_PREPROCESSOR_DEFINITIONS = "'CMAKE_INTDIR=\"$(CONFIGURATION)$(EFFECTIVE_PLATFORM_NAME)\"'";
				GCC_SYMBOLS_PRIVATE_EXTERN = NO;
				HEADER_SEARCH_PATHS = (
					/usr/local/include,
					"/Users/npyl/Manage-Conky/ConkyX/conky-for-macOS/forConkyX",
					/usr/X11R6/include,
					/usr/local/include/freetype2,
					/usr/local/include/lua,
					/usr/include/libxml2,
					"/Users/npyl/Manage-Conky/ConkyX/conky-for-macOS/forConkyX/data",
				);
				INSTALL_PATH = "";
				LD_RUNPATH_SEARCH_PATHS = /usr/local/lib;
				LIBRARY_SEARCH_PATHS = (
					"/usr/local/lib/$(CONFIGURATION)$(EFFECTIVE_PLATFORM_NAME)",
					/usr/local/lib,
				);
				OTHER_CPLUSPLUSFLAGS = (
					"-std=c++17",
					"-DNDEBUG",
					"'-std=gnu++1z'",
				);
				OTHER_LDFLAGS = (
					"-Wl,-search_paths_first",
					"-Wl,-headerpad_max_install_names",
					/usr/local/lib/libintl.dylib,
					"-lncurses",
					"-lm",
					/usr/lib/libcurses.dylib,
					/usr/lib/libform.dylib,
					/usr/X11R6/lib/libSM.dylib,
					/usr/X11R6/lib/libICE.dylib,
					/usr/X11R6/lib/libX11.dylib,
					/usr/X11R6/lib/libXext.dylib,
					/usr/X11R6/lib/libXft.dylib,
					/usr/X11R6/lib/libXext.dylib,
					"-llua",
					"-lm",
					"-L/usr/local/Cellar/imlib2/1.5.1/lib",
					"-lImlib2",
					"-lcurl",
					"-lxml2",
					/usr/X11R6/lib/libXinerama.dylib,
					/usr/X11R6/lib/libXft.dylib,
					"-llua",
					"-lm",
					"-lImlib2",
					"-lcurl",
					"-lxml2",
					/usr/X11R6/lib/libXinerama.dylib,
				);
				OTHER_REZFLAGS = "";
				PRODUCT_NAME = conky;
				PROVISIONING_PROFILE_SPECIFIER = "";
				SECTORDER_FLAGS = "";
				SYMROOT = "/Users/npyl/Manage-Conky/ConkyX/conky-for-macOS/forConkyX/src";
				USE_HEADERMAP = NO;
				WARNING_CFLAGS = (
					"-Wmost",
					"-Wno-four-char-constants",
					"-Wno-unknown-pragmas",
					"$(inherited)",
				);
			};
			name = MinSizeRel;
		};
		208EFFB521EE4CD0AD46D6FB /* Release */ = {
			isa = XCBuildConfiguration;
			buildSettings = {
				COMBINE_HIDPI_IMAGES = YES;
				GCC_GENERATE_DEBUGGING_SYMBOLS = YES;
				GCC_INLINES_ARE_PRIVATE_EXTERN = NO;
				GCC_OPTIMIZATION_LEVEL = 0;
				GCC_PREPROCESSOR_DEFINITIONS = "'CMAKE_INTDIR=\"$(CONFIGURATION)$(EFFECTIVE_PLATFORM_NAME)\"'";
				GCC_SYMBOLS_PRIVATE_EXTERN = NO;
				INSTALL_PATH = "";
				OTHER_LDFLAGS = " ";
				OTHER_REZFLAGS = "";
				PRODUCT_NAME = ALL_BUILD;
				SECTORDER_FLAGS = "";
				SYMROOT = "/Users/npyl/Manage-Conky/ConkyX/conky-for-macOS/forConkyX";
				USE_HEADERMAP = NO;
				WARNING_CFLAGS = (
					"-Wmost",
					"-Wno-four-char-constants",
					"-Wno-unknown-pragmas",
					"$(inherited)",
				);
			};
			name = Release;
		};
		21FE0BF2C2184BF582257F95 /* MinSizeRel */ = {
			isa = XCBuildConfiguration;
			buildSettings = {
				COMBINE_HIDPI_IMAGES = YES;
				GCC_GENERATE_DEBUGGING_SYMBOLS = YES;
				GCC_INLINES_ARE_PRIVATE_EXTERN = NO;
				GCC_OPTIMIZATION_LEVEL = 0;
				GCC_PREPROCESSOR_DEFINITIONS = "'CMAKE_INTDIR=\"$(CONFIGURATION)$(EFFECTIVE_PLATFORM_NAME)\"'";
				GCC_SYMBOLS_PRIVATE_EXTERN = NO;
				INSTALL_PATH = "";
				OTHER_LDFLAGS = " ";
				OTHER_REZFLAGS = "";
				PRODUCT_NAME = install;
				SECTORDER_FLAGS = "";
				SYMROOT = "/Users/npyl/Manage-Conky/ConkyX/conky-for-macOS/forConkyX";
				USE_HEADERMAP = NO;
				WARNING_CFLAGS = (
					"-Wmost",
					"-Wno-four-char-constants",
					"-Wno-unknown-pragmas",
					"$(inherited)",
				);
			};
			name = MinSizeRel;
		};
		2A31D04480314AC8A1AB4888 /* Debug */ = {
			isa = XCBuildConfiguration;
			buildSettings = {
				COMBINE_HIDPI_IMAGES = YES;
				GCC_GENERATE_DEBUGGING_SYMBOLS = YES;
				GCC_INLINES_ARE_PRIVATE_EXTERN = NO;
				GCC_OPTIMIZATION_LEVEL = 0;
				GCC_PREPROCESSOR_DEFINITIONS = "'CMAKE_INTDIR=\"$(CONFIGURATION)$(EFFECTIVE_PLATFORM_NAME)\"'";
				GCC_SYMBOLS_PRIVATE_EXTERN = NO;
				INSTALL_PATH = "";
				OTHER_LDFLAGS = " ";
				OTHER_REZFLAGS = "";
				PRODUCT_NAME = package;
				SECTORDER_FLAGS = "";
				SYMROOT = "/Users/npyl/Manage-Conky/ConkyX/conky-for-macOS/forConkyX";
				USE_HEADERMAP = NO;
				WARNING_CFLAGS = (
					"-Wmost",
					"-Wno-four-char-constants",
					"-Wno-unknown-pragmas",
					"$(inherited)",
				);
			};
			name = Debug;
		};
		2E97136C43714A14BBD6935F /* Debug */ = {
			isa = XCBuildConfiguration;
			buildSettings = {
				COMBINE_HIDPI_IMAGES = YES;
				GCC_GENERATE_DEBUGGING_SYMBOLS = YES;
				GCC_INLINES_ARE_PRIVATE_EXTERN = NO;
				GCC_OPTIMIZATION_LEVEL = 0;
				GCC_PREPROCESSOR_DEFINITIONS = "'CMAKE_INTDIR=\"$(CONFIGURATION)$(EFFECTIVE_PLATFORM_NAME)\"'";
				GCC_SYMBOLS_PRIVATE_EXTERN = NO;
				INSTALL_PATH = "";
				OTHER_LDFLAGS = " ";
				OTHER_REZFLAGS = "";
				PRODUCT_NAME = install;
				SECTORDER_FLAGS = "";
				SYMROOT = "/Users/npyl/Manage-Conky/ConkyX/conky-for-macOS/forConkyX";
				USE_HEADERMAP = NO;
				WARNING_CFLAGS = (
					"-Wmost",
					"-Wno-four-char-constants",
					"-Wno-unknown-pragmas",
					"$(inherited)",
				);
			};
			name = Debug;
		};
		34341D3B47F1471B9B0A9A0A /* RelWithDebInfo */ = {
			isa = XCBuildConfiguration;
			buildSettings = {
				ONLY_ACTIVE_ARCH = YES;
				SDKROOT = /Applications/Xcode.app/Contents/Developer/Platforms/MacOSX.platform/Developer/SDKs/MacOSX10.13.sdk;
				SYMROOT = "/Users/npyl/Manage-Conky/ConkyX/conky-for-macOS/forConkyX/build";
			};
			name = RelWithDebInfo;
		};
		36FE942C8ABD432B93B4D032 /* Debug */ = {
			isa = XCBuildConfiguration;
			buildSettings = {
				COMBINE_HIDPI_IMAGES = YES;
				GCC_GENERATE_DEBUGGING_SYMBOLS = YES;
				GCC_INLINES_ARE_PRIVATE_EXTERN = NO;
				GCC_OPTIMIZATION_LEVEL = 0;
				GCC_PREPROCESSOR_DEFINITIONS = "'CMAKE_INTDIR=\"$(CONFIGURATION)$(EFFECTIVE_PLATFORM_NAME)\"'";
				GCC_SYMBOLS_PRIVATE_EXTERN = NO;
				INSTALL_PATH = "";
				OTHER_LDFLAGS = " ";
				OTHER_REZFLAGS = "";
				PRODUCT_NAME = convertconf;
				SECTORDER_FLAGS = "";
				SYMROOT = "/Users/npyl/Manage-Conky/ConkyX/conky-for-macOS/forConkyX/data";
				USE_HEADERMAP = NO;
				WARNING_CFLAGS = (
					"-Wmost",
					"-Wno-four-char-constants",
					"-Wno-unknown-pragmas",
					"$(inherited)",
				);
			};
			name = Debug;
		};
		48C0FBCF941B47329678A491 /* RelWithDebInfo */ = {
			isa = XCBuildConfiguration;
			buildSettings = {
				COMBINE_HIDPI_IMAGES = YES;
				GCC_GENERATE_DEBUGGING_SYMBOLS = YES;
				GCC_INLINES_ARE_PRIVATE_EXTERN = NO;
				GCC_OPTIMIZATION_LEVEL = 0;
				GCC_PREPROCESSOR_DEFINITIONS = "'CMAKE_INTDIR=\"$(CONFIGURATION)$(EFFECTIVE_PLATFORM_NAME)\"'";
				GCC_SYMBOLS_PRIVATE_EXTERN = NO;
				INSTALL_PATH = "";
				OTHER_LDFLAGS = " ";
				OTHER_REZFLAGS = "";
				PRODUCT_NAME = ALL_BUILD;
				SECTORDER_FLAGS = "";
				SYMROOT = "/Users/npyl/Manage-Conky/ConkyX/conky-for-macOS/forConkyX";
				USE_HEADERMAP = NO;
				WARNING_CFLAGS = (
					"-Wmost",
					"-Wno-four-char-constants",
					"-Wno-unknown-pragmas",
					"$(inherited)",
				);
			};
			name = RelWithDebInfo;
		};
		4E008111EDF943E69A4B8A9E /* Release */ = {
			isa = XCBuildConfiguration;
			buildSettings = {
				ONLY_ACTIVE_ARCH = YES;
				SDKROOT = /Applications/Xcode.app/Contents/Developer/Platforms/MacOSX.platform/Developer/SDKs/MacOSX10.13.sdk;
				SYMROOT = "/Users/npyl/Manage-Conky/ConkyX/conky-for-macOS/forConkyX/build";
			};
			name = Release;
		};
		58D52E8AA41C498AAB5E6355 /* Debug */ = {
			isa = XCBuildConfiguration;
			buildSettings = {
				COMBINE_HIDPI_IMAGES = YES;
				GCC_GENERATE_DEBUGGING_SYMBOLS = YES;
				GCC_INLINES_ARE_PRIVATE_EXTERN = NO;
				GCC_OPTIMIZATION_LEVEL = 0;
				GCC_PREPROCESSOR_DEFINITIONS = "'CMAKE_INTDIR=\"$(CONFIGURATION)$(EFFECTIVE_PLATFORM_NAME)\"'";
				GCC_SYMBOLS_PRIVATE_EXTERN = NO;
				INSTALL_PATH = "";
				OTHER_LDFLAGS = " ";
				OTHER_REZFLAGS = "";
				PRODUCT_NAME = ALL_BUILD;
				SECTORDER_FLAGS = "";
				SYMROOT = "/Users/npyl/Manage-Conky/ConkyX/conky-for-macOS/forConkyX";
				USE_HEADERMAP = NO;
				WARNING_CFLAGS = (
					"-Wmost",
					"-Wno-four-char-constants",
					"-Wno-unknown-pragmas",
					"$(inherited)",
				);
			};
			name = Debug;
		};
		5E9F64C0AD1B4383AFCDE992 /* Release */ = {
			isa = XCBuildConfiguration;
			buildSettings = {
				COMBINE_HIDPI_IMAGES = YES;
				GCC_GENERATE_DEBUGGING_SYMBOLS = YES;
				GCC_INLINES_ARE_PRIVATE_EXTERN = NO;
				GCC_OPTIMIZATION_LEVEL = 0;
				GCC_PREPROCESSOR_DEFINITIONS = "'CMAKE_INTDIR=\"$(CONFIGURATION)$(EFFECTIVE_PLATFORM_NAME)\"'";
				GCC_SYMBOLS_PRIVATE_EXTERN = NO;
				INSTALL_PATH = "";
				OTHER_LDFLAGS = " ";
				OTHER_REZFLAGS = "";
				PRODUCT_NAME = install;
				SECTORDER_FLAGS = "";
				SYMROOT = "/Users/npyl/Manage-Conky/ConkyX/conky-for-macOS/forConkyX";
				USE_HEADERMAP = NO;
				WARNING_CFLAGS = (
					"-Wmost",
					"-Wno-four-char-constants",
					"-Wno-unknown-pragmas",
					"$(inherited)",
				);
			};
			name = Release;
		};
		66D1DF9DEDA94A02A14B1576 /* RelWithDebInfo */ = {
			isa = XCBuildConfiguration;
			buildSettings = {
				COMBINE_HIDPI_IMAGES = YES;
				GCC_GENERATE_DEBUGGING_SYMBOLS = YES;
				GCC_INLINES_ARE_PRIVATE_EXTERN = NO;
				GCC_OPTIMIZATION_LEVEL = 0;
				GCC_PREPROCESSOR_DEFINITIONS = "'CMAKE_INTDIR=\"$(CONFIGURATION)$(EFFECTIVE_PLATFORM_NAME)\"'";
				GCC_SYMBOLS_PRIVATE_EXTERN = NO;
				INSTALL_PATH = "";
				OTHER_LDFLAGS = " ";
				OTHER_REZFLAGS = "";
				PRODUCT_NAME = package;
				SECTORDER_FLAGS = "";
				SYMROOT = "/Users/npyl/Manage-Conky/ConkyX/conky-for-macOS/forConkyX";
				USE_HEADERMAP = NO;
				WARNING_CFLAGS = (
					"-Wmost",
					"-Wno-four-char-constants",
					"-Wno-unknown-pragmas",
					"$(inherited)",
				);
			};
			name = RelWithDebInfo;
		};
		72798092539B495C80398758 /* RelWithDebInfo */ = {
			isa = XCBuildConfiguration;
			buildSettings = {
				COMBINE_HIDPI_IMAGES = YES;
				GCC_GENERATE_DEBUGGING_SYMBOLS = YES;
				GCC_INLINES_ARE_PRIVATE_EXTERN = NO;
				GCC_OPTIMIZATION_LEVEL = 0;
				GCC_PREPROCESSOR_DEFINITIONS = "'CMAKE_INTDIR=\"$(CONFIGURATION)$(EFFECTIVE_PLATFORM_NAME)\"'";
				GCC_SYMBOLS_PRIVATE_EXTERN = NO;
				INSTALL_PATH = "";
				OTHER_LDFLAGS = " ";
				OTHER_REZFLAGS = "";
				PRODUCT_NAME = defconfig;
				SECTORDER_FLAGS = "";
				SYMROOT = "/Users/npyl/Manage-Conky/ConkyX/conky-for-macOS/forConkyX/data";
				USE_HEADERMAP = NO;
				WARNING_CFLAGS = (
					"-Wmost",
					"-Wno-four-char-constants",
					"-Wno-unknown-pragmas",
					"$(inherited)",
				);
			};
			name = RelWithDebInfo;
		};
		87A3685BCBA044BDA88A1B02 /* Release */ = {
			isa = XCBuildConfiguration;
			buildSettings = {
				COMBINE_HIDPI_IMAGES = YES;
				GCC_GENERATE_DEBUGGING_SYMBOLS = YES;
				GCC_INLINES_ARE_PRIVATE_EXTERN = NO;
				GCC_OPTIMIZATION_LEVEL = 0;
				GCC_PREPROCESSOR_DEFINITIONS = "'CMAKE_INTDIR=\"$(CONFIGURATION)$(EFFECTIVE_PLATFORM_NAME)\"'";
				GCC_SYMBOLS_PRIVATE_EXTERN = NO;
				INSTALL_PATH = "";
				OTHER_LDFLAGS = " ";
				OTHER_REZFLAGS = "";
				PRODUCT_NAME = defconfig;
				SECTORDER_FLAGS = "";
				SYMROOT = "/Users/npyl/Manage-Conky/ConkyX/conky-for-macOS/forConkyX/data";
				USE_HEADERMAP = NO;
				WARNING_CFLAGS = (
					"-Wmost",
					"-Wno-four-char-constants",
					"-Wno-unknown-pragmas",
					"$(inherited)",
				);
			};
			name = Release;
		};
		899D681E4E8C45B8AB9F11C1 /* Debug */ = {
			isa = XCBuildConfiguration;
			buildSettings = {
				COMBINE_HIDPI_IMAGES = YES;
				GCC_GENERATE_DEBUGGING_SYMBOLS = YES;
				GCC_INLINES_ARE_PRIVATE_EXTERN = NO;
				GCC_OPTIMIZATION_LEVEL = 0;
				GCC_PREPROCESSOR_DEFINITIONS = "'CMAKE_INTDIR=\"$(CONFIGURATION)$(EFFECTIVE_PLATFORM_NAME)\"'";
				GCC_SYMBOLS_PRIVATE_EXTERN = NO;
				INSTALL_PATH = "";
				OTHER_LDFLAGS = " ";
				OTHER_REZFLAGS = "";
				PRODUCT_NAME = ZERO_CHECK;
				SECTORDER_FLAGS = "";
				SYMROOT = "/Users/npyl/Manage-Conky/ConkyX/conky-for-macOS/forConkyX";
				USE_HEADERMAP = NO;
				WARNING_CFLAGS = (
					"-Wmost",
					"-Wno-four-char-constants",
					"-Wno-unknown-pragmas",
					"$(inherited)",
				);
			};
			name = Debug;
		};
		89F8BD0E1A324E85A20FD726 /* RelWithDebInfo */ = {
			isa = XCBuildConfiguration;
			buildSettings = {
				COMBINE_HIDPI_IMAGES = YES;
				GCC_GENERATE_DEBUGGING_SYMBOLS = YES;
				GCC_INLINES_ARE_PRIVATE_EXTERN = NO;
				GCC_OPTIMIZATION_LEVEL = 0;
				GCC_PREPROCESSOR_DEFINITIONS = "'CMAKE_INTDIR=\"$(CONFIGURATION)$(EFFECTIVE_PLATFORM_NAME)\"'";
				GCC_SYMBOLS_PRIVATE_EXTERN = NO;
				INSTALL_PATH = "";
				OTHER_LDFLAGS = " ";
				OTHER_REZFLAGS = "";
				PRODUCT_NAME = ZERO_CHECK;
				SECTORDER_FLAGS = "";
				SYMROOT = "/Users/npyl/Manage-Conky/ConkyX/conky-for-macOS/forConkyX";
				USE_HEADERMAP = NO;
				WARNING_CFLAGS = (
					"-Wmost",
					"-Wno-four-char-constants",
					"-Wno-unknown-pragmas",
					"$(inherited)",
				);
			};
			name = RelWithDebInfo;
		};
		8CECE594B6D3480F9001FA85 /* Release */ = {
			isa = XCBuildConfiguration;
			buildSettings = {
				COMBINE_HIDPI_IMAGES = YES;
				GCC_GENERATE_DEBUGGING_SYMBOLS = YES;
				GCC_INLINES_ARE_PRIVATE_EXTERN = NO;
				GCC_OPTIMIZATION_LEVEL = 0;
				GCC_PREPROCESSOR_DEFINITIONS = "'CMAKE_INTDIR=\"$(CONFIGURATION)$(EFFECTIVE_PLATFORM_NAME)\"'";
				GCC_SYMBOLS_PRIVATE_EXTERN = NO;
				INSTALL_PATH = "";
				OTHER_LDFLAGS = " ";
				OTHER_REZFLAGS = "";
				PRODUCT_NAME = package;
				SECTORDER_FLAGS = "";
				SYMROOT = "/Users/npyl/Manage-Conky/ConkyX/conky-for-macOS/forConkyX";
				USE_HEADERMAP = NO;
				WARNING_CFLAGS = (
					"-Wmost",
					"-Wno-four-char-constants",
					"-Wno-unknown-pragmas",
					"$(inherited)",
				);
			};
			name = Release;
		};
		9F404D8F5ADC4B2482494EC1 /* MinSizeRel */ = {
			isa = XCBuildConfiguration;
			buildSettings = {
				COMBINE_HIDPI_IMAGES = YES;
				GCC_GENERATE_DEBUGGING_SYMBOLS = YES;
				GCC_INLINES_ARE_PRIVATE_EXTERN = NO;
				GCC_OPTIMIZATION_LEVEL = 0;
				GCC_PREPROCESSOR_DEFINITIONS = "'CMAKE_INTDIR=\"$(CONFIGURATION)$(EFFECTIVE_PLATFORM_NAME)\"'";
				GCC_SYMBOLS_PRIVATE_EXTERN = NO;
				INSTALL_PATH = "";
				OTHER_LDFLAGS = " ";
				OTHER_REZFLAGS = "";
				PRODUCT_NAME = convertconf;
				SECTORDER_FLAGS = "";
				SYMROOT = "/Users/npyl/Manage-Conky/ConkyX/conky-for-macOS/forConkyX/data";
				USE_HEADERMAP = NO;
				WARNING_CFLAGS = (
					"-Wmost",
					"-Wno-four-char-constants",
					"-Wno-unknown-pragmas",
					"$(inherited)",
				);
			};
			name = MinSizeRel;
		};
		A8453F7DBAC44587A37F4319 /* Debug */ = {
			isa = XCBuildConfiguration;
			buildSettings = {
				CODE_SIGN_IDENTITY = "Mac Developer";
				CODE_SIGN_STYLE = Automatic;
				COMBINE_HIDPI_IMAGES = YES;
				DEVELOPMENT_TEAM = CC63MSFH9N;
				EXECUTABLE_PREFIX = "";
				EXECUTABLE_SUFFIX = "";
				GCC_GENERATE_DEBUGGING_SYMBOLS = YES;
				GCC_INLINES_ARE_PRIVATE_EXTERN = NO;
				GCC_OPTIMIZATION_LEVEL = 0;
				GCC_PREPROCESSOR_DEFINITIONS = "'CMAKE_INTDIR=\"$(CONFIGURATION)$(EFFECTIVE_PLATFORM_NAME)\"'";
				GCC_SYMBOLS_PRIVATE_EXTERN = NO;
				HEADER_SEARCH_PATHS = (
					/usr/local/include,
					"/Users/npyl/Manage-Conky/ConkyX/conky-for-macOS/forConkyX",
					/usr/X11R6/include,
					/usr/local/include/freetype2,
					/usr/local/include/lua,
					/usr/include/libxml2,
					"/Users/npyl/Manage-Conky/ConkyX/conky-for-macOS/forConkyX/data",
				);
				INSTALL_PATH = "";
				LD_RUNPATH_SEARCH_PATHS = /usr/local/lib;
				LIBRARY_SEARCH_PATHS = (
					"/usr/local/lib/$(CONFIGURATION)$(EFFECTIVE_PLATFORM_NAME)",
					/usr/local/lib,
				);
				OTHER_CPLUSPLUSFLAGS = (
					"-std=c++17",
					"'-std=gnu++1z'",
				);
				OTHER_LDFLAGS = (
					"-Wl,-search_paths_first",
					"-Wl,-headerpad_max_install_names",
					/usr/local/lib/libintl.dylib,
					"-lncurses",
					"-lm",
					/usr/lib/libcurses.dylib,
					/usr/lib/libform.dylib,
					/usr/X11R6/lib/libSM.dylib,
					/usr/X11R6/lib/libICE.dylib,
					/usr/X11R6/lib/libX11.dylib,
					/usr/X11R6/lib/libXext.dylib,
					/usr/X11R6/lib/libXft.dylib,
					/usr/X11R6/lib/libXext.dylib,
					"-llua",
					"-lm",
					"-L/usr/local/Cellar/imlib2/1.5.1/lib",
					"-lImlib2",
					"-lcurl",
					"-lxml2",
					/usr/X11R6/lib/libXinerama.dylib,
					/usr/X11R6/lib/libXft.dylib,
					"-llua",
					"-lm",
					"-lImlib2",
					"-lcurl",
					"-lxml2",
					/usr/X11R6/lib/libXinerama.dylib,
				);
				OTHER_REZFLAGS = "";
				PRODUCT_NAME = conky;
				PROVISIONING_PROFILE_SPECIFIER = "";
				SECTORDER_FLAGS = "";
				SYMROOT = "/Users/npyl/Manage-Conky/ConkyX/conky-for-macOS/forConkyX/src";
				USE_HEADERMAP = NO;
				WARNING_CFLAGS = (
					"-Wmost",
					"-Wno-four-char-constants",
					"-Wno-unknown-pragmas",
					"$(inherited)",
				);
			};
			name = Debug;
		};
		BBDA292CEC9F48A7822F7C67 /* Debug */ = {
			isa = XCBuildConfiguration;
			buildSettings = {
				COMBINE_HIDPI_IMAGES = YES;
				GCC_GENERATE_DEBUGGING_SYMBOLS = YES;
				GCC_INLINES_ARE_PRIVATE_EXTERN = NO;
				GCC_OPTIMIZATION_LEVEL = 0;
				GCC_PREPROCESSOR_DEFINITIONS = "'CMAKE_INTDIR=\"$(CONFIGURATION)$(EFFECTIVE_PLATFORM_NAME)\"'";
				GCC_SYMBOLS_PRIVATE_EXTERN = NO;
				INSTALL_PATH = "";
				OTHER_LDFLAGS = " ";
				OTHER_REZFLAGS = "";
				PRODUCT_NAME = defconfig;
				SECTORDER_FLAGS = "";
				SYMROOT = "/Users/npyl/Manage-Conky/ConkyX/conky-for-macOS/forConkyX/data";
				USE_HEADERMAP = NO;
				WARNING_CFLAGS = (
					"-Wmost",
					"-Wno-four-char-constants",
					"-Wno-unknown-pragmas",
					"$(inherited)",
				);
			};
			name = Debug;
		};
		BCE2E674C7004CE4BFE22485 /* MinSizeRel */ = {
			isa = XCBuildConfiguration;
			buildSettings = {
				ONLY_ACTIVE_ARCH = YES;
				SDKROOT = /Applications/Xcode.app/Contents/Developer/Platforms/MacOSX.platform/Developer/SDKs/MacOSX10.13.sdk;
				SYMROOT = "/Users/npyl/Manage-Conky/ConkyX/conky-for-macOS/forConkyX/build";
			};
			name = MinSizeRel;
		};
		C8101CD8ED8C40E0B3213FB4 /* Release */ = {
			isa = XCBuildConfiguration;
			buildSettings = {
				CODE_SIGN_IDENTITY = "Mac Developer";
				CODE_SIGN_STYLE = Automatic;
				COMBINE_HIDPI_IMAGES = YES;
				DEVELOPMENT_TEAM = CC63MSFH9N;
				EXECUTABLE_PREFIX = "";
				EXECUTABLE_SUFFIX = "";
				GCC_GENERATE_DEBUGGING_SYMBOLS = NO;
				GCC_INLINES_ARE_PRIVATE_EXTERN = NO;
				GCC_OPTIMIZATION_LEVEL = 3;
				GCC_PREPROCESSOR_DEFINITIONS = "'CMAKE_INTDIR=\"$(CONFIGURATION)$(EFFECTIVE_PLATFORM_NAME)\"'";
				GCC_SYMBOLS_PRIVATE_EXTERN = NO;
				HEADER_SEARCH_PATHS = (
					/usr/local/include,
					"/Users/npyl/Manage-Conky/ConkyX/conky-for-macOS/forConkyX",
					/usr/X11R6/include,
					/usr/local/include/freetype2,
					/usr/local/include/lua,
					/usr/include/libxml2,
					"/Users/npyl/Manage-Conky/ConkyX/conky-for-macOS/forConkyX/data",
				);
				INSTALL_PATH = "";
				LD_RUNPATH_SEARCH_PATHS = /usr/local/lib;
				LIBRARY_SEARCH_PATHS = (
					"/usr/local/lib/$(CONFIGURATION)$(EFFECTIVE_PLATFORM_NAME)",
					/usr/local/lib,
				);
				OTHER_CPLUSPLUSFLAGS = (
					"-std=c++17",
					"-DNDEBUG",
					"'-std=gnu++1z'",
				);
				OTHER_LDFLAGS = (
					"-Wl,-search_paths_first",
					"-Wl,-headerpad_max_install_names",
					/usr/local/lib/libintl.dylib,
					"-lncurses",
					"-lm",
					/usr/lib/libcurses.dylib,
					/usr/lib/libform.dylib,
					/usr/X11R6/lib/libSM.dylib,
					/usr/X11R6/lib/libICE.dylib,
					/usr/X11R6/lib/libX11.dylib,
					/usr/X11R6/lib/libXext.dylib,
					/usr/X11R6/lib/libXft.dylib,
					/usr/X11R6/lib/libXext.dylib,
					"-llua",
					"-lm",
					"-L/usr/local/Cellar/imlib2/1.5.1/lib",
					"-lImlib2",
					"-lcurl",
					"-lxml2",
					/usr/X11R6/lib/libXinerama.dylib,
					/usr/X11R6/lib/libXft.dylib,
					"-llua",
					"-lm",
					"-lImlib2",
					"-lcurl",
					"-lxml2",
					/usr/X11R6/lib/libXinerama.dylib,
				);
				OTHER_REZFLAGS = "";
				PRODUCT_NAME = conky;
				PROVISIONING_PROFILE_SPECIFIER = "";
				SECTORDER_FLAGS = "";
				SYMROOT = "/Users/npyl/Manage-Conky/ConkyX/conky-for-macOS/forConkyX/src";
				USE_HEADERMAP = NO;
				WARNING_CFLAGS = (
					"-Wmost",
					"-Wno-four-char-constants",
					"-Wno-unknown-pragmas",
					"$(inherited)",
				);
			};
			name = Release;
		};
		C940E72043DB42FA9B9CF2A6 /* MinSizeRel */ = {
			isa = XCBuildConfiguration;
			buildSettings = {
				COMBINE_HIDPI_IMAGES = YES;
				GCC_GENERATE_DEBUGGING_SYMBOLS = YES;
				GCC_INLINES_ARE_PRIVATE_EXTERN = NO;
				GCC_OPTIMIZATION_LEVEL = 0;
				GCC_PREPROCESSOR_DEFINITIONS = "'CMAKE_INTDIR=\"$(CONFIGURATION)$(EFFECTIVE_PLATFORM_NAME)\"'";
				GCC_SYMBOLS_PRIVATE_EXTERN = NO;
				INSTALL_PATH = "";
				OTHER_LDFLAGS = " ";
				OTHER_REZFLAGS = "";
				PRODUCT_NAME = ALL_BUILD;
				SECTORDER_FLAGS = "";
				SYMROOT = "/Users/npyl/Manage-Conky/ConkyX/conky-for-macOS/forConkyX";
				USE_HEADERMAP = NO;
				WARNING_CFLAGS = (
					"-Wmost",
					"-Wno-four-char-constants",
					"-Wno-unknown-pragmas",
					"$(inherited)",
				);
			};
			name = MinSizeRel;
		};
		D2F4C7C7BFF84E53B59D9E09 /* MinSizeRel */ = {
			isa = XCBuildConfiguration;
			buildSettings = {
				COMBINE_HIDPI_IMAGES = YES;
				GCC_GENERATE_DEBUGGING_SYMBOLS = YES;
				GCC_INLINES_ARE_PRIVATE_EXTERN = NO;
				GCC_OPTIMIZATION_LEVEL = 0;
				GCC_PREPROCESSOR_DEFINITIONS = "'CMAKE_INTDIR=\"$(CONFIGURATION)$(EFFECTIVE_PLATFORM_NAME)\"'";
				GCC_SYMBOLS_PRIVATE_EXTERN = NO;
				INSTALL_PATH = "";
				OTHER_LDFLAGS = " ";
				OTHER_REZFLAGS = "";
				PRODUCT_NAME = package;
				SECTORDER_FLAGS = "";
				SYMROOT = "/Users/npyl/Manage-Conky/ConkyX/conky-for-macOS/forConkyX";
				USE_HEADERMAP = NO;
				WARNING_CFLAGS = (
					"-Wmost",
					"-Wno-four-char-constants",
					"-Wno-unknown-pragmas",
					"$(inherited)",
				);
			};
			name = MinSizeRel;
		};
		D923212621FA499A8F02DD3E /* Debug */ = {
			isa = XCBuildConfiguration;
			buildSettings = {
				ONLY_ACTIVE_ARCH = YES;
				SDKROOT = /Applications/Xcode.app/Contents/Developer/Platforms/MacOSX.platform/Developer/SDKs/MacOSX10.13.sdk;
				SYMROOT = "/Users/npyl/Manage-Conky/ConkyX/conky-for-macOS/forConkyX/build";
			};
			name = Debug;
		};
		E1E7090A0C134D868A402787 /* RelWithDebInfo */ = {
			isa = XCBuildConfiguration;
			buildSettings = {
				CODE_SIGN_IDENTITY = "Mac Developer";
				CODE_SIGN_STYLE = Automatic;
				COMBINE_HIDPI_IMAGES = YES;
				DEVELOPMENT_TEAM = CC63MSFH9N;
				EXECUTABLE_PREFIX = "";
				EXECUTABLE_SUFFIX = "";
				GCC_GENERATE_DEBUGGING_SYMBOLS = YES;
				GCC_INLINES_ARE_PRIVATE_EXTERN = NO;
				GCC_OPTIMIZATION_LEVEL = 2;
				GCC_PREPROCESSOR_DEFINITIONS = "'CMAKE_INTDIR=\"$(CONFIGURATION)$(EFFECTIVE_PLATFORM_NAME)\"'";
				GCC_SYMBOLS_PRIVATE_EXTERN = NO;
				HEADER_SEARCH_PATHS = (
					/usr/local/include,
					"/Users/npyl/Manage-Conky/ConkyX/conky-for-macOS/forConkyX",
					/usr/X11R6/include,
					/usr/local/include/freetype2,
					/usr/local/include/lua,
					/usr/include/libxml2,
					"/Users/npyl/Manage-Conky/ConkyX/conky-for-macOS/forConkyX/data",
				);
				INSTALL_PATH = "";
				LD_RUNPATH_SEARCH_PATHS = /usr/local/lib;
				LIBRARY_SEARCH_PATHS = (
					"/usr/local/lib/$(CONFIGURATION)$(EFFECTIVE_PLATFORM_NAME)",
					/usr/local/lib,
				);
				OTHER_CPLUSPLUSFLAGS = (
					"-std=c++17",
					"-DNDEBUG",
					"'-std=gnu++1z'",
				);
				OTHER_LDFLAGS = (
					"-Wl,-search_paths_first",
					"-Wl,-headerpad_max_install_names",
					/usr/local/lib/libintl.dylib,
					"-lncurses",
					"-lm",
					/usr/lib/libcurses.dylib,
					/usr/lib/libform.dylib,
					/usr/X11R6/lib/libSM.dylib,
					/usr/X11R6/lib/libICE.dylib,
					/usr/X11R6/lib/libX11.dylib,
					/usr/X11R6/lib/libXext.dylib,
					/usr/X11R6/lib/libXft.dylib,
					/usr/X11R6/lib/libXext.dylib,
					"-llua",
					"-lm",
					"-L/usr/local/Cellar/imlib2/1.5.1/lib",
					"-lImlib2",
					"-lcurl",
					"-lxml2",
					/usr/X11R6/lib/libXinerama.dylib,
					/usr/X11R6/lib/libXft.dylib,
					"-llua",
					"-lm",
					"-lImlib2",
					"-lcurl",
					"-lxml2",
					/usr/X11R6/lib/libXinerama.dylib,
				);
				OTHER_REZFLAGS = "";
				PRODUCT_NAME = conky;
				PROVISIONING_PROFILE_SPECIFIER = "";
				SECTORDER_FLAGS = "";
				SYMROOT = "/Users/npyl/Manage-Conky/ConkyX/conky-for-macOS/forConkyX/src";
				USE_HEADERMAP = NO;
				WARNING_CFLAGS = (
					"-Wmost",
					"-Wno-four-char-constants",
					"-Wno-unknown-pragmas",
					"$(inherited)",
				);
			};
			name = RelWithDebInfo;
		};
		E4B13C923DF0493CA72F585D /* MinSizeRel */ = {
			isa = XCBuildConfiguration;
			buildSettings = {
				COMBINE_HIDPI_IMAGES = YES;
				GCC_GENERATE_DEBUGGING_SYMBOLS = YES;
				GCC_INLINES_ARE_PRIVATE_EXTERN = NO;
				GCC_OPTIMIZATION_LEVEL = 0;
				GCC_PREPROCESSOR_DEFINITIONS = "'CMAKE_INTDIR=\"$(CONFIGURATION)$(EFFECTIVE_PLATFORM_NAME)\"'";
				GCC_SYMBOLS_PRIVATE_EXTERN = NO;
				INSTALL_PATH = "";
				OTHER_LDFLAGS = " ";
				OTHER_REZFLAGS = "";
				PRODUCT_NAME = defconfig;
				SECTORDER_FLAGS = "";
				SYMROOT = "/Users/npyl/Manage-Conky/ConkyX/conky-for-macOS/forConkyX/data";
				USE_HEADERMAP = NO;
				WARNING_CFLAGS = (
					"-Wmost",
					"-Wno-four-char-constants",
					"-Wno-unknown-pragmas",
					"$(inherited)",
				);
			};
			name = MinSizeRel;
		};
		E8655E84C04549BCA5C27D4B /* Release */ = {
			isa = XCBuildConfiguration;
			buildSettings = {
				COMBINE_HIDPI_IMAGES = YES;
				GCC_GENERATE_DEBUGGING_SYMBOLS = YES;
				GCC_INLINES_ARE_PRIVATE_EXTERN = NO;
				GCC_OPTIMIZATION_LEVEL = 0;
				GCC_PREPROCESSOR_DEFINITIONS = "'CMAKE_INTDIR=\"$(CONFIGURATION)$(EFFECTIVE_PLATFORM_NAME)\"'";
				GCC_SYMBOLS_PRIVATE_EXTERN = NO;
				INSTALL_PATH = "";
				OTHER_LDFLAGS = " ";
				OTHER_REZFLAGS = "";
				PRODUCT_NAME = ZERO_CHECK;
				SECTORDER_FLAGS = "";
				SYMROOT = "/Users/npyl/Manage-Conky/ConkyX/conky-for-macOS/forConkyX";
				USE_HEADERMAP = NO;
				WARNING_CFLAGS = (
					"-Wmost",
					"-Wno-four-char-constants",
					"-Wno-unknown-pragmas",
					"$(inherited)",
				);
			};
			name = Release;
		};
		F1D1A42194B149D8BE6E4C9E /* RelWithDebInfo */ = {
			isa = XCBuildConfiguration;
			buildSettings = {
				COMBINE_HIDPI_IMAGES = YES;
				GCC_GENERATE_DEBUGGING_SYMBOLS = YES;
				GCC_INLINES_ARE_PRIVATE_EXTERN = NO;
				GCC_OPTIMIZATION_LEVEL = 0;
				GCC_PREPROCESSOR_DEFINITIONS = "'CMAKE_INTDIR=\"$(CONFIGURATION)$(EFFECTIVE_PLATFORM_NAME)\"'";
				GCC_SYMBOLS_PRIVATE_EXTERN = NO;
				INSTALL_PATH = "";
				OTHER_LDFLAGS = " ";
				OTHER_REZFLAGS = "";
				PRODUCT_NAME = convertconf;
				SECTORDER_FLAGS = "";
				SYMROOT = "/Users/npyl/Manage-Conky/ConkyX/conky-for-macOS/forConkyX/data";
				USE_HEADERMAP = NO;
				WARNING_CFLAGS = (
					"-Wmost",
					"-Wno-four-char-constants",
					"-Wno-unknown-pragmas",
					"$(inherited)",
				);
			};
			name = RelWithDebInfo;
		};
		F25912633F8343908569F520 /* MinSizeRel */ = {
			isa = XCBuildConfiguration;
			buildSettings = {
				COMBINE_HIDPI_IMAGES = YES;
				GCC_GENERATE_DEBUGGING_SYMBOLS = YES;
				GCC_INLINES_ARE_PRIVATE_EXTERN = NO;
				GCC_OPTIMIZATION_LEVEL = 0;
				GCC_PREPROCESSOR_DEFINITIONS = "'CMAKE_INTDIR=\"$(CONFIGURATION)$(EFFECTIVE_PLATFORM_NAME)\"'";
				GCC_SYMBOLS_PRIVATE_EXTERN = NO;
				INSTALL_PATH = "";
				OTHER_LDFLAGS = " ";
				OTHER_REZFLAGS = "";
				PRODUCT_NAME = ZERO_CHECK;
				SECTORDER_FLAGS = "";
				SYMROOT = "/Users/npyl/Manage-Conky/ConkyX/conky-for-macOS/forConkyX";
				USE_HEADERMAP = NO;
				WARNING_CFLAGS = (
					"-Wmost",
					"-Wno-four-char-constants",
					"-Wno-unknown-pragmas",
					"$(inherited)",
				);
			};
			name = MinSizeRel;
		};
		F4C2C0F90E9644F995A6BF12 /* RelWithDebInfo */ = {
			isa = XCBuildConfiguration;
			buildSettings = {
				COMBINE_HIDPI_IMAGES = YES;
				GCC_GENERATE_DEBUGGING_SYMBOLS = YES;
				GCC_INLINES_ARE_PRIVATE_EXTERN = NO;
				GCC_OPTIMIZATION_LEVEL = 0;
				GCC_PREPROCESSOR_DEFINITIONS = "'CMAKE_INTDIR=\"$(CONFIGURATION)$(EFFECTIVE_PLATFORM_NAME)\"'";
				GCC_SYMBOLS_PRIVATE_EXTERN = NO;
				INSTALL_PATH = "";
				OTHER_LDFLAGS = " ";
				OTHER_REZFLAGS = "";
				PRODUCT_NAME = install;
				SECTORDER_FLAGS = "";
				SYMROOT = "/Users/npyl/Manage-Conky/ConkyX/conky-for-macOS/forConkyX";
				USE_HEADERMAP = NO;
				WARNING_CFLAGS = (
					"-Wmost",
					"-Wno-four-char-constants",
					"-Wno-unknown-pragmas",
					"$(inherited)",
				);
			};
			name = RelWithDebInfo;
		};
/* End XCBuildConfiguration section */

/* Begin XCConfigurationList section */
		16482D3A036F417788DD7809 /* Build configuration list for PBXAggregateTarget "defconfig" */ = {
			isa = XCConfigurationList;
			buildConfigurations = (
				BBDA292CEC9F48A7822F7C67 /* Debug */,
				87A3685BCBA044BDA88A1B02 /* Release */,
				E4B13C923DF0493CA72F585D /* MinSizeRel */,
				72798092539B495C80398758 /* RelWithDebInfo */,
			);
			defaultConfigurationIsVisible = 0;
			defaultConfigurationName = Debug;
		};
		6F6D78E198C245DD96885315 /* Build configuration list for PBXProject "conky" */ = {
			isa = XCConfigurationList;
			buildConfigurations = (
				D923212621FA499A8F02DD3E /* Debug */,
				4E008111EDF943E69A4B8A9E /* Release */,
				BCE2E674C7004CE4BFE22485 /* MinSizeRel */,
				34341D3B47F1471B9B0A9A0A /* RelWithDebInfo */,
			);
			defaultConfigurationIsVisible = 0;
			defaultConfigurationName = Debug;
		};
		727B979DD3E54E2D9DE4931D /* Build configuration list for PBXAggregateTarget "ZERO_CHECK" */ = {
			isa = XCConfigurationList;
			buildConfigurations = (
				899D681E4E8C45B8AB9F11C1 /* Debug */,
				E8655E84C04549BCA5C27D4B /* Release */,
				F25912633F8343908569F520 /* MinSizeRel */,
				89F8BD0E1A324E85A20FD726 /* RelWithDebInfo */,
			);
			defaultConfigurationIsVisible = 0;
			defaultConfigurationName = Debug;
		};
		9D8B0A9C6BB646E6BA3EEDAE /* Build configuration list for PBXAggregateTarget "package" */ = {
			isa = XCConfigurationList;
			buildConfigurations = (
				2A31D04480314AC8A1AB4888 /* Debug */,
				8CECE594B6D3480F9001FA85 /* Release */,
				D2F4C7C7BFF84E53B59D9E09 /* MinSizeRel */,
				66D1DF9DEDA94A02A14B1576 /* RelWithDebInfo */,
			);
			defaultConfigurationIsVisible = 0;
			defaultConfigurationName = Debug;
		};
		B350616359914AB79F71C6E9 /* Build configuration list for PBXNativeTarget "conky" */ = {
			isa = XCConfigurationList;
			buildConfigurations = (
				A8453F7DBAC44587A37F4319 /* Debug */,
				C8101CD8ED8C40E0B3213FB4 /* Release */,
				1C9CBC2AD135401EA649B41D /* MinSizeRel */,
				E1E7090A0C134D868A402787 /* RelWithDebInfo */,
			);
			defaultConfigurationIsVisible = 0;
			defaultConfigurationName = Debug;
		};
		DCC8A01B90B54BA4A0387635 /* Build configuration list for PBXAggregateTarget "ALL_BUILD" */ = {
			isa = XCConfigurationList;
			buildConfigurations = (
				58D52E8AA41C498AAB5E6355 /* Debug */,
				208EFFB521EE4CD0AD46D6FB /* Release */,
				C940E72043DB42FA9B9CF2A6 /* MinSizeRel */,
				48C0FBCF941B47329678A491 /* RelWithDebInfo */,
			);
			defaultConfigurationIsVisible = 0;
			defaultConfigurationName = Debug;
		};
		F5573302673741B5B5E52992 /* Build configuration list for PBXAggregateTarget "install" */ = {
			isa = XCConfigurationList;
			buildConfigurations = (
				2E97136C43714A14BBD6935F /* Debug */,
				5E9F64C0AD1B4383AFCDE992 /* Release */,
				21FE0BF2C2184BF582257F95 /* MinSizeRel */,
				F4C2C0F90E9644F995A6BF12 /* RelWithDebInfo */,
			);
			defaultConfigurationIsVisible = 0;
			defaultConfigurationName = Debug;
		};
		FA705BBB790A4AFAB4F360EE /* Build configuration list for PBXAggregateTarget "convertconf" */ = {
			isa = XCConfigurationList;
			buildConfigurations = (
				36FE942C8ABD432B93B4D032 /* Debug */,
				0BE52285258B4122B2A04699 /* Release */,
				9F404D8F5ADC4B2482494EC1 /* MinSizeRel */,
				F1D1A42194B149D8BE6E4C9E /* RelWithDebInfo */,
			);
			defaultConfigurationIsVisible = 0;
			defaultConfigurationName = Debug;
		};
/* End XCConfigurationList section */
	};
	rootObject = 3F2069D32EA7431AAC0325C9 /* Project object */;
}
